{
  "version": 4,
  "terraform_version": "1.2.7",
  "serial": 684,
  "lineage": "4f48c181-adab-2fb9-c006-a911040cb062",
  "outputs": {
    "bastion_host_public_ip": {
      "value": "34.234.223.163",
      "type": "string"
    },
    "clusterlb_pubip": {
      "value": [
        "35.171.133.141"
      ],
      "type": [
        "tuple",
        [
          "string"
        ]
      ]
    },
    "jenkins_lb_dns": {
      "value": "jenkins-lb-1654825889.us-east-1.elb.amazonaws.com",
      "type": "string"
    },
    "k8s_alb-dns": {
      "value": "k8s-alb-709955358.us-east-1.elb.amazonaws.com",
      "type": "string"
    },
    "masters-ips": {
      "value": [
        "10.0.1.131",
        "10.0.2.71",
        "10.0.3.64"
      ],
      "type": [
        "tuple",
        [
          "string",
          "string",
          "string"
        ]
      ]
    },
    "workers-ips": {
      "value": [
        "10.0.1.90",
        "10.0.2.221",
        "10.0.3.17"
      ],
      "type": [
        "tuple",
        [
          "string",
          "string",
          "string"
        ]
      ]
    }
  },
  "resources": [
    {
      "mode": "managed",
      "type": "aws_elb",
      "name": "jenkins-lb",
      "provider": "provider[\"registry.terraform.io/hashicorp/aws\"]",
      "instances": [
        {
          "schema_version": 0,
          "attributes": {
            "access_logs": [],
            "arn": "arn:aws:elasticloadbalancing:us-east-1:539507529953:loadbalancer/jenkins-lb",
            "availability_zones": [
              "us-east-1a",
              "us-east-1b",
              "us-east-1c"
            ],
            "connection_draining": true,
            "connection_draining_timeout": 400,
            "cross_zone_load_balancing": true,
            "desync_mitigation_mode": "defensive",
            "dns_name": "jenkins-lb-1654825889.us-east-1.elb.amazonaws.com",
            "health_check": [
              {
                "healthy_threshold": 2,
                "interval": 30,
                "target": "TCP:8080",
                "timeout": 3,
                "unhealthy_threshold": 2
              }
            ],
            "id": "jenkins-lb",
            "idle_timeout": 400,
            "instances": [
              "i-0b60b54040d2661d8"
            ],
            "internal": false,
            "listener": [
              {
                "instance_port": 8080,
                "instance_protocol": "http",
                "lb_port": 80,
                "lb_protocol": "http",
                "ssl_certificate_id": ""
              }
            ],
            "name": "jenkins-lb",
            "name_prefix": null,
            "security_groups": [
              "sg-0afe7b6f3ab457f78"
            ],
            "source_security_group": "539507529953/jenkins_lbSG",
            "source_security_group_id": "sg-0afe7b6f3ab457f78",
            "subnets": [
              "subnet-051cc2970255ef08b",
              "subnet-082981d8389f13cf7",
              "subnet-0a8ee23aa0be61c19"
            ],
            "tags": {
              "Name": "jenkins-lb"
            },
            "tags_all": {
              "Name": "jenkins-lb"
            },
            "zone_id": "Z35SXDOTRQ7X7K"
          },
          "sensitive_attributes": [],
          "private": "bnVsbA==",
          "dependencies": [
            "aws_instance.Jenkins",
            "aws_key_pair.k8_ssh",
            "aws_security_group.Jenkins_SG",
            "aws_security_group.jenkins_lbSG",
            "module.vpc.aws_subnet.private",
            "module.vpc.aws_subnet.public"
          ]
        }
      ]
    },
    {
      "mode": "managed",
      "type": "aws_instance",
      "name": "Jenkins",
      "provider": "provider[\"registry.terraform.io/hashicorp/aws\"]",
      "instances": [
        {
          "schema_version": 1,
          "attributes": {
            "ami": "ami-08e637cea2f053dfa",
            "arn": "arn:aws:ec2:us-east-1:539507529953:instance/i-0b60b54040d2661d8",
            "associate_public_ip_address": false,
            "availability_zone": "us-east-1a",
            "capacity_reservation_specification": [
              {
                "capacity_reservation_preference": "open",
                "capacity_reservation_target": []
              }
            ],
            "cpu_core_count": 2,
            "cpu_threads_per_core": 1,
            "credit_specification": [
              {
                "cpu_credits": "standard"
              }
            ],
            "disable_api_stop": false,
            "disable_api_termination": false,
            "ebs_block_device": [],
            "ebs_optimized": false,
            "enclave_options": [
              {
                "enabled": false
              }
            ],
            "ephemeral_block_device": [],
            "get_password_data": false,
            "hibernation": false,
            "host_id": null,
            "host_resource_group_arn": null,
            "iam_instance_profile": "",
            "id": "i-0b60b54040d2661d8",
            "instance_initiated_shutdown_behavior": "stop",
            "instance_state": "running",
            "instance_type": "t2.medium",
            "ipv6_address_count": 0,
            "ipv6_addresses": [],
            "key_name": "k8_ssh",
            "launch_template": [],
            "maintenance_options": [
              {
                "auto_recovery": "default"
              }
            ],
            "metadata_options": [
              {
                "http_endpoint": "enabled",
                "http_put_response_hop_limit": 1,
                "http_tokens": "optional",
                "instance_metadata_tags": "disabled"
              }
            ],
            "monitoring": false,
            "network_interface": [],
            "outpost_arn": "",
            "password_data": "",
            "placement_group": "",
            "placement_partition_number": null,
            "primary_network_interface_id": "eni-04f7e90ec48394553",
            "private_dns": "ip-10-0-1-231.ec2.internal",
            "private_dns_name_options": [
              {
                "enable_resource_name_dns_a_record": false,
                "enable_resource_name_dns_aaaa_record": false,
                "hostname_type": "ip-name"
              }
            ],
            "private_ip": "10.0.1.231",
            "public_dns": "",
            "public_ip": "",
            "root_block_device": [
              {
                "delete_on_termination": true,
                "device_name": "/dev/sda1",
                "encrypted": false,
                "iops": 100,
                "kms_key_id": "",
                "tags": {},
                "throughput": 0,
                "volume_id": "vol-021f90d9c7ffc583d",
                "volume_size": 10,
                "volume_type": "gp2"
              }
            ],
            "secondary_private_ips": [],
            "security_groups": [
              "sg-006fe7ca978bfa465"
            ],
            "source_dest_check": true,
            "subnet_id": "subnet-0ddd2f5bb87ffe58a",
            "tags": {
              "Environment": "stage",
              "Name": "stage-vpc",
              "Terraform": "true"
            },
            "tags_all": {
              "Environment": "stage",
              "Name": "stage-vpc",
              "Terraform": "true"
            },
            "tenancy": "default",
            "timeouts": null,
            "user_data": "7151655f00d7b8afbb3f9205efeb0c54fcb66713",
            "user_data_base64": null,
            "user_data_replace_on_change": false,
            "volume_tags": null,
            "vpc_security_group_ids": [
              "sg-006fe7ca978bfa465"
            ]
          },
          "sensitive_attributes": [],
          "private": "eyJlMmJmYjczMC1lY2FhLTExZTYtOGY4OC0zNDM2M2JjN2M0YzAiOnsiY3JlYXRlIjo2MDAwMDAwMDAwMDAsImRlbGV0ZSI6MTIwMDAwMDAwMDAwMCwidXBkYXRlIjo2MDAwMDAwMDAwMDB9LCJzY2hlbWFfdmVyc2lvbiI6IjEifQ==",
          "dependencies": [
            "aws_key_pair.k8_ssh",
            "aws_security_group.Jenkins_SG",
            "module.vpc.aws_subnet.private"
          ]
        }
      ]
    },
    {
      "mode": "managed",
      "type": "aws_instance",
      "name": "ansible",
      "provider": "provider[\"registry.terraform.io/hashicorp/aws\"]",
      "instances": [
        {
          "schema_version": 1,
          "attributes": {
            "ami": "ami-0574da719dca65348",
            "arn": "arn:aws:ec2:us-east-1:539507529953:instance/i-05b05f8c5ab1888e8",
            "associate_public_ip_address": true,
            "availability_zone": "us-east-1a",
            "capacity_reservation_specification": [
              {
                "capacity_reservation_preference": "open",
                "capacity_reservation_target": []
              }
            ],
            "cpu_core_count": 1,
            "cpu_threads_per_core": 1,
            "credit_specification": [
              {
                "cpu_credits": "standard"
              }
            ],
            "disable_api_stop": false,
            "disable_api_termination": false,
            "ebs_block_device": [],
            "ebs_optimized": false,
            "enclave_options": [
              {
                "enabled": false
              }
            ],
            "ephemeral_block_device": [],
            "get_password_data": false,
            "hibernation": false,
            "host_id": null,
            "host_resource_group_arn": null,
            "iam_instance_profile": "",
            "id": "i-05b05f8c5ab1888e8",
            "instance_initiated_shutdown_behavior": "stop",
            "instance_state": "running",
            "instance_type": "t2.micro",
            "ipv6_address_count": 0,
            "ipv6_addresses": [],
            "key_name": "k8_ssh",
            "launch_template": [],
            "maintenance_options": [
              {
                "auto_recovery": "default"
              }
            ],
            "metadata_options": [
              {
                "http_endpoint": "enabled",
                "http_put_response_hop_limit": 1,
                "http_tokens": "optional",
                "instance_metadata_tags": "disabled"
              }
            ],
            "monitoring": false,
            "network_interface": [],
            "outpost_arn": "",
            "password_data": "",
            "placement_group": "",
            "placement_partition_number": null,
            "primary_network_interface_id": "eni-00af607fef2cc0cbb",
            "private_dns": "ip-10-0-101-27.ec2.internal",
            "private_dns_name_options": [
              {
                "enable_resource_name_dns_a_record": false,
                "enable_resource_name_dns_aaaa_record": false,
                "hostname_type": "ip-name"
              }
            ],
            "private_ip": "10.0.101.27",
            "public_dns": "",
            "public_ip": "34.234.223.163",
            "root_block_device": [
              {
                "delete_on_termination": true,
                "device_name": "/dev/sda1",
                "encrypted": false,
                "iops": 100,
                "kms_key_id": "",
                "tags": {},
                "throughput": 0,
                "volume_id": "vol-08975fb373a602bf8",
                "volume_size": 8,
                "volume_type": "gp2"
              }
            ],
            "secondary_private_ips": [],
            "security_groups": [
              "sg-0bd04683da1a88f90"
            ],
            "source_dest_check": true,
            "subnet_id": "subnet-082981d8389f13cf7",
            "tags": {
              "Name": "Ansible"
            },
            "tags_all": {
              "Name": "Ansible"
            },
            "tenancy": "default",
            "timeouts": null,
            "user_data": "3de8a3751160d11abb867a86b56b295b490c2469",
            "user_data_base64": null,
            "user_data_replace_on_change": false,
            "volume_tags": null,
            "vpc_security_group_ids": [
              "sg-0bd04683da1a88f90"
            ]
          },
          "sensitive_attributes": [
            [
              {
                "type": "get_attr",
                "value": "user_data"
              }
            ]
          ],
          "private": "eyJlMmJmYjczMC1lY2FhLTExZTYtOGY4OC0zNDM2M2JjN2M0YzAiOnsiY3JlYXRlIjo2MDAwMDAwMDAwMDAsImRlbGV0ZSI6MTIwMDAwMDAwMDAwMCwidXBkYXRlIjo2MDAwMDAwMDAwMDB9LCJzY2hlbWFfdmVyc2lvbiI6IjEifQ==",
          "dependencies": [
            "aws_key_pair.k8_ssh",
            "aws_security_group.allow_ssh",
            "module.vpc.aws_subnet.public",
            "tls_private_key.ssh"
          ]
        }
      ]
    },
    {
      "mode": "managed",
      "type": "aws_instance",
      "name": "clusterlb",
      "provider": "provider[\"registry.terraform.io/hashicorp/aws\"]",
      "instances": [
        {
          "schema_version": 1,
          "attributes": {
            "ami": "ami-0574da719dca65348",
            "arn": "arn:aws:ec2:us-east-1:539507529953:instance/i-06b480d963ae0e29b",
            "associate_public_ip_address": true,
            "availability_zone": "us-east-1a",
            "capacity_reservation_specification": [
              {
                "capacity_reservation_preference": "open",
                "capacity_reservation_target": []
              }
            ],
            "cpu_core_count": 2,
            "cpu_threads_per_core": 1,
            "credit_specification": [
              {
                "cpu_credits": "standard"
              }
            ],
            "disable_api_stop": false,
            "disable_api_termination": false,
            "ebs_block_device": [],
            "ebs_optimized": false,
            "enclave_options": [
              {
                "enabled": false
              }
            ],
            "ephemeral_block_device": [],
            "get_password_data": false,
            "hibernation": false,
            "host_id": null,
            "host_resource_group_arn": null,
            "iam_instance_profile": "",
            "id": "i-06b480d963ae0e29b",
            "instance_initiated_shutdown_behavior": "stop",
            "instance_state": "running",
            "instance_type": "t2.medium",
            "ipv6_address_count": 0,
            "ipv6_addresses": [],
            "key_name": "k8_ssh",
            "launch_template": [],
            "maintenance_options": [
              {
                "auto_recovery": "default"
              }
            ],
            "metadata_options": [
              {
                "http_endpoint": "enabled",
                "http_put_response_hop_limit": 1,
                "http_tokens": "optional",
                "instance_metadata_tags": "disabled"
              }
            ],
            "monitoring": false,
            "network_interface": [],
            "outpost_arn": "",
            "password_data": "",
            "placement_group": "",
            "placement_partition_number": null,
            "primary_network_interface_id": "eni-002e11043ee1b9b57",
            "private_dns": "ip-10-0-101-130.ec2.internal",
            "private_dns_name_options": [
              {
                "enable_resource_name_dns_a_record": false,
                "enable_resource_name_dns_aaaa_record": false,
                "hostname_type": "ip-name"
              }
            ],
            "private_ip": "10.0.101.130",
            "public_dns": "",
            "public_ip": "35.171.133.141",
            "root_block_device": [
              {
                "delete_on_termination": true,
                "device_name": "/dev/sda1",
                "encrypted": false,
                "iops": 100,
                "kms_key_id": "",
                "tags": {},
                "throughput": 0,
                "volume_id": "vol-0fa58affb959a60d9",
                "volume_size": 8,
                "volume_type": "gp2"
              }
            ],
            "secondary_private_ips": [],
            "security_groups": [
              "sg-0d48e6cf401bd0786"
            ],
            "source_dest_check": true,
            "subnet_id": "subnet-082981d8389f13cf7",
            "tags": {
              "Name": "clusterlb"
            },
            "tags_all": {
              "Name": "clusterlb"
            },
            "tenancy": "default",
            "timeouts": null,
            "user_data": "c4876bdc9d713267de97e93b987373630646cc3c",
            "user_data_base64": null,
            "user_data_replace_on_change": false,
            "volume_tags": null,
            "vpc_security_group_ids": [
              "sg-0d48e6cf401bd0786"
            ]
          },
          "sensitive_attributes": [],
          "private": "eyJlMmJmYjczMC1lY2FhLTExZTYtOGY4OC0zNDM2M2JjN2M0YzAiOnsiY3JlYXRlIjo2MDAwMDAwMDAwMDAsImRlbGV0ZSI6MTIwMDAwMDAwMDAwMCwidXBkYXRlIjo2MDAwMDAwMDAwMDB9LCJzY2hlbWFfdmVyc2lvbiI6IjEifQ==",
          "dependencies": [
            "aws_instance.masters",
            "aws_key_pair.k8_ssh",
            "aws_security_group.CLUSTER_SG",
            "module.vpc.aws_subnet.private",
            "module.vpc.aws_subnet.public"
          ]
        }
      ]
    },
    {
      "mode": "managed",
      "type": "aws_instance",
      "name": "masters",
      "provider": "provider[\"registry.terraform.io/hashicorp/aws\"]",
      "instances": [
        {
          "index_key": 0,
          "schema_version": 1,
          "attributes": {
            "ami": "ami-0574da719dca65348",
            "arn": "arn:aws:ec2:us-east-1:539507529953:instance/i-0aef89dfd94c98fb1",
            "associate_public_ip_address": false,
            "availability_zone": "us-east-1a",
            "capacity_reservation_specification": [
              {
                "capacity_reservation_preference": "open",
                "capacity_reservation_target": []
              }
            ],
            "cpu_core_count": 2,
            "cpu_threads_per_core": 1,
            "credit_specification": [
              {
                "cpu_credits": "standard"
              }
            ],
            "disable_api_stop": false,
            "disable_api_termination": false,
            "ebs_block_device": [],
            "ebs_optimized": false,
            "enclave_options": [
              {
                "enabled": false
              }
            ],
            "ephemeral_block_device": [],
            "get_password_data": false,
            "hibernation": false,
            "host_id": null,
            "host_resource_group_arn": null,
            "iam_instance_profile": "",
            "id": "i-0aef89dfd94c98fb1",
            "instance_initiated_shutdown_behavior": "stop",
            "instance_state": "running",
            "instance_type": "t2.medium",
            "ipv6_address_count": 0,
            "ipv6_addresses": [],
            "key_name": "k8_ssh",
            "launch_template": [],
            "maintenance_options": [
              {
                "auto_recovery": "default"
              }
            ],
            "metadata_options": [
              {
                "http_endpoint": "enabled",
                "http_put_response_hop_limit": 1,
                "http_tokens": "optional",
                "instance_metadata_tags": "disabled"
              }
            ],
            "monitoring": false,
            "network_interface": [],
            "outpost_arn": "",
            "password_data": "",
            "placement_group": "",
            "placement_partition_number": null,
            "primary_network_interface_id": "eni-05b6e2db267ddd6ee",
            "private_dns": "ip-10-0-1-131.ec2.internal",
            "private_dns_name_options": [
              {
                "enable_resource_name_dns_a_record": false,
                "enable_resource_name_dns_aaaa_record": false,
                "hostname_type": "ip-name"
              }
            ],
            "private_ip": "10.0.1.131",
            "public_dns": "",
            "public_ip": "",
            "root_block_device": [
              {
                "delete_on_termination": true,
                "device_name": "/dev/sda1",
                "encrypted": false,
                "iops": 100,
                "kms_key_id": "",
                "tags": {},
                "throughput": 0,
                "volume_id": "vol-07c2f6d0e4d692635",
                "volume_size": 8,
                "volume_type": "gp2"
              }
            ],
            "secondary_private_ips": [],
            "security_groups": [
              "sg-0d48e6cf401bd0786"
            ],
            "source_dest_check": true,
            "subnet_id": "subnet-0ddd2f5bb87ffe58a",
            "tags": {
              "Name": "Master-01"
            },
            "tags_all": {
              "Name": "Master-01"
            },
            "tenancy": "default",
            "timeouts": null,
            "user_data": null,
            "user_data_base64": null,
            "user_data_replace_on_change": false,
            "volume_tags": null,
            "vpc_security_group_ids": [
              "sg-0d48e6cf401bd0786"
            ]
          },
          "sensitive_attributes": [],
          "private": "eyJlMmJmYjczMC1lY2FhLTExZTYtOGY4OC0zNDM2M2JjN2M0YzAiOnsiY3JlYXRlIjo2MDAwMDAwMDAwMDAsImRlbGV0ZSI6MTIwMDAwMDAwMDAwMCwidXBkYXRlIjo2MDAwMDAwMDAwMDB9LCJzY2hlbWFfdmVyc2lvbiI6IjEifQ==",
          "dependencies": [
            "aws_key_pair.k8_ssh",
            "aws_security_group.CLUSTER_SG",
            "module.vpc.aws_subnet.private"
          ]
        },
        {
          "index_key": 1,
          "schema_version": 1,
          "attributes": {
            "ami": "ami-0574da719dca65348",
            "arn": "arn:aws:ec2:us-east-1:539507529953:instance/i-0652d0e417ec0aa36",
            "associate_public_ip_address": false,
            "availability_zone": "us-east-1b",
            "capacity_reservation_specification": [
              {
                "capacity_reservation_preference": "open",
                "capacity_reservation_target": []
              }
            ],
            "cpu_core_count": 2,
            "cpu_threads_per_core": 1,
            "credit_specification": [
              {
                "cpu_credits": "standard"
              }
            ],
            "disable_api_stop": false,
            "disable_api_termination": false,
            "ebs_block_device": [],
            "ebs_optimized": false,
            "enclave_options": [
              {
                "enabled": false
              }
            ],
            "ephemeral_block_device": [],
            "get_password_data": false,
            "hibernation": false,
            "host_id": null,
            "host_resource_group_arn": null,
            "iam_instance_profile": "",
            "id": "i-0652d0e417ec0aa36",
            "instance_initiated_shutdown_behavior": "stop",
            "instance_state": "running",
            "instance_type": "t2.medium",
            "ipv6_address_count": 0,
            "ipv6_addresses": [],
            "key_name": "k8_ssh",
            "launch_template": [],
            "maintenance_options": [
              {
                "auto_recovery": "default"
              }
            ],
            "metadata_options": [
              {
                "http_endpoint": "enabled",
                "http_put_response_hop_limit": 1,
                "http_tokens": "optional",
                "instance_metadata_tags": "disabled"
              }
            ],
            "monitoring": false,
            "network_interface": [],
            "outpost_arn": "",
            "password_data": "",
            "placement_group": "",
            "placement_partition_number": null,
            "primary_network_interface_id": "eni-05a8f7bd08c394e10",
            "private_dns": "ip-10-0-2-71.ec2.internal",
            "private_dns_name_options": [
              {
                "enable_resource_name_dns_a_record": false,
                "enable_resource_name_dns_aaaa_record": false,
                "hostname_type": "ip-name"
              }
            ],
            "private_ip": "10.0.2.71",
            "public_dns": "",
            "public_ip": "",
            "root_block_device": [
              {
                "delete_on_termination": true,
                "device_name": "/dev/sda1",
                "encrypted": false,
                "iops": 100,
                "kms_key_id": "",
                "tags": {},
                "throughput": 0,
                "volume_id": "vol-022908c5b5da5b711",
                "volume_size": 8,
                "volume_type": "gp2"
              }
            ],
            "secondary_private_ips": [],
            "security_groups": [
              "sg-0d48e6cf401bd0786"
            ],
            "source_dest_check": true,
            "subnet_id": "subnet-0b56da2b4b92abd5c",
            "tags": {
              "Name": "Master-02"
            },
            "tags_all": {
              "Name": "Master-02"
            },
            "tenancy": "default",
            "timeouts": null,
            "user_data": null,
            "user_data_base64": null,
            "user_data_replace_on_change": false,
            "volume_tags": null,
            "vpc_security_group_ids": [
              "sg-0d48e6cf401bd0786"
            ]
          },
          "sensitive_attributes": [],
          "private": "eyJlMmJmYjczMC1lY2FhLTExZTYtOGY4OC0zNDM2M2JjN2M0YzAiOnsiY3JlYXRlIjo2MDAwMDAwMDAwMDAsImRlbGV0ZSI6MTIwMDAwMDAwMDAwMCwidXBkYXRlIjo2MDAwMDAwMDAwMDB9LCJzY2hlbWFfdmVyc2lvbiI6IjEifQ==",
          "dependencies": [
            "aws_key_pair.k8_ssh",
            "aws_security_group.CLUSTER_SG",
            "module.vpc.aws_subnet.private"
          ]
        },
        {
          "index_key": 2,
          "schema_version": 1,
          "attributes": {
            "ami": "ami-0574da719dca65348",
            "arn": "arn:aws:ec2:us-east-1:539507529953:instance/i-069f938158b8cd09f",
            "associate_public_ip_address": false,
            "availability_zone": "us-east-1c",
            "capacity_reservation_specification": [
              {
                "capacity_reservation_preference": "open",
                "capacity_reservation_target": []
              }
            ],
            "cpu_core_count": 2,
            "cpu_threads_per_core": 1,
            "credit_specification": [
              {
                "cpu_credits": "standard"
              }
            ],
            "disable_api_stop": false,
            "disable_api_termination": false,
            "ebs_block_device": [],
            "ebs_optimized": false,
            "enclave_options": [
              {
                "enabled": false
              }
            ],
            "ephemeral_block_device": [],
            "get_password_data": false,
            "hibernation": false,
            "host_id": null,
            "host_resource_group_arn": null,
            "iam_instance_profile": "",
            "id": "i-069f938158b8cd09f",
            "instance_initiated_shutdown_behavior": "stop",
            "instance_state": "running",
            "instance_type": "t2.medium",
            "ipv6_address_count": 0,
            "ipv6_addresses": [],
            "key_name": "k8_ssh",
            "launch_template": [],
            "maintenance_options": [
              {
                "auto_recovery": "default"
              }
            ],
            "metadata_options": [
              {
                "http_endpoint": "enabled",
                "http_put_response_hop_limit": 1,
                "http_tokens": "optional",
                "instance_metadata_tags": "disabled"
              }
            ],
            "monitoring": false,
            "network_interface": [],
            "outpost_arn": "",
            "password_data": "",
            "placement_group": "",
            "placement_partition_number": null,
            "primary_network_interface_id": "eni-0e35ac66c41854603",
            "private_dns": "ip-10-0-3-64.ec2.internal",
            "private_dns_name_options": [
              {
                "enable_resource_name_dns_a_record": false,
                "enable_resource_name_dns_aaaa_record": false,
                "hostname_type": "ip-name"
              }
            ],
            "private_ip": "10.0.3.64",
            "public_dns": "",
            "public_ip": "",
            "root_block_device": [
              {
                "delete_on_termination": true,
                "device_name": "/dev/sda1",
                "encrypted": false,
                "iops": 100,
                "kms_key_id": "",
                "tags": {},
                "throughput": 0,
                "volume_id": "vol-05d5d4193f01126f9",
                "volume_size": 8,
                "volume_type": "gp2"
              }
            ],
            "secondary_private_ips": [],
            "security_groups": [
              "sg-0d48e6cf401bd0786"
            ],
            "source_dest_check": true,
            "subnet_id": "subnet-05f3f7ad604f5415d",
            "tags": {
              "Name": "Master-03"
            },
            "tags_all": {
              "Name": "Master-03"
            },
            "tenancy": "default",
            "timeouts": null,
            "user_data": null,
            "user_data_base64": null,
            "user_data_replace_on_change": false,
            "volume_tags": null,
            "vpc_security_group_ids": [
              "sg-0d48e6cf401bd0786"
            ]
          },
          "sensitive_attributes": [],
          "private": "eyJlMmJmYjczMC1lY2FhLTExZTYtOGY4OC0zNDM2M2JjN2M0YzAiOnsiY3JlYXRlIjo2MDAwMDAwMDAwMDAsImRlbGV0ZSI6MTIwMDAwMDAwMDAwMCwidXBkYXRlIjo2MDAwMDAwMDAwMDB9LCJzY2hlbWFfdmVyc2lvbiI6IjEifQ==",
          "dependencies": [
            "aws_key_pair.k8_ssh",
            "aws_security_group.CLUSTER_SG",
            "module.vpc.aws_subnet.private"
          ]
        }
      ]
    },
    {
      "mode": "managed",
      "type": "aws_instance",
      "name": "workers",
      "provider": "provider[\"registry.terraform.io/hashicorp/aws\"]",
      "instances": [
        {
          "index_key": 0,
          "schema_version": 1,
          "attributes": {
            "ami": "ami-0574da719dca65348",
            "arn": "arn:aws:ec2:us-east-1:539507529953:instance/i-0aa8aa619d796803e",
            "associate_public_ip_address": false,
            "availability_zone": "us-east-1a",
            "capacity_reservation_specification": [
              {
                "capacity_reservation_preference": "open",
                "capacity_reservation_target": []
              }
            ],
            "cpu_core_count": 2,
            "cpu_threads_per_core": 1,
            "credit_specification": [
              {
                "cpu_credits": "standard"
              }
            ],
            "disable_api_stop": false,
            "disable_api_termination": false,
            "ebs_block_device": [],
            "ebs_optimized": false,
            "enclave_options": [
              {
                "enabled": false
              }
            ],
            "ephemeral_block_device": [],
            "get_password_data": false,
            "hibernation": false,
            "host_id": null,
            "host_resource_group_arn": null,
            "iam_instance_profile": "",
            "id": "i-0aa8aa619d796803e",
            "instance_initiated_shutdown_behavior": "stop",
            "instance_state": "running",
            "instance_type": "t2.medium",
            "ipv6_address_count": 0,
            "ipv6_addresses": [],
            "key_name": "k8_ssh",
            "launch_template": [],
            "maintenance_options": [
              {
                "auto_recovery": "default"
              }
            ],
            "metadata_options": [
              {
                "http_endpoint": "enabled",
                "http_put_response_hop_limit": 1,
                "http_tokens": "optional",
                "instance_metadata_tags": "disabled"
              }
            ],
            "monitoring": false,
            "network_interface": [],
            "outpost_arn": "",
            "password_data": "",
            "placement_group": "",
            "placement_partition_number": null,
            "primary_network_interface_id": "eni-03f356aff8342f8d8",
            "private_dns": "ip-10-0-1-90.ec2.internal",
            "private_dns_name_options": [
              {
                "enable_resource_name_dns_a_record": false,
                "enable_resource_name_dns_aaaa_record": false,
                "hostname_type": "ip-name"
              }
            ],
            "private_ip": "10.0.1.90",
            "public_dns": "",
            "public_ip": "",
            "root_block_device": [
              {
                "delete_on_termination": true,
                "device_name": "/dev/sda1",
                "encrypted": false,
                "iops": 100,
                "kms_key_id": "",
                "tags": {},
                "throughput": 0,
                "volume_id": "vol-037d27cb28716621d",
                "volume_size": 8,
                "volume_type": "gp2"
              }
            ],
            "secondary_private_ips": [],
            "security_groups": [
              "sg-0d48e6cf401bd0786"
            ],
            "source_dest_check": true,
            "subnet_id": "subnet-0ddd2f5bb87ffe58a",
            "tags": {
              "Name": "Worker-01"
            },
            "tags_all": {
              "Name": "Worker-01"
            },
            "tenancy": "default",
            "timeouts": null,
            "user_data": null,
            "user_data_base64": null,
            "user_data_replace_on_change": false,
            "volume_tags": null,
            "vpc_security_group_ids": [
              "sg-0d48e6cf401bd0786"
            ]
          },
          "sensitive_attributes": [],
          "private": "eyJlMmJmYjczMC1lY2FhLTExZTYtOGY4OC0zNDM2M2JjN2M0YzAiOnsiY3JlYXRlIjo2MDAwMDAwMDAwMDAsImRlbGV0ZSI6MTIwMDAwMDAwMDAwMCwidXBkYXRlIjo2MDAwMDAwMDAwMDB9LCJzY2hlbWFfdmVyc2lvbiI6IjEifQ==",
          "dependencies": [
            "aws_key_pair.k8_ssh",
            "aws_security_group.CLUSTER_SG",
            "module.vpc.aws_subnet.private"
          ]
        },
        {
          "index_key": 1,
          "schema_version": 1,
          "attributes": {
            "ami": "ami-0574da719dca65348",
            "arn": "arn:aws:ec2:us-east-1:539507529953:instance/i-00f3493b8e030aaf5",
            "associate_public_ip_address": false,
            "availability_zone": "us-east-1b",
            "capacity_reservation_specification": [
              {
                "capacity_reservation_preference": "open",
                "capacity_reservation_target": []
              }
            ],
            "cpu_core_count": 2,
            "cpu_threads_per_core": 1,
            "credit_specification": [
              {
                "cpu_credits": "standard"
              }
            ],
            "disable_api_stop": false,
            "disable_api_termination": false,
            "ebs_block_device": [],
            "ebs_optimized": false,
            "enclave_options": [
              {
                "enabled": false
              }
            ],
            "ephemeral_block_device": [],
            "get_password_data": false,
            "hibernation": false,
            "host_id": null,
            "host_resource_group_arn": null,
            "iam_instance_profile": "",
            "id": "i-00f3493b8e030aaf5",
            "instance_initiated_shutdown_behavior": "stop",
            "instance_state": "running",
            "instance_type": "t2.medium",
            "ipv6_address_count": 0,
            "ipv6_addresses": [],
            "key_name": "k8_ssh",
            "launch_template": [],
            "maintenance_options": [
              {
                "auto_recovery": "default"
              }
            ],
            "metadata_options": [
              {
                "http_endpoint": "enabled",
                "http_put_response_hop_limit": 1,
                "http_tokens": "optional",
                "instance_metadata_tags": "disabled"
              }
            ],
            "monitoring": false,
            "network_interface": [],
            "outpost_arn": "",
            "password_data": "",
            "placement_group": "",
            "placement_partition_number": null,
            "primary_network_interface_id": "eni-024c24215bfd03999",
            "private_dns": "ip-10-0-2-221.ec2.internal",
            "private_dns_name_options": [
              {
                "enable_resource_name_dns_a_record": false,
                "enable_resource_name_dns_aaaa_record": false,
                "hostname_type": "ip-name"
              }
            ],
            "private_ip": "10.0.2.221",
            "public_dns": "",
            "public_ip": "",
            "root_block_device": [
              {
                "delete_on_termination": true,
                "device_name": "/dev/sda1",
                "encrypted": false,
                "iops": 100,
                "kms_key_id": "",
                "tags": {},
                "throughput": 0,
                "volume_id": "vol-0ef00fd2e20137040",
                "volume_size": 8,
                "volume_type": "gp2"
              }
            ],
            "secondary_private_ips": [],
            "security_groups": [
              "sg-0d48e6cf401bd0786"
            ],
            "source_dest_check": true,
            "subnet_id": "subnet-0b56da2b4b92abd5c",
            "tags": {
              "Name": "Worker-02"
            },
            "tags_all": {
              "Name": "Worker-02"
            },
            "tenancy": "default",
            "timeouts": null,
            "user_data": null,
            "user_data_base64": null,
            "user_data_replace_on_change": false,
            "volume_tags": null,
            "vpc_security_group_ids": [
              "sg-0d48e6cf401bd0786"
            ]
          },
          "sensitive_attributes": [],
          "private": "eyJlMmJmYjczMC1lY2FhLTExZTYtOGY4OC0zNDM2M2JjN2M0YzAiOnsiY3JlYXRlIjo2MDAwMDAwMDAwMDAsImRlbGV0ZSI6MTIwMDAwMDAwMDAwMCwidXBkYXRlIjo2MDAwMDAwMDAwMDB9LCJzY2hlbWFfdmVyc2lvbiI6IjEifQ==",
          "dependencies": [
            "aws_key_pair.k8_ssh",
            "aws_security_group.CLUSTER_SG",
            "module.vpc.aws_subnet.private"
          ]
        },
        {
          "index_key": 2,
          "schema_version": 1,
          "attributes": {
            "ami": "ami-0574da719dca65348",
            "arn": "arn:aws:ec2:us-east-1:539507529953:instance/i-002b83433ffb66fc5",
            "associate_public_ip_address": false,
            "availability_zone": "us-east-1c",
            "capacity_reservation_specification": [
              {
                "capacity_reservation_preference": "open",
                "capacity_reservation_target": []
              }
            ],
            "cpu_core_count": 2,
            "cpu_threads_per_core": 1,
            "credit_specification": [
              {
                "cpu_credits": "standard"
              }
            ],
            "disable_api_stop": false,
            "disable_api_termination": false,
            "ebs_block_device": [],
            "ebs_optimized": false,
            "enclave_options": [
              {
                "enabled": false
              }
            ],
            "ephemeral_block_device": [],
            "get_password_data": false,
            "hibernation": false,
            "host_id": null,
            "host_resource_group_arn": null,
            "iam_instance_profile": "",
            "id": "i-002b83433ffb66fc5",
            "instance_initiated_shutdown_behavior": "stop",
            "instance_state": "running",
            "instance_type": "t2.medium",
            "ipv6_address_count": 0,
            "ipv6_addresses": [],
            "key_name": "k8_ssh",
            "launch_template": [],
            "maintenance_options": [
              {
                "auto_recovery": "default"
              }
            ],
            "metadata_options": [
              {
                "http_endpoint": "enabled",
                "http_put_response_hop_limit": 1,
                "http_tokens": "optional",
                "instance_metadata_tags": "disabled"
              }
            ],
            "monitoring": false,
            "network_interface": [],
            "outpost_arn": "",
            "password_data": "",
            "placement_group": "",
            "placement_partition_number": null,
            "primary_network_interface_id": "eni-017308b740504d97f",
            "private_dns": "ip-10-0-3-17.ec2.internal",
            "private_dns_name_options": [
              {
                "enable_resource_name_dns_a_record": false,
                "enable_resource_name_dns_aaaa_record": false,
                "hostname_type": "ip-name"
              }
            ],
            "private_ip": "10.0.3.17",
            "public_dns": "",
            "public_ip": "",
            "root_block_device": [
              {
                "delete_on_termination": true,
                "device_name": "/dev/sda1",
                "encrypted": false,
                "iops": 100,
                "kms_key_id": "",
                "tags": {},
                "throughput": 0,
                "volume_id": "vol-027ea85a70cee9819",
                "volume_size": 8,
                "volume_type": "gp2"
              }
            ],
            "secondary_private_ips": [],
            "security_groups": [
              "sg-0d48e6cf401bd0786"
            ],
            "source_dest_check": true,
            "subnet_id": "subnet-05f3f7ad604f5415d",
            "tags": {
              "Name": "Worker-03"
            },
            "tags_all": {
              "Name": "Worker-03"
            },
            "tenancy": "default",
            "timeouts": null,
            "user_data": null,
            "user_data_base64": null,
            "user_data_replace_on_change": false,
            "volume_tags": null,
            "vpc_security_group_ids": [
              "sg-0d48e6cf401bd0786"
            ]
          },
          "sensitive_attributes": [],
          "private": "eyJlMmJmYjczMC1lY2FhLTExZTYtOGY4OC0zNDM2M2JjN2M0YzAiOnsiY3JlYXRlIjo2MDAwMDAwMDAwMDAsImRlbGV0ZSI6MTIwMDAwMDAwMDAwMCwidXBkYXRlIjo2MDAwMDAwMDAwMDB9LCJzY2hlbWFfdmVyc2lvbiI6IjEifQ==",
          "dependencies": [
            "aws_key_pair.k8_ssh",
            "aws_security_group.CLUSTER_SG",
            "module.vpc.aws_subnet.private"
          ]
        }
      ]
    },
    {
      "mode": "managed",
      "type": "aws_key_pair",
      "name": "k8_ssh",
      "provider": "provider[\"registry.terraform.io/hashicorp/aws\"]",
      "instances": [
        {
          "schema_version": 1,
          "attributes": {
            "arn": "arn:aws:ec2:us-east-1:539507529953:key-pair/k8_ssh",
            "fingerprint": "cc:24:7f:df:b0:fb:18:ba:41:74:eb:3e:a3:b8:4c:ad",
            "id": "k8_ssh",
            "key_name": "k8_ssh",
            "key_name_prefix": "",
            "key_pair_id": "key-0f7ed5683a88167bd",
            "key_type": "rsa",
            "public_key": "ssh-rsa AAAAB3NzaC1yc2EAAAADAQABAAACAQDLk7ccLf+YpoTe4wRWdACvuEnIEYWwU8vCjO4sGTw2+/CrXnJK5uGQkoI96eud3nYOcH40eXgUN6J0uf8/HxGgyyh+8JC5gbKHuIvZy1fuzY605VdppeeTuYS62U4vdVPyxMti7YrTEPlYsTwoOD02kF3gV2zLnnAVduqBcWbzoGPd6JDcHGIVyTDBi5J0QTItXPqoS1iKY1sdRzHz5JFfpRFLm0Y8N1RS2jl8+df/WOKTEdbsvT1KZV0Fqd8mw/gCu74I1HKDvyffopOqAxX9XUJ3ykHSg8q18HwdBaYEwYDdW79Zogn1mNeTqWsUcFxXDYEREyrSTCXTMTs4qBx6PA1m9VU/0QSep8Mx1Wbm0k9qJHtaKF+8HcVtj5TvfETgEB86waUKG1d5RkZr/h1Qn4NnzlaB/0wqQQ4gIM6RBc08Gq1vJWKSI/D5dy8FAJyv+AgbMyGBNiOwesqxZlzW2hPvxYYHt1DruhqVnC2hWkVcgKmXfc5vurVeC6iAcq5rU2NhvzKRWjU8U8agKe9ra1DNhV4jYGJfCpMgh1Gdcd1sXnI+qDET87JTR0qV/apEkSTMYCNleorrlxh5weGQUrLWRxY72Y2DuNTkZYw9yggDFXhxiN6PXJbcH/Jxvu3Lk73iDSVnviWwO//5vddtKb3L4romvGuVMNE43l4nWw==",
            "tags": {},
            "tags_all": {}
          },
          "sensitive_attributes": [],
          "private": "eyJzY2hlbWFfdmVyc2lvbiI6IjEifQ==",
          "dependencies": [
            "tls_private_key.ssh"
          ]
        }
      ]
    },
    {
      "mode": "managed",
      "type": "aws_lb",
      "name": "graf-alb",
      "provider": "provider[\"registry.terraform.io/hashicorp/aws\"]",
      "instances": [
        {
          "schema_version": 0,
          "attributes": {
            "access_logs": [
              {
                "bucket": "",
                "enabled": false,
                "prefix": ""
              }
            ],
            "arn": "arn:aws:elasticloadbalancing:us-east-1:539507529953:loadbalancer/app/graf-alb/2c037fe721e4af94",
            "arn_suffix": "app/graf-alb/2c037fe721e4af94",
            "customer_owned_ipv4_pool": "",
            "desync_mitigation_mode": "defensive",
            "dns_name": "graf-alb-666723472.us-east-1.elb.amazonaws.com",
            "drop_invalid_header_fields": false,
            "enable_cross_zone_load_balancing": true,
            "enable_deletion_protection": false,
            "enable_http2": true,
            "enable_waf_fail_open": false,
            "id": "arn:aws:elasticloadbalancing:us-east-1:539507529953:loadbalancer/app/graf-alb/2c037fe721e4af94",
            "idle_timeout": 60,
            "internal": false,
            "ip_address_type": "ipv4",
            "load_balancer_type": "application",
            "name": "graf-alb",
            "name_prefix": null,
            "preserve_host_header": false,
            "security_groups": [
              "sg-09f14a38ec866854d"
            ],
            "subnet_mapping": [
              {
                "allocation_id": "",
                "ipv6_address": "",
                "outpost_id": "",
                "private_ipv4_address": "",
                "subnet_id": "subnet-051cc2970255ef08b"
              },
              {
                "allocation_id": "",
                "ipv6_address": "",
                "outpost_id": "",
                "private_ipv4_address": "",
                "subnet_id": "subnet-082981d8389f13cf7"
              },
              {
                "allocation_id": "",
                "ipv6_address": "",
                "outpost_id": "",
                "private_ipv4_address": "",
                "subnet_id": "subnet-0a8ee23aa0be61c19"
              }
            ],
            "subnets": [
              "subnet-051cc2970255ef08b",
              "subnet-082981d8389f13cf7",
              "subnet-0a8ee23aa0be61c19"
            ],
            "tags": {},
            "tags_all": {},
            "timeouts": null,
            "vpc_id": "vpc-0a017a3d100aad0de",
            "zone_id": "Z35SXDOTRQ7X7K"
          },
          "sensitive_attributes": [],
          "private": "eyJlMmJmYjczMC1lY2FhLTExZTYtOGY4OC0zNDM2M2JjN2M0YzAiOnsiY3JlYXRlIjo2MDAwMDAwMDAwMDAsImRlbGV0ZSI6NjAwMDAwMDAwMDAwLCJ1cGRhdGUiOjYwMDAwMDAwMDAwMH19",
          "dependencies": [
            "aws_security_group.k8_workers",
            "module.vpc.aws_subnet.public",
            "module.vpc.aws_vpc.this",
            "module.vpc.aws_vpc_ipv4_cidr_block_association.this"
          ]
        }
      ]
    },
    {
      "mode": "managed",
      "type": "aws_lb",
      "name": "k8s-alb",
      "provider": "provider[\"registry.terraform.io/hashicorp/aws\"]",
      "instances": [
        {
          "schema_version": 0,
          "attributes": {
            "access_logs": [
              {
                "bucket": "",
                "enabled": false,
                "prefix": ""
              }
            ],
            "arn": "arn:aws:elasticloadbalancing:us-east-1:539507529953:loadbalancer/app/k8s-alb/d93bd13142fac8e7",
            "arn_suffix": "app/k8s-alb/d93bd13142fac8e7",
            "customer_owned_ipv4_pool": "",
            "desync_mitigation_mode": "defensive",
            "dns_name": "k8s-alb-709955358.us-east-1.elb.amazonaws.com",
            "drop_invalid_header_fields": false,
            "enable_cross_zone_load_balancing": true,
            "enable_deletion_protection": false,
            "enable_http2": true,
            "enable_waf_fail_open": false,
            "id": "arn:aws:elasticloadbalancing:us-east-1:539507529953:loadbalancer/app/k8s-alb/d93bd13142fac8e7",
            "idle_timeout": 60,
            "internal": false,
            "ip_address_type": "ipv4",
            "load_balancer_type": "application",
            "name": "k8s-alb",
            "name_prefix": null,
            "preserve_host_header": false,
            "security_groups": [
              "sg-09f14a38ec866854d"
            ],
            "subnet_mapping": [
              {
                "allocation_id": "",
                "ipv6_address": "",
                "outpost_id": "",
                "private_ipv4_address": "",
                "subnet_id": "subnet-051cc2970255ef08b"
              },
              {
                "allocation_id": "",
                "ipv6_address": "",
                "outpost_id": "",
                "private_ipv4_address": "",
                "subnet_id": "subnet-082981d8389f13cf7"
              },
              {
                "allocation_id": "",
                "ipv6_address": "",
                "outpost_id": "",
                "private_ipv4_address": "",
                "subnet_id": "subnet-0a8ee23aa0be61c19"
              }
            ],
            "subnets": [
              "subnet-051cc2970255ef08b",
              "subnet-082981d8389f13cf7",
              "subnet-0a8ee23aa0be61c19"
            ],
            "tags": {},
            "tags_all": {},
            "timeouts": null,
            "vpc_id": "vpc-0a017a3d100aad0de",
            "zone_id": "Z35SXDOTRQ7X7K"
          },
          "sensitive_attributes": [],
          "private": "eyJlMmJmYjczMC1lY2FhLTExZTYtOGY4OC0zNDM2M2JjN2M0YzAiOnsiY3JlYXRlIjo2MDAwMDAwMDAwMDAsImRlbGV0ZSI6NjAwMDAwMDAwMDAwLCJ1cGRhdGUiOjYwMDAwMDAwMDAwMH19",
          "dependencies": [
            "aws_security_group.k8_workers",
            "module.vpc.aws_subnet.public",
            "module.vpc.aws_vpc.this",
            "module.vpc.aws_vpc_ipv4_cidr_block_association.this"
          ]
        }
      ]
    },
    {
      "mode": "managed",
      "type": "aws_lb",
      "name": "pmt-alb",
      "provider": "provider[\"registry.terraform.io/hashicorp/aws\"]",
      "instances": [
        {
          "schema_version": 0,
          "attributes": {
            "access_logs": [
              {
                "bucket": "",
                "enabled": false,
                "prefix": ""
              }
            ],
            "arn": "arn:aws:elasticloadbalancing:us-east-1:539507529953:loadbalancer/app/pmt-alb/0c7b68d34471e5cf",
            "arn_suffix": "app/pmt-alb/0c7b68d34471e5cf",
            "customer_owned_ipv4_pool": "",
            "desync_mitigation_mode": "defensive",
            "dns_name": "pmt-alb-328915307.us-east-1.elb.amazonaws.com",
            "drop_invalid_header_fields": false,
            "enable_cross_zone_load_balancing": true,
            "enable_deletion_protection": false,
            "enable_http2": true,
            "enable_waf_fail_open": false,
            "id": "arn:aws:elasticloadbalancing:us-east-1:539507529953:loadbalancer/app/pmt-alb/0c7b68d34471e5cf",
            "idle_timeout": 60,
            "internal": false,
            "ip_address_type": "ipv4",
            "load_balancer_type": "application",
            "name": "pmt-alb",
            "name_prefix": null,
            "preserve_host_header": false,
            "security_groups": [
              "sg-09f14a38ec866854d"
            ],
            "subnet_mapping": [
              {
                "allocation_id": "",
                "ipv6_address": "",
                "outpost_id": "",
                "private_ipv4_address": "",
                "subnet_id": "subnet-051cc2970255ef08b"
              },
              {
                "allocation_id": "",
                "ipv6_address": "",
                "outpost_id": "",
                "private_ipv4_address": "",
                "subnet_id": "subnet-082981d8389f13cf7"
              },
              {
                "allocation_id": "",
                "ipv6_address": "",
                "outpost_id": "",
                "private_ipv4_address": "",
                "subnet_id": "subnet-0a8ee23aa0be61c19"
              }
            ],
            "subnets": [
              "subnet-051cc2970255ef08b",
              "subnet-082981d8389f13cf7",
              "subnet-0a8ee23aa0be61c19"
            ],
            "tags": {},
            "tags_all": {},
            "timeouts": null,
            "vpc_id": "vpc-0a017a3d100aad0de",
            "zone_id": "Z35SXDOTRQ7X7K"
          },
          "sensitive_attributes": [],
          "private": "eyJlMmJmYjczMC1lY2FhLTExZTYtOGY4OC0zNDM2M2JjN2M0YzAiOnsiY3JlYXRlIjo2MDAwMDAwMDAwMDAsImRlbGV0ZSI6NjAwMDAwMDAwMDAwLCJ1cGRhdGUiOjYwMDAwMDAwMDAwMH19",
          "dependencies": [
            "aws_security_group.k8_workers",
            "module.vpc.aws_subnet.public",
            "module.vpc.aws_vpc.this",
            "module.vpc.aws_vpc_ipv4_cidr_block_association.this"
          ]
        }
      ]
    },
    {
      "mode": "managed",
      "type": "aws_lb_listener",
      "name": "alblistener",
      "provider": "provider[\"registry.terraform.io/hashicorp/aws\"]",
      "instances": [
        {
          "schema_version": 0,
          "attributes": {
            "alpn_policy": null,
            "arn": "arn:aws:elasticloadbalancing:us-east-1:539507529953:listener/app/k8s-alb/d93bd13142fac8e7/7bf3f28e5f1909a9",
            "certificate_arn": null,
            "default_action": [
              {
                "authenticate_cognito": [],
                "authenticate_oidc": [],
                "fixed_response": [],
                "forward": [],
                "order": 1,
                "redirect": [],
                "target_group_arn": "arn:aws:elasticloadbalancing:us-east-1:539507529953:targetgroup/targetgroup/a199e9ac2b6e2164",
                "type": "forward"
              }
            ],
            "id": "arn:aws:elasticloadbalancing:us-east-1:539507529953:listener/app/k8s-alb/d93bd13142fac8e7/7bf3f28e5f1909a9",
            "load_balancer_arn": "arn:aws:elasticloadbalancing:us-east-1:539507529953:loadbalancer/app/k8s-alb/d93bd13142fac8e7",
            "port": 80,
            "protocol": "HTTP",
            "ssl_policy": "",
            "tags": {},
            "tags_all": {},
            "timeouts": null
          },
          "sensitive_attributes": [],
          "private": "eyJlMmJmYjczMC1lY2FhLTExZTYtOGY4OC0zNDM2M2JjN2M0YzAiOnsicmVhZCI6NjAwMDAwMDAwMDAwfX0=",
          "dependencies": [
            "aws_lb.k8s-alb",
            "aws_lb_target_group.targetgroup",
            "aws_security_group.k8_workers",
            "module.vpc.aws_subnet.public",
            "module.vpc.aws_vpc.this",
            "module.vpc.aws_vpc_ipv4_cidr_block_association.this"
          ]
        }
      ]
    },
    {
      "mode": "managed",
      "type": "aws_lb_listener",
      "name": "graf-alblistener",
      "provider": "provider[\"registry.terraform.io/hashicorp/aws\"]",
      "instances": [
        {
          "schema_version": 0,
          "attributes": {
            "alpn_policy": null,
            "arn": "arn:aws:elasticloadbalancing:us-east-1:539507529953:listener/app/graf-alb/2c037fe721e4af94/dec0bccbca4a73f1",
            "certificate_arn": null,
            "default_action": [
              {
                "authenticate_cognito": [],
                "authenticate_oidc": [],
                "fixed_response": [],
                "forward": [],
                "order": 1,
                "redirect": [],
                "target_group_arn": "arn:aws:elasticloadbalancing:us-east-1:539507529953:targetgroup/graf-targetgroup/a87d41cd515c9c85",
                "type": "forward"
              }
            ],
            "id": "arn:aws:elasticloadbalancing:us-east-1:539507529953:listener/app/graf-alb/2c037fe721e4af94/dec0bccbca4a73f1",
            "load_balancer_arn": "arn:aws:elasticloadbalancing:us-east-1:539507529953:loadbalancer/app/graf-alb/2c037fe721e4af94",
            "port": 80,
            "protocol": "HTTP",
            "ssl_policy": "",
            "tags": {},
            "tags_all": {},
            "timeouts": null
          },
          "sensitive_attributes": [],
          "private": "eyJlMmJmYjczMC1lY2FhLTExZTYtOGY4OC0zNDM2M2JjN2M0YzAiOnsicmVhZCI6NjAwMDAwMDAwMDAwfX0=",
          "dependencies": [
            "aws_lb.graf-alb",
            "aws_lb_target_group.graf-targetgroup",
            "aws_security_group.k8_workers",
            "module.vpc.aws_subnet.public",
            "module.vpc.aws_vpc.this",
            "module.vpc.aws_vpc_ipv4_cidr_block_association.this"
          ]
        }
      ]
    },
    {
      "mode": "managed",
      "type": "aws_lb_listener",
      "name": "pmt-alblistener",
      "provider": "provider[\"registry.terraform.io/hashicorp/aws\"]",
      "instances": [
        {
          "schema_version": 0,
          "attributes": {
            "alpn_policy": null,
            "arn": "arn:aws:elasticloadbalancing:us-east-1:539507529953:listener/app/pmt-alb/0c7b68d34471e5cf/8a8ea5ac6aa37566",
            "certificate_arn": null,
            "default_action": [
              {
                "authenticate_cognito": [],
                "authenticate_oidc": [],
                "fixed_response": [],
                "forward": [],
                "order": 1,
                "redirect": [],
                "target_group_arn": "arn:aws:elasticloadbalancing:us-east-1:539507529953:targetgroup/pmt-targetgroup/78b5e843fc59ce07",
                "type": "forward"
              }
            ],
            "id": "arn:aws:elasticloadbalancing:us-east-1:539507529953:listener/app/pmt-alb/0c7b68d34471e5cf/8a8ea5ac6aa37566",
            "load_balancer_arn": "arn:aws:elasticloadbalancing:us-east-1:539507529953:loadbalancer/app/pmt-alb/0c7b68d34471e5cf",
            "port": 80,
            "protocol": "HTTP",
            "ssl_policy": "",
            "tags": {},
            "tags_all": {},
            "timeouts": null
          },
          "sensitive_attributes": [],
          "private": "eyJlMmJmYjczMC1lY2FhLTExZTYtOGY4OC0zNDM2M2JjN2M0YzAiOnsicmVhZCI6NjAwMDAwMDAwMDAwfX0=",
          "dependencies": [
            "aws_lb.pmt-alb",
            "aws_lb_target_group.pmt-targetgroup",
            "aws_security_group.k8_workers",
            "module.vpc.aws_subnet.public",
            "module.vpc.aws_vpc.this",
            "module.vpc.aws_vpc_ipv4_cidr_block_association.this"
          ]
        }
      ]
    },
    {
      "mode": "managed",
      "type": "aws_lb_target_group",
      "name": "graf-targetgroup",
      "provider": "provider[\"registry.terraform.io/hashicorp/aws\"]",
      "instances": [
        {
          "schema_version": 0,
          "attributes": {
            "arn": "arn:aws:elasticloadbalancing:us-east-1:539507529953:targetgroup/graf-targetgroup/a87d41cd515c9c85",
            "arn_suffix": "targetgroup/graf-targetgroup/a87d41cd515c9c85",
            "connection_termination": false,
            "deregistration_delay": "300",
            "health_check": [
              {
                "enabled": true,
                "healthy_threshold": 3,
                "interval": 30,
                "matcher": "200",
                "path": "/",
                "port": "traffic-port",
                "protocol": "HTTP",
                "timeout": 5,
                "unhealthy_threshold": 5
              }
            ],
            "id": "arn:aws:elasticloadbalancing:us-east-1:539507529953:targetgroup/graf-targetgroup/a87d41cd515c9c85",
            "ip_address_type": "ipv4",
            "lambda_multi_value_headers_enabled": false,
            "load_balancing_algorithm_type": "round_robin",
            "name": "graf-targetgroup",
            "name_prefix": null,
            "port": 31300,
            "preserve_client_ip": null,
            "protocol": "HTTP",
            "protocol_version": "HTTP1",
            "proxy_protocol_v2": false,
            "slow_start": 0,
            "stickiness": [
              {
                "cookie_duration": 86400,
                "cookie_name": "",
                "enabled": false,
                "type": "lb_cookie"
              }
            ],
            "tags": {},
            "tags_all": {},
            "target_failover": [
              {
                "on_deregistration": null,
                "on_unhealthy": null
              }
            ],
            "target_type": "instance",
            "vpc_id": "vpc-0a017a3d100aad0de"
          },
          "sensitive_attributes": [],
          "private": "bnVsbA==",
          "dependencies": [
            "module.vpc.aws_vpc.this"
          ]
        }
      ]
    },
    {
      "mode": "managed",
      "type": "aws_lb_target_group",
      "name": "pmt-targetgroup",
      "provider": "provider[\"registry.terraform.io/hashicorp/aws\"]",
      "instances": [
        {
          "schema_version": 0,
          "attributes": {
            "arn": "arn:aws:elasticloadbalancing:us-east-1:539507529953:targetgroup/pmt-targetgroup/78b5e843fc59ce07",
            "arn_suffix": "targetgroup/pmt-targetgroup/78b5e843fc59ce07",
            "connection_termination": false,
            "deregistration_delay": "300",
            "health_check": [
              {
                "enabled": true,
                "healthy_threshold": 3,
                "interval": 30,
                "matcher": "200",
                "path": "/",
                "port": "traffic-port",
                "protocol": "HTTP",
                "timeout": 5,
                "unhealthy_threshold": 5
              }
            ],
            "id": "arn:aws:elasticloadbalancing:us-east-1:539507529953:targetgroup/pmt-targetgroup/78b5e843fc59ce07",
            "ip_address_type": "ipv4",
            "lambda_multi_value_headers_enabled": false,
            "load_balancing_algorithm_type": "round_robin",
            "name": "pmt-targetgroup",
            "name_prefix": null,
            "port": 31090,
            "preserve_client_ip": null,
            "protocol": "HTTP",
            "protocol_version": "HTTP1",
            "proxy_protocol_v2": false,
            "slow_start": 0,
            "stickiness": [
              {
                "cookie_duration": 86400,
                "cookie_name": "",
                "enabled": false,
                "type": "lb_cookie"
              }
            ],
            "tags": {},
            "tags_all": {},
            "target_failover": [
              {
                "on_deregistration": null,
                "on_unhealthy": null
              }
            ],
            "target_type": "instance",
            "vpc_id": "vpc-0a017a3d100aad0de"
          },
          "sensitive_attributes": [],
          "private": "bnVsbA==",
          "dependencies": [
            "module.vpc.aws_vpc.this"
          ]
        }
      ]
    },
    {
      "mode": "managed",
      "type": "aws_lb_target_group",
      "name": "targetgroup",
      "provider": "provider[\"registry.terraform.io/hashicorp/aws\"]",
      "instances": [
        {
          "schema_version": 0,
          "attributes": {
            "arn": "arn:aws:elasticloadbalancing:us-east-1:539507529953:targetgroup/targetgroup/a199e9ac2b6e2164",
            "arn_suffix": "targetgroup/targetgroup/a199e9ac2b6e2164",
            "connection_termination": false,
            "deregistration_delay": "300",
            "health_check": [
              {
                "enabled": true,
                "healthy_threshold": 3,
                "interval": 30,
                "matcher": "200",
                "path": "/",
                "port": "traffic-port",
                "protocol": "HTTP",
                "timeout": 5,
                "unhealthy_threshold": 5
              }
            ],
            "id": "arn:aws:elasticloadbalancing:us-east-1:539507529953:targetgroup/targetgroup/a199e9ac2b6e2164",
            "ip_address_type": "ipv4",
            "lambda_multi_value_headers_enabled": false,
            "load_balancing_algorithm_type": "round_robin",
            "name": "targetgroup",
            "name_prefix": null,
            "port": 30001,
            "preserve_client_ip": null,
            "protocol": "HTTP",
            "protocol_version": "HTTP1",
            "proxy_protocol_v2": false,
            "slow_start": 0,
            "stickiness": [
              {
                "cookie_duration": 86400,
                "cookie_name": "",
                "enabled": false,
                "type": "lb_cookie"
              }
            ],
            "tags": {},
            "tags_all": {},
            "target_failover": [
              {
                "on_deregistration": null,
                "on_unhealthy": null
              }
            ],
            "target_type": "instance",
            "vpc_id": "vpc-0a017a3d100aad0de"
          },
          "sensitive_attributes": [],
          "private": "bnVsbA==",
          "dependencies": [
            "module.vpc.aws_vpc.this"
          ]
        }
      ]
    },
    {
      "mode": "managed",
      "type": "aws_lb_target_group_attachment",
      "name": "targetgroupatt1",
      "provider": "provider[\"registry.terraform.io/hashicorp/aws\"]",
      "instances": [
        {
          "index_key": 0,
          "schema_version": 0,
          "attributes": {
            "availability_zone": null,
            "id": "arn:aws:elasticloadbalancing:us-east-1:539507529953:targetgroup/targetgroup/a199e9ac2b6e2164-20221207011521660500000009",
            "port": 30001,
            "target_group_arn": "arn:aws:elasticloadbalancing:us-east-1:539507529953:targetgroup/targetgroup/a199e9ac2b6e2164",
            "target_id": "i-0aa8aa619d796803e"
          },
          "sensitive_attributes": [],
          "private": "bnVsbA==",
          "dependencies": [
            "aws_instance.workers",
            "aws_key_pair.k8_ssh",
            "aws_lb_target_group.targetgroup",
            "aws_security_group.CLUSTER_SG",
            "module.vpc.aws_subnet.private"
          ]
        },
        {
          "index_key": 1,
          "schema_version": 0,
          "attributes": {
            "availability_zone": null,
            "id": "arn:aws:elasticloadbalancing:us-east-1:539507529953:targetgroup/targetgroup/a199e9ac2b6e2164-2022120701152187800000000c",
            "port": 30001,
            "target_group_arn": "arn:aws:elasticloadbalancing:us-east-1:539507529953:targetgroup/targetgroup/a199e9ac2b6e2164",
            "target_id": "i-00f3493b8e030aaf5"
          },
          "sensitive_attributes": [],
          "private": "bnVsbA==",
          "dependencies": [
            "aws_instance.workers",
            "aws_key_pair.k8_ssh",
            "aws_lb_target_group.targetgroup",
            "aws_security_group.CLUSTER_SG",
            "module.vpc.aws_subnet.private"
          ]
        },
        {
          "index_key": 2,
          "schema_version": 0,
          "attributes": {
            "availability_zone": null,
            "id": "arn:aws:elasticloadbalancing:us-east-1:539507529953:targetgroup/targetgroup/a199e9ac2b6e2164-2022120701152193510000000f",
            "port": 30001,
            "target_group_arn": "arn:aws:elasticloadbalancing:us-east-1:539507529953:targetgroup/targetgroup/a199e9ac2b6e2164",
            "target_id": "i-002b83433ffb66fc5"
          },
          "sensitive_attributes": [],
          "private": "bnVsbA==",
          "dependencies": [
            "aws_instance.workers",
            "aws_key_pair.k8_ssh",
            "aws_lb_target_group.targetgroup",
            "aws_security_group.CLUSTER_SG",
            "module.vpc.aws_subnet.private"
          ]
        }
      ]
    },
    {
      "mode": "managed",
      "type": "aws_lb_target_group_attachment",
      "name": "targetgroupatt4",
      "provider": "provider[\"registry.terraform.io/hashicorp/aws\"]",
      "instances": [
        {
          "index_key": 0,
          "schema_version": 0,
          "attributes": {
            "availability_zone": null,
            "id": "arn:aws:elasticloadbalancing:us-east-1:539507529953:targetgroup/pmt-targetgroup/78b5e843fc59ce07-2022120701152183500000000a",
            "port": 31090,
            "target_group_arn": "arn:aws:elasticloadbalancing:us-east-1:539507529953:targetgroup/pmt-targetgroup/78b5e843fc59ce07",
            "target_id": "i-0aa8aa619d796803e"
          },
          "sensitive_attributes": [],
          "private": "bnVsbA==",
          "dependencies": [
            "aws_instance.workers",
            "aws_key_pair.k8_ssh",
            "aws_lb_target_group.pmt-targetgroup",
            "aws_security_group.CLUSTER_SG",
            "module.vpc.aws_subnet.private"
          ]
        },
        {
          "index_key": 1,
          "schema_version": 0,
          "attributes": {
            "availability_zone": null,
            "id": "arn:aws:elasticloadbalancing:us-east-1:539507529953:targetgroup/pmt-targetgroup/78b5e843fc59ce07-20221207011521996900000010",
            "port": 31090,
            "target_group_arn": "arn:aws:elasticloadbalancing:us-east-1:539507529953:targetgroup/pmt-targetgroup/78b5e843fc59ce07",
            "target_id": "i-00f3493b8e030aaf5"
          },
          "sensitive_attributes": [],
          "private": "bnVsbA==",
          "dependencies": [
            "aws_instance.workers",
            "aws_key_pair.k8_ssh",
            "aws_lb_target_group.pmt-targetgroup",
            "aws_security_group.CLUSTER_SG",
            "module.vpc.aws_subnet.private"
          ]
        },
        {
          "index_key": 2,
          "schema_version": 0,
          "attributes": {
            "availability_zone": null,
            "id": "arn:aws:elasticloadbalancing:us-east-1:539507529953:targetgroup/pmt-targetgroup/78b5e843fc59ce07-2022120701152192310000000e",
            "port": 31090,
            "target_group_arn": "arn:aws:elasticloadbalancing:us-east-1:539507529953:targetgroup/pmt-targetgroup/78b5e843fc59ce07",
            "target_id": "i-002b83433ffb66fc5"
          },
          "sensitive_attributes": [],
          "private": "bnVsbA==",
          "dependencies": [
            "aws_instance.workers",
            "aws_key_pair.k8_ssh",
            "aws_lb_target_group.pmt-targetgroup",
            "aws_security_group.CLUSTER_SG",
            "module.vpc.aws_subnet.private"
          ]
        }
      ]
    },
    {
      "mode": "managed",
      "type": "aws_lb_target_group_attachment",
      "name": "targetgroupatt7",
      "provider": "provider[\"registry.terraform.io/hashicorp/aws\"]",
      "instances": [
        {
          "index_key": 0,
          "schema_version": 0,
          "attributes": {
            "availability_zone": null,
            "id": "arn:aws:elasticloadbalancing:us-east-1:539507529953:targetgroup/graf-targetgroup/a87d41cd515c9c85-2022120701152184370000000b",
            "port": 31300,
            "target_group_arn": "arn:aws:elasticloadbalancing:us-east-1:539507529953:targetgroup/graf-targetgroup/a87d41cd515c9c85",
            "target_id": "i-0aa8aa619d796803e"
          },
          "sensitive_attributes": [],
          "private": "bnVsbA==",
          "dependencies": [
            "aws_instance.workers",
            "aws_key_pair.k8_ssh",
            "aws_lb_target_group.graf-targetgroup",
            "aws_security_group.CLUSTER_SG",
            "module.vpc.aws_subnet.private"
          ]
        },
        {
          "index_key": 1,
          "schema_version": 0,
          "attributes": {
            "availability_zone": null,
            "id": "arn:aws:elasticloadbalancing:us-east-1:539507529953:targetgroup/graf-targetgroup/a87d41cd515c9c85-20221207011522210400000011",
            "port": 31300,
            "target_group_arn": "arn:aws:elasticloadbalancing:us-east-1:539507529953:targetgroup/graf-targetgroup/a87d41cd515c9c85",
            "target_id": "i-00f3493b8e030aaf5"
          },
          "sensitive_attributes": [],
          "private": "bnVsbA==",
          "dependencies": [
            "aws_instance.workers",
            "aws_key_pair.k8_ssh",
            "aws_lb_target_group.graf-targetgroup",
            "aws_security_group.CLUSTER_SG",
            "module.vpc.aws_subnet.private"
          ]
        },
        {
          "index_key": 2,
          "schema_version": 0,
          "attributes": {
            "availability_zone": null,
            "id": "arn:aws:elasticloadbalancing:us-east-1:539507529953:targetgroup/graf-targetgroup/a87d41cd515c9c85-2022120701152189520000000d",
            "port": 31300,
            "target_group_arn": "arn:aws:elasticloadbalancing:us-east-1:539507529953:targetgroup/graf-targetgroup/a87d41cd515c9c85",
            "target_id": "i-002b83433ffb66fc5"
          },
          "sensitive_attributes": [],
          "private": "bnVsbA==",
          "dependencies": [
            "aws_instance.workers",
            "aws_key_pair.k8_ssh",
            "aws_lb_target_group.graf-targetgroup",
            "aws_security_group.CLUSTER_SG",
            "module.vpc.aws_subnet.private"
          ]
        }
      ]
    },
    {
      "mode": "managed",
      "type": "aws_security_group",
      "name": "CLUSTER_SG",
      "provider": "provider[\"registry.terraform.io/hashicorp/aws\"]",
      "instances": [
        {
          "schema_version": 1,
          "attributes": {
            "arn": "arn:aws:ec2:us-east-1:539507529953:security-group/sg-0d48e6cf401bd0786",
            "description": "Allow TLS Inbound",
            "egress": [
              {
                "cidr_blocks": [
                  "0.0.0.0/0"
                ],
                "description": "",
                "from_port": 0,
                "ipv6_cidr_blocks": [],
                "prefix_list_ids": [],
                "protocol": "-1",
                "security_groups": [],
                "self": false,
                "to_port": 0
              }
            ],
            "id": "sg-0d48e6cf401bd0786",
            "ingress": [
              {
                "cidr_blocks": [
                  "0.0.0.0/0"
                ],
                "description": "allow ssh acess",
                "from_port": 0,
                "ipv6_cidr_blocks": [],
                "prefix_list_ids": [],
                "protocol": "tcp",
                "security_groups": [],
                "self": false,
                "to_port": 65535
              }
            ],
            "name": "CLUSTER_SG",
            "name_prefix": "",
            "owner_id": "539507529953",
            "revoke_rules_on_delete": false,
            "tags": {
              "name": "CLUSTER_SG"
            },
            "tags_all": {
              "name": "CLUSTER_SG"
            },
            "timeouts": null,
            "vpc_id": "vpc-0a017a3d100aad0de"
          },
          "sensitive_attributes": [],
          "private": "eyJlMmJmYjczMC1lY2FhLTExZTYtOGY4OC0zNDM2M2JjN2M0YzAiOnsiY3JlYXRlIjo2MDAwMDAwMDAwMDAsImRlbGV0ZSI6OTAwMDAwMDAwMDAwfSwic2NoZW1hX3ZlcnNpb24iOiIxIn0=",
          "dependencies": [
            "module.vpc.aws_vpc.this"
          ]
        }
      ]
    },
    {
      "mode": "managed",
      "type": "aws_security_group",
      "name": "Jenkins_SG",
      "provider": "provider[\"registry.terraform.io/hashicorp/aws\"]",
      "instances": [
        {
          "schema_version": 1,
          "attributes": {
            "arn": "arn:aws:ec2:us-east-1:539507529953:security-group/sg-006fe7ca978bfa465",
            "description": "Allow ssh inbound traffic",
            "egress": [
              {
                "cidr_blocks": [
                  "0.0.0.0/0"
                ],
                "description": "",
                "from_port": 0,
                "ipv6_cidr_blocks": [],
                "prefix_list_ids": [],
                "protocol": "-1",
                "security_groups": [],
                "self": false,
                "to_port": 0
              }
            ],
            "id": "sg-006fe7ca978bfa465",
            "ingress": [
              {
                "cidr_blocks": [
                  "0.0.0.0/0"
                ],
                "description": "",
                "from_port": 22,
                "ipv6_cidr_blocks": [],
                "prefix_list_ids": [],
                "protocol": "tcp",
                "security_groups": [],
                "self": false,
                "to_port": 22
              },
              {
                "cidr_blocks": [
                  "0.0.0.0/0"
                ],
                "description": "",
                "from_port": 8080,
                "ipv6_cidr_blocks": [],
                "prefix_list_ids": [],
                "protocol": "tcp",
                "security_groups": [],
                "self": false,
                "to_port": 8080
              }
            ],
            "name": "Jenkins_SG",
            "name_prefix": "",
            "owner_id": "539507529953",
            "revoke_rules_on_delete": false,
            "tags": {},
            "tags_all": {},
            "timeouts": null,
            "vpc_id": "vpc-0a017a3d100aad0de"
          },
          "sensitive_attributes": [],
          "private": "eyJlMmJmYjczMC1lY2FhLTExZTYtOGY4OC0zNDM2M2JjN2M0YzAiOnsiY3JlYXRlIjo2MDAwMDAwMDAwMDAsImRlbGV0ZSI6OTAwMDAwMDAwMDAwfSwic2NoZW1hX3ZlcnNpb24iOiIxIn0=",
          "dependencies": [
            "module.vpc.aws_vpc.this"
          ]
        }
      ]
    },
    {
      "mode": "managed",
      "type": "aws_security_group",
      "name": "allow_ssh",
      "provider": "provider[\"registry.terraform.io/hashicorp/aws\"]",
      "instances": [
        {
          "schema_version": 1,
          "attributes": {
            "arn": "arn:aws:ec2:us-east-1:539507529953:security-group/sg-0bd04683da1a88f90",
            "description": "Allow ssh inbound traffic",
            "egress": [
              {
                "cidr_blocks": [
                  "0.0.0.0/0"
                ],
                "description": "",
                "from_port": 0,
                "ipv6_cidr_blocks": [],
                "prefix_list_ids": [],
                "protocol": "-1",
                "security_groups": [],
                "self": false,
                "to_port": 0
              }
            ],
            "id": "sg-0bd04683da1a88f90",
            "ingress": [
              {
                "cidr_blocks": [
                  "0.0.0.0/0"
                ],
                "description": "",
                "from_port": -1,
                "ipv6_cidr_blocks": [],
                "prefix_list_ids": [],
                "protocol": "icmp",
                "security_groups": [],
                "self": false,
                "to_port": -1
              },
              {
                "cidr_blocks": [
                  "0.0.0.0/0"
                ],
                "description": "",
                "from_port": 22,
                "ipv6_cidr_blocks": [],
                "prefix_list_ids": [],
                "protocol": "tcp",
                "security_groups": [],
                "self": false,
                "to_port": 22
              }
            ],
            "name": "allow_ssh",
            "name_prefix": "",
            "owner_id": "539507529953",
            "revoke_rules_on_delete": false,
            "tags": {},
            "tags_all": {},
            "timeouts": null,
            "vpc_id": "vpc-0a017a3d100aad0de"
          },
          "sensitive_attributes": [],
          "private": "eyJlMmJmYjczMC1lY2FhLTExZTYtOGY4OC0zNDM2M2JjN2M0YzAiOnsiY3JlYXRlIjo2MDAwMDAwMDAwMDAsImRlbGV0ZSI6OTAwMDAwMDAwMDAwfSwic2NoZW1hX3ZlcnNpb24iOiIxIn0=",
          "dependencies": [
            "module.vpc.aws_vpc.this"
          ]
        }
      ]
    },
    {
      "mode": "managed",
      "type": "aws_security_group",
      "name": "jenkins_lbSG",
      "provider": "provider[\"registry.terraform.io/hashicorp/aws\"]",
      "instances": [
        {
          "schema_version": 1,
          "attributes": {
            "arn": "arn:aws:ec2:us-east-1:539507529953:security-group/sg-0afe7b6f3ab457f78",
            "description": "Allow TLS inbound traffic",
            "egress": [
              {
                "cidr_blocks": [
                  "0.0.0.0/0"
                ],
                "description": "",
                "from_port": 0,
                "ipv6_cidr_blocks": [],
                "prefix_list_ids": [],
                "protocol": "-1",
                "security_groups": [],
                "self": false,
                "to_port": 0
              }
            ],
            "id": "sg-0afe7b6f3ab457f78",
            "ingress": [
              {
                "cidr_blocks": [
                  "0.0.0.0/0"
                ],
                "description": "Allow http from VPC",
                "from_port": 8080,
                "ipv6_cidr_blocks": [],
                "prefix_list_ids": [],
                "protocol": "tcp",
                "security_groups": [],
                "self": false,
                "to_port": 8080
              },
              {
                "cidr_blocks": [
                  "0.0.0.0/0"
                ],
                "description": "Allow http from VPC",
                "from_port": 80,
                "ipv6_cidr_blocks": [],
                "prefix_list_ids": [],
                "protocol": "tcp",
                "security_groups": [],
                "self": false,
                "to_port": 80
              }
            ],
            "name": "jenkins_lbSG",
            "name_prefix": "",
            "owner_id": "539507529953",
            "revoke_rules_on_delete": false,
            "tags": {
              "Name": "Jenkins_lbSG"
            },
            "tags_all": {
              "Name": "Jenkins_lbSG"
            },
            "timeouts": null,
            "vpc_id": "vpc-0a017a3d100aad0de"
          },
          "sensitive_attributes": [],
          "private": "eyJlMmJmYjczMC1lY2FhLTExZTYtOGY4OC0zNDM2M2JjN2M0YzAiOnsiY3JlYXRlIjo2MDAwMDAwMDAwMDAsImRlbGV0ZSI6OTAwMDAwMDAwMDAwfSwic2NoZW1hX3ZlcnNpb24iOiIxIn0=",
          "dependencies": [
            "module.vpc.aws_vpc.this"
          ]
        }
      ]
    },
    {
      "mode": "managed",
      "type": "aws_security_group",
      "name": "k8_workers",
      "provider": "provider[\"registry.terraform.io/hashicorp/aws\"]",
      "instances": [
        {
          "schema_version": 1,
          "attributes": {
            "arn": "arn:aws:ec2:us-east-1:539507529953:security-group/sg-09f14a38ec866854d",
            "description": "sec group for k8 worker nodes",
            "egress": [],
            "id": "sg-09f14a38ec866854d",
            "ingress": [
              {
                "cidr_blocks": [
                  "0.0.0.0/0"
                ],
                "description": "",
                "from_port": 10250,
                "ipv6_cidr_blocks": [],
                "prefix_list_ids": [],
                "protocol": "tcp",
                "security_groups": [],
                "self": false,
                "to_port": 10250
              },
              {
                "cidr_blocks": [
                  "0.0.0.0/0"
                ],
                "description": "",
                "from_port": 30000,
                "ipv6_cidr_blocks": [],
                "prefix_list_ids": [],
                "protocol": "tcp",
                "security_groups": [],
                "self": false,
                "to_port": 32767
              }
            ],
            "name": "terraform-20221207010746257400000001",
            "name_prefix": "terraform-",
            "owner_id": "539507529953",
            "revoke_rules_on_delete": false,
            "tags": {},
            "tags_all": {},
            "timeouts": null,
            "vpc_id": "vpc-0a017a3d100aad0de"
          },
          "sensitive_attributes": [],
          "private": "eyJlMmJmYjczMC1lY2FhLTExZTYtOGY4OC0zNDM2M2JjN2M0YzAiOnsiY3JlYXRlIjo2MDAwMDAwMDAwMDAsImRlbGV0ZSI6OTAwMDAwMDAwMDAwfSwic2NoZW1hX3ZlcnNpb24iOiIxIn0=",
          "dependencies": [
            "module.vpc.aws_vpc.this"
          ]
        }
      ]
    },
    {
      "mode": "managed",
      "type": "local_file",
      "name": "ansible_inventory",
      "provider": "provider[\"registry.terraform.io/hashicorp/local\"]",
      "instances": [
        {
          "schema_version": 0,
          "attributes": {
            "content": "[all:vars]\r\nansible_ssh_common_args='-o UserKnownHostsFile=/dev/null -o StrictHostKeyChecking=no'\r\n\r\n[masters_first]\r\n            ip-10-0-1-131.ec2.internal ansible_host=10.0.1.131 # i-0aef89dfd94c98fb1\r\n            \r\n[masters_others]\r\n                ip-10-0-2-71.ec2.internal ansible_host=10.0.2.71 # i-0652d0e417ec0aa36\r\n                ip-10-0-3-64.ec2.internal ansible_host=10.0.3.64 # i-069f938158b8cd09f\r\n    \r\n[masters:children]\r\nmasters_first\r\nmasters_others\r\n\r\n[workers]\r\nip-10-0-1-90.ec2.internal ansible_host=10.0.1.90 # i-0aa8aa619d796803e\r\nip-10-0-2-221.ec2.internal ansible_host=10.0.2.221 # i-00f3493b8e030aaf5\r\nip-10-0-3-17.ec2.internal ansible_host=10.0.3.17 # i-002b83433ffb66fc5\r\n\r\n[clusterlb]\r\nip-10-0-101-130.ec2.internal ansible_host=10.0.101.130 # i-06b480d963ae0e29b\r\n",
            "content_base64": null,
            "directory_permission": "0777",
            "file_permission": "0777",
            "filename": "./inventory",
            "id": "78af3a18beb3bdcea1333186aefc3065ac2bf5d1",
            "sensitive_content": null,
            "source": null
          },
          "sensitive_attributes": [],
          "private": "bnVsbA==",
          "dependencies": [
            "aws_instance.clusterlb",
            "aws_instance.masters",
            "aws_instance.workers",
            "aws_key_pair.k8_ssh",
            "aws_security_group.CLUSTER_SG",
            "module.vpc.aws_subnet.private",
            "module.vpc.aws_subnet.public"
          ]
        }
      ]
    },
    {
      "mode": "managed",
      "type": "local_file",
      "name": "ansible_vars_file",
      "provider": "provider[\"registry.terraform.io/hashicorp/local\"]",
      "instances": [
        {
          "schema_version": 0,
          "attributes": {
            "content": "\r\nmaster_ip: 10.0.1.131\r\nclusterlb_ip: 10.0.101.130\r\n",
            "content_base64": null,
            "directory_permission": "0777",
            "file_permission": "0777",
            "filename": "ansible/ansible_vars_file.yml",
            "id": "3752415ad921ffa16adcb8e53f7badde6287afe2",
            "sensitive_content": null,
            "source": null
          },
          "sensitive_attributes": [],
          "private": "bnVsbA==",
          "dependencies": [
            "aws_instance.clusterlb",
            "aws_instance.masters",
            "aws_key_pair.k8_ssh",
            "aws_security_group.CLUSTER_SG",
            "module.vpc.aws_subnet.private",
            "module.vpc.aws_subnet.public"
          ]
        }
      ]
    },
    {
      "mode": "managed",
      "type": "local_file",
      "name": "k8_ssh_key",
      "provider": "provider[\"registry.terraform.io/hashicorp/local\"]",
      "instances": [
        {
          "schema_version": 0,
          "attributes": {
            "content": "-----BEGIN RSA PRIVATE KEY-----\nMIIJKAIBAAKCAgEAy5O3HC3/mKaE3uMEVnQAr7hJyBGFsFPLwozuLBk8Nvvwq15y\nSubhkJKCPenrnd52DnB+NHl4FDeidLn/Px8RoMsofvCQuYGyh7iL2ctX7s2OtOVX\naaXnk7mEutlOL3VT8sTLYu2K0xD5WLE8KDg9NpBd4Fdsy55wFXbqgXFm86Bj3eiQ\n3BxiFckwwYuSdEEyLVz6qEtYimNbHUcx8+SRX6URS5tGPDdUUto5fPnX/1jikxHW\n7L09SmVdBanfJsP4Aru+CNRyg78n36KTqgMV/V1Cd8pB0oPKtfB8HQWmBMGA3Vu/\nWaIJ9ZjXk6lrFHBcVw2BERMq0kwl0zE7OKgcejwNZvVVP9EEnqfDMdVm5tJPaiR7\nWihfvB3FbY+U73xE4BAfOsGlChtXeUZGa/4dUJ+DZ85Wgf9MKkEOICDOkQXNPBqt\nbyVikiPw+XcvBQCcr/gIGzMhgTYjsHrKsWZc1toT78WGB7dQ67oalZwtoVpFXICp\nl33Ob7q1XguogHKua1NjYb8ykVo1PFPGoCnva2tQzYVeI2BiXwqTIIdRnXHdbF5y\nPqgxE/OyU0dKlf2qRJEkzGAjZXqK65cYecHhkFKy1kcWO9mNg7jU5GWMPcoIAxV4\ncYjej1yW3B/ycb7ty5O94g0lZ74lsDv/+b3XbSm9y+K6JrxrlTDRON5eJ1sCAwEA\nAQKCAgBtSRktqYvi+NGvjZNQjemoa3hATRfFttZV1K4vQkTPB6UFeihFCXjh0aTV\nc/Qmxbv+uGkn5mWOBOfTXd4mlpkyBp3wt1gaHgQnU+zPuJe1/Oe1OMEaWBPfe+JD\nJFESrRup4feFXhv+fsg80riGptpFpm6e9o/TJ3ToMPRnFOe9tcam5CiP4TTOmTjx\nTeoLOsyjCZ0OJ5SahgftycCJO5THEagdPHgR72n3KGtgKgfIboEDjrogUN7MR2oO\nlkjTWLSVUxALUXFARKg1J+O5ivqNDzmVcSCw0EtMLJOUSOn895wkORKaHaDXFXv1\nKyfuyvrnSLqW3gFI79QGchFmsujFx3xfpJHhxoSuh+71NV4yazWXGIoJ+QM3SwC9\nGg5LGfvZeZMx/FiZb3O9eS9Zqfsvfr1SV81QSBoR2O5NKxFK2gnLtroRaSafxq9T\nryW2D2rxEy0SgL7VK9LR1F8XCvMpbLeJjWdMEz/8ugSt9lzXBbm29pvIcnUPtEvP\n/CHPFYhb5v0R/C6WZ2reqaPsxSswbtIQ2UnllV7bt/p9mesA4OnJyAtf/U1BN8MP\nKKV9wrKCLvp+HItOebpSL5p1Msg9FLW/POF/NjZ7oRNwcgfZH2I8I4CsIuKcZ3lx\n8Q+LZQWLzJaMoDyRcd8oD/Vxbn/ZHAy43tR9W+Aq+/gozlJe8QKCAQEAzf8DcjKM\nG/hOwyckFh/kkK3d71v8gaAHeZEEdM5L8XOpVR2c2t+aHD8ND0FQTEky7tiD720A\nUZUcCF0BYeWc1doeZBMg21FkAQ1TKP/I+VFrevarb4iWurhlUgTxmaSv3pxf7Ibs\nsqCPdZ8DhOpXy0xd9DJPi6nXhDC3MjP1/SOr6qNoYrLu3OtHJMjCiKEZPD+HSsUs\n10Q/SuEGoVoI+U2L2LKZlxfVmBAak5sAVG9xlVFWMn/suBPv+pYxOAblrZQpa1L+\njHzXzqLM3dbUju77CP+aE/kvfalGzBkX1vwwMKRUpw6ko1YomeMC2fs98vnjhftG\nztp+Me7/MLpzBwKCAQEA/P5fUGwTPnt5WYgBjKqu4xwjmbB4El+YmK25Bfg9wd0q\naItzUrD2kRTddXXfVYcmRuBoZVM/Tpv8zxSWoxiWCPF1dqT1ISEqx5OMPNs9recg\nHrh6IIW8X65tunC005Y6DCb3TB5IGWWwjs8EYbljeRvbqb2uJixSLK8WAT6OKQ5W\nzsXvBQgQWWRmV9oXfAWPN/hgcYAKyLXq18s1PX+V5dIAFsKC73F5WRW8VcG6pzR5\nAcI5G1XTGLMOzqOTFX5JKa0XGsV3IuhYu9KGynXsRU3VM+tGD9XSlzZlTJ622ewo\ngWzufXAIK2lAppHmwFd6uspVVm8ugs9mKZLVZ8MwDQKCAQEAraFtfiws/MZnXQb4\n2802Etz6XG7kfz4sDsO1Rd89E9+xsxSqybH/bB+ZGmqrDCIG1FubmYv+4MUWQ9Zg\n++tWLssTIrcc0r/f0yMwHTa8Z6nBNnwENJakte4HOQMBwceWlcSo9e0kRcwgH7xQ\ncxAzwCA2cUaW1dnq1nlZcO9rQFt45OWnbsnznDKUXOT7U762Tpodp2BbU3crAip6\nNDZ3qes7HQQtgbWNTAcG37Oeq4zj6EAOr7I0DVSAym8ePWNS5OQlpVjnRfNU089V\nbwdNUs0Mu6D2di9rYDf2fMIJ3iPjWpyo3cbx7tsIje1S0fl7VfpbVOtf26s/A0e3\nwZLmsQKCAQBiN9MDIuIZuM/0vUN0u/Lngs4jZYpH/8r7Qz54ndZEBDvpmHHuIXun\n+YS8jEVnK+/lRkvhQn9qYk60ilas/OeKk0s6A3KTKRA1qQehvK/martikdX/+EuY\njdxVrFnXZxQkEaCicYMmMP9pgd8+nT2MEA+oh1YrxbslU9fkJcgFEmcLIXbY6jeG\nrN66rpW9dV8TqJ6wkbgeEdoZau/Bb13fejbEn0E7+j7VIgYa+Pog3dM4ppGLFje8\n+A8AlCqPBpca0fMNVqoY6EFCscnYog1XHo9t96IclbOLNvf+1gNA+VkEXij8k9jo\nGZWa1TvTYmLoT5Lv2nwhFqmf7DxjazilAoIBACzogUTvcebGuEqdFwZM5r+PxvIG\nBQQUKxRlCiezRMuiSLaAViq/NMCq+eVyUPRpa+sLFdrDi4I2MxBTghsn/qU/ccdc\nWuNLHxpdL7LPBP/LCZWZFqrV8rW+prAYrWahFAU+wqjkqtX2ON5TNaOPghqut4iq\nh4s7ZULjpGvV8iRQ/JjUsDNnc1UGzuMLbsG9o3iXGoG0ES03oDV6OalG+O6D+YXh\n80X4Ay5rO5NjXisKkv8Jptw6gnNF1Pf+fdSdBIqKsRQaSLNyPDhLAtQVEngPnzZT\nRHaxgyqNed+UjykpzSNcBb92vzK2uMVw9087X+PXjMRexIVP+HcKTm8btVo=\n-----END RSA PRIVATE KEY-----\n",
            "content_base64": null,
            "directory_permission": "0777",
            "file_permission": "600",
            "filename": "k8_ssh_key.pem",
            "id": "b6855b1d3c26de526f7b2bdfa0a6da3a50ec8947",
            "sensitive_content": null,
            "source": null
          },
          "sensitive_attributes": [
            [
              {
                "type": "get_attr",
                "value": "content"
              }
            ]
          ],
          "private": "bnVsbA==",
          "dependencies": [
            "tls_private_key.ssh"
          ]
        }
      ]
    },
    {
      "mode": "managed",
      "type": "null_resource",
      "name": "copy_ansible_playbooks",
      "provider": "provider[\"registry.terraform.io/hashicorp/null\"]",
      "instances": [
        {
          "schema_version": 0,
          "attributes": {
            "id": "7848264033241603501",
            "triggers": {
              "always_run": "2022-12-07T01:17:31Z"
            }
          },
          "sensitive_attributes": [],
          "dependencies": [
            "aws_instance.ansible",
            "aws_instance.clusterlb",
            "aws_instance.masters",
            "aws_instance.workers",
            "aws_key_pair.k8_ssh",
            "aws_security_group.CLUSTER_SG",
            "aws_security_group.allow_ssh",
            "local_file.ansible_inventory",
            "local_file.ansible_vars_file",
            "module.vpc.aws_subnet.private",
            "module.vpc.aws_subnet.public",
            "null_resource.provisioner",
            "time_sleep.wait_for_ansible_init",
            "tls_private_key.ssh"
          ]
        }
      ]
    },
    {
      "mode": "managed",
      "type": "null_resource",
      "name": "provisioner",
      "provider": "provider[\"registry.terraform.io/hashicorp/null\"]",
      "instances": [
        {
          "schema_version": 0,
          "attributes": {
            "id": "8623350631558754017",
            "triggers": {
              "always_run": "2022-12-07T01:17:29Z"
            }
          },
          "sensitive_attributes": [],
          "dependencies": [
            "aws_instance.ansible",
            "aws_instance.clusterlb",
            "aws_instance.masters",
            "aws_instance.workers",
            "aws_key_pair.k8_ssh",
            "aws_security_group.CLUSTER_SG",
            "aws_security_group.allow_ssh",
            "local_file.ansible_inventory",
            "module.vpc.aws_subnet.private",
            "module.vpc.aws_subnet.public",
            "time_sleep.wait_for_ansible_init",
            "tls_private_key.ssh"
          ]
        }
      ]
    },
    {
      "mode": "managed",
      "type": "null_resource",
      "name": "run_ansible",
      "provider": "provider[\"registry.terraform.io/hashicorp/null\"]",
      "instances": [
        {
          "schema_version": 0,
          "attributes": {
            "id": "396613448147653681",
            "triggers": {
              "always_run": "2022-12-07T01:17:32Z"
            }
          },
          "sensitive_attributes": [],
          "dependencies": [
            "aws_instance.ansible",
            "aws_instance.clusterlb",
            "aws_instance.masters",
            "aws_instance.workers",
            "aws_key_pair.k8_ssh",
            "aws_security_group.CLUSTER_SG",
            "aws_security_group.allow_ssh",
            "local_file.ansible_inventory",
            "local_file.ansible_vars_file",
            "module.vpc.aws_cloudwatch_log_group.flow_log",
            "module.vpc.aws_customer_gateway.this",
            "module.vpc.aws_db_subnet_group.database",
            "module.vpc.aws_default_network_acl.this",
            "module.vpc.aws_default_route_table.default",
            "module.vpc.aws_default_security_group.this",
            "module.vpc.aws_default_vpc.this",
            "module.vpc.aws_egress_only_internet_gateway.this",
            "module.vpc.aws_eip.nat",
            "module.vpc.aws_elasticache_subnet_group.elasticache",
            "module.vpc.aws_flow_log.this",
            "module.vpc.aws_iam_policy.vpc_flow_log_cloudwatch",
            "module.vpc.aws_iam_role.vpc_flow_log_cloudwatch",
            "module.vpc.aws_iam_role_policy_attachment.vpc_flow_log_cloudwatch",
            "module.vpc.aws_internet_gateway.this",
            "module.vpc.aws_nat_gateway.this",
            "module.vpc.aws_network_acl.database",
            "module.vpc.aws_network_acl.elasticache",
            "module.vpc.aws_network_acl.intra",
            "module.vpc.aws_network_acl.outpost",
            "module.vpc.aws_network_acl.private",
            "module.vpc.aws_network_acl.public",
            "module.vpc.aws_network_acl.redshift",
            "module.vpc.aws_network_acl_rule.database_inbound",
            "module.vpc.aws_network_acl_rule.database_outbound",
            "module.vpc.aws_network_acl_rule.elasticache_inbound",
            "module.vpc.aws_network_acl_rule.elasticache_outbound",
            "module.vpc.aws_network_acl_rule.intra_inbound",
            "module.vpc.aws_network_acl_rule.intra_outbound",
            "module.vpc.aws_network_acl_rule.outpost_inbound",
            "module.vpc.aws_network_acl_rule.outpost_outbound",
            "module.vpc.aws_network_acl_rule.private_inbound",
            "module.vpc.aws_network_acl_rule.private_outbound",
            "module.vpc.aws_network_acl_rule.public_inbound",
            "module.vpc.aws_network_acl_rule.public_outbound",
            "module.vpc.aws_network_acl_rule.redshift_inbound",
            "module.vpc.aws_network_acl_rule.redshift_outbound",
            "module.vpc.aws_redshift_subnet_group.redshift",
            "module.vpc.aws_route.database_internet_gateway",
            "module.vpc.aws_route.database_ipv6_egress",
            "module.vpc.aws_route.database_nat_gateway",
            "module.vpc.aws_route.private_ipv6_egress",
            "module.vpc.aws_route.private_nat_gateway",
            "module.vpc.aws_route.public_internet_gateway",
            "module.vpc.aws_route.public_internet_gateway_ipv6",
            "module.vpc.aws_route_table.database",
            "module.vpc.aws_route_table.elasticache",
            "module.vpc.aws_route_table.intra",
            "module.vpc.aws_route_table.private",
            "module.vpc.aws_route_table.public",
            "module.vpc.aws_route_table.redshift",
            "module.vpc.aws_route_table_association.database",
            "module.vpc.aws_route_table_association.elasticache",
            "module.vpc.aws_route_table_association.intra",
            "module.vpc.aws_route_table_association.outpost",
            "module.vpc.aws_route_table_association.private",
            "module.vpc.aws_route_table_association.public",
            "module.vpc.aws_route_table_association.redshift",
            "module.vpc.aws_route_table_association.redshift_public",
            "module.vpc.aws_subnet.database",
            "module.vpc.aws_subnet.elasticache",
            "module.vpc.aws_subnet.intra",
            "module.vpc.aws_subnet.outpost",
            "module.vpc.aws_subnet.private",
            "module.vpc.aws_subnet.public",
            "module.vpc.aws_subnet.redshift",
            "module.vpc.aws_vpc.this",
            "module.vpc.aws_vpc_dhcp_options.this",
            "module.vpc.aws_vpc_dhcp_options_association.this",
            "module.vpc.aws_vpc_ipv4_cidr_block_association.this",
            "module.vpc.aws_vpn_gateway.this",
            "module.vpc.aws_vpn_gateway_attachment.this",
            "module.vpc.aws_vpn_gateway_route_propagation.intra",
            "module.vpc.aws_vpn_gateway_route_propagation.private",
            "module.vpc.aws_vpn_gateway_route_propagation.public",
            "module.vpc.data.aws_iam_policy_document.flow_log_cloudwatch_assume_role",
            "module.vpc.data.aws_iam_policy_document.vpc_flow_log_cloudwatch",
            "null_resource.copy_ansible_playbooks",
            "null_resource.provisioner",
            "time_sleep.wait_for_ansible_init",
            "tls_private_key.ssh"
          ]
        }
      ]
    },
    {
      "mode": "managed",
      "type": "null_resource",
      "name": "run_clusterlb",
      "provider": "provider[\"registry.terraform.io/hashicorp/null\"]",
      "instances": [
        {
          "schema_version": 0,
          "attributes": {
            "id": "4365192864198053220",
            "triggers": {
              "always_run": "2022-12-07T01:22:52Z"
            }
          },
          "sensitive_attributes": [],
          "dependencies": [
            "aws_instance.ansible",
            "aws_instance.clusterlb",
            "aws_instance.masters",
            "aws_instance.workers",
            "aws_key_pair.k8_ssh",
            "aws_security_group.CLUSTER_SG",
            "aws_security_group.allow_ssh",
            "local_file.ansible_inventory",
            "local_file.ansible_vars_file",
            "module.vpc.aws_cloudwatch_log_group.flow_log",
            "module.vpc.aws_customer_gateway.this",
            "module.vpc.aws_db_subnet_group.database",
            "module.vpc.aws_default_network_acl.this",
            "module.vpc.aws_default_route_table.default",
            "module.vpc.aws_default_security_group.this",
            "module.vpc.aws_default_vpc.this",
            "module.vpc.aws_egress_only_internet_gateway.this",
            "module.vpc.aws_eip.nat",
            "module.vpc.aws_elasticache_subnet_group.elasticache",
            "module.vpc.aws_flow_log.this",
            "module.vpc.aws_iam_policy.vpc_flow_log_cloudwatch",
            "module.vpc.aws_iam_role.vpc_flow_log_cloudwatch",
            "module.vpc.aws_iam_role_policy_attachment.vpc_flow_log_cloudwatch",
            "module.vpc.aws_internet_gateway.this",
            "module.vpc.aws_nat_gateway.this",
            "module.vpc.aws_network_acl.database",
            "module.vpc.aws_network_acl.elasticache",
            "module.vpc.aws_network_acl.intra",
            "module.vpc.aws_network_acl.outpost",
            "module.vpc.aws_network_acl.private",
            "module.vpc.aws_network_acl.public",
            "module.vpc.aws_network_acl.redshift",
            "module.vpc.aws_network_acl_rule.database_inbound",
            "module.vpc.aws_network_acl_rule.database_outbound",
            "module.vpc.aws_network_acl_rule.elasticache_inbound",
            "module.vpc.aws_network_acl_rule.elasticache_outbound",
            "module.vpc.aws_network_acl_rule.intra_inbound",
            "module.vpc.aws_network_acl_rule.intra_outbound",
            "module.vpc.aws_network_acl_rule.outpost_inbound",
            "module.vpc.aws_network_acl_rule.outpost_outbound",
            "module.vpc.aws_network_acl_rule.private_inbound",
            "module.vpc.aws_network_acl_rule.private_outbound",
            "module.vpc.aws_network_acl_rule.public_inbound",
            "module.vpc.aws_network_acl_rule.public_outbound",
            "module.vpc.aws_network_acl_rule.redshift_inbound",
            "module.vpc.aws_network_acl_rule.redshift_outbound",
            "module.vpc.aws_redshift_subnet_group.redshift",
            "module.vpc.aws_route.database_internet_gateway",
            "module.vpc.aws_route.database_ipv6_egress",
            "module.vpc.aws_route.database_nat_gateway",
            "module.vpc.aws_route.private_ipv6_egress",
            "module.vpc.aws_route.private_nat_gateway",
            "module.vpc.aws_route.public_internet_gateway",
            "module.vpc.aws_route.public_internet_gateway_ipv6",
            "module.vpc.aws_route_table.database",
            "module.vpc.aws_route_table.elasticache",
            "module.vpc.aws_route_table.intra",
            "module.vpc.aws_route_table.private",
            "module.vpc.aws_route_table.public",
            "module.vpc.aws_route_table.redshift",
            "module.vpc.aws_route_table_association.database",
            "module.vpc.aws_route_table_association.elasticache",
            "module.vpc.aws_route_table_association.intra",
            "module.vpc.aws_route_table_association.outpost",
            "module.vpc.aws_route_table_association.private",
            "module.vpc.aws_route_table_association.public",
            "module.vpc.aws_route_table_association.redshift",
            "module.vpc.aws_route_table_association.redshift_public",
            "module.vpc.aws_subnet.database",
            "module.vpc.aws_subnet.elasticache",
            "module.vpc.aws_subnet.intra",
            "module.vpc.aws_subnet.outpost",
            "module.vpc.aws_subnet.private",
            "module.vpc.aws_subnet.public",
            "module.vpc.aws_subnet.redshift",
            "module.vpc.aws_vpc.this",
            "module.vpc.aws_vpc_dhcp_options.this",
            "module.vpc.aws_vpc_dhcp_options_association.this",
            "module.vpc.aws_vpc_ipv4_cidr_block_association.this",
            "module.vpc.aws_vpn_gateway.this",
            "module.vpc.aws_vpn_gateway_attachment.this",
            "module.vpc.aws_vpn_gateway_route_propagation.intra",
            "module.vpc.aws_vpn_gateway_route_propagation.private",
            "module.vpc.aws_vpn_gateway_route_propagation.public",
            "module.vpc.data.aws_iam_policy_document.flow_log_cloudwatch_assume_role",
            "module.vpc.data.aws_iam_policy_document.vpc_flow_log_cloudwatch",
            "null_resource.copy_ansible_playbooks",
            "null_resource.provisioner",
            "null_resource.run_ansible",
            "time_sleep.wait_for_ansible_init",
            "tls_private_key.ssh"
          ]
        }
      ]
    },
    {
      "mode": "managed",
      "type": "time_sleep",
      "name": "wait_for_ansible_init",
      "provider": "provider[\"registry.terraform.io/hashicorp/time\"]",
      "instances": [
        {
          "schema_version": 0,
          "attributes": {
            "create_duration": "120s",
            "destroy_duration": null,
            "id": "2022-12-07T01:17:29Z",
            "triggers": {
              "always_run": "2022-12-07T01:15:29Z"
            }
          },
          "sensitive_attributes": [],
          "dependencies": [
            "aws_instance.ansible",
            "aws_key_pair.k8_ssh",
            "aws_security_group.allow_ssh",
            "module.vpc.aws_subnet.public",
            "tls_private_key.ssh"
          ]
        }
      ]
    },
    {
      "mode": "managed",
      "type": "tls_private_key",
      "name": "ssh",
      "provider": "provider[\"registry.terraform.io/hashicorp/tls\"]",
      "instances": [
        {
          "schema_version": 1,
          "attributes": {
            "algorithm": "RSA",
            "ecdsa_curve": "P224",
            "id": "79bb4f67415f3ee3a22688368f0f736b5ee0c0b3",
            "private_key_openssh": "-----BEGIN OPENSSH PRIVATE KEY-----\nb3BlbnNzaC1rZXktdjEAAAAABG5vbmUAAAAEbm9uZQAAAAAAAAABAAACFwAAAAdz\nc2gtcnNhAAAAAwEAAQAAAgEAy5O3HC3/mKaE3uMEVnQAr7hJyBGFsFPLwozuLBk8\nNvvwq15ySubhkJKCPenrnd52DnB+NHl4FDeidLn/Px8RoMsofvCQuYGyh7iL2ctX\n7s2OtOVXaaXnk7mEutlOL3VT8sTLYu2K0xD5WLE8KDg9NpBd4Fdsy55wFXbqgXFm\n86Bj3eiQ3BxiFckwwYuSdEEyLVz6qEtYimNbHUcx8+SRX6URS5tGPDdUUto5fPnX\n/1jikxHW7L09SmVdBanfJsP4Aru+CNRyg78n36KTqgMV/V1Cd8pB0oPKtfB8HQWm\nBMGA3Vu/WaIJ9ZjXk6lrFHBcVw2BERMq0kwl0zE7OKgcejwNZvVVP9EEnqfDMdVm\n5tJPaiR7WihfvB3FbY+U73xE4BAfOsGlChtXeUZGa/4dUJ+DZ85Wgf9MKkEOICDO\nkQXNPBqtbyVikiPw+XcvBQCcr/gIGzMhgTYjsHrKsWZc1toT78WGB7dQ67oalZwt\noVpFXICpl33Ob7q1XguogHKua1NjYb8ykVo1PFPGoCnva2tQzYVeI2BiXwqTIIdR\nnXHdbF5yPqgxE/OyU0dKlf2qRJEkzGAjZXqK65cYecHhkFKy1kcWO9mNg7jU5GWM\nPcoIAxV4cYjej1yW3B/ycb7ty5O94g0lZ74lsDv/+b3XbSm9y+K6JrxrlTDRON5e\nJ1sAAAc4lfBqy5XwassAAAAHc3NoLXJzYQAAAgEAy5O3HC3/mKaE3uMEVnQAr7hJ\nyBGFsFPLwozuLBk8Nvvwq15ySubhkJKCPenrnd52DnB+NHl4FDeidLn/Px8RoMso\nfvCQuYGyh7iL2ctX7s2OtOVXaaXnk7mEutlOL3VT8sTLYu2K0xD5WLE8KDg9NpBd\n4Fdsy55wFXbqgXFm86Bj3eiQ3BxiFckwwYuSdEEyLVz6qEtYimNbHUcx8+SRX6UR\nS5tGPDdUUto5fPnX/1jikxHW7L09SmVdBanfJsP4Aru+CNRyg78n36KTqgMV/V1C\nd8pB0oPKtfB8HQWmBMGA3Vu/WaIJ9ZjXk6lrFHBcVw2BERMq0kwl0zE7OKgcejwN\nZvVVP9EEnqfDMdVm5tJPaiR7WihfvB3FbY+U73xE4BAfOsGlChtXeUZGa/4dUJ+D\nZ85Wgf9MKkEOICDOkQXNPBqtbyVikiPw+XcvBQCcr/gIGzMhgTYjsHrKsWZc1toT\n78WGB7dQ67oalZwtoVpFXICpl33Ob7q1XguogHKua1NjYb8ykVo1PFPGoCnva2tQ\nzYVeI2BiXwqTIIdRnXHdbF5yPqgxE/OyU0dKlf2qRJEkzGAjZXqK65cYecHhkFKy\n1kcWO9mNg7jU5GWMPcoIAxV4cYjej1yW3B/ycb7ty5O94g0lZ74lsDv/+b3XbSm9\ny+K6JrxrlTDRON5eJ1sAAAADAQABAAACAG1JGS2pi+L40a+Nk1CN6ahreEBNF8W2\n1lXUri9CRM8HpQV6KEUJeOHRpNVz9CbFu/64aSfmZY4E59Nd3iaWmTIGnfC3WBoe\nBCdT7M+4l7X857U4wRpYE9974kMkURKtG6nh94VeG/5+yDzSuIam2kWmbp72j9Mn\ndOgw9GcU5721xqbkKI/hNM6ZOPFN6gs6zKMJnQ4nlJqGB+3JwIk7lMcRqB08eBHv\nafcoa2AqB8hugQOOuiBQ3sxHag6WSNNYtJVTEAtRcUBEqDUn47mK+o0POZVxILDQ\nS0wsk5RI6fz3nCQ5EpodoNcVe/UrJ+7K+udIupbeAUjv1AZyEWay6MXHfF+kkeHG\nhK6H7vU1XjJrNZcYign5AzdLAL0aDksZ+9l5kzH8WJlvc715L1mp+y9+vVJXzVBI\nGhHY7k0rEUraCcu2uhFpJp/Gr1OvJbYPavETLRKAvtUr0tHUXxcK8ylst4mNZ0wT\nP/y6BK32XNcFubb2m8hydQ+0S8/8Ic8ViFvm/RH8LpZnat6po+zFKzBu0hDZSeWV\nXtu3+n2Z6wDg6cnIC1/9TUE3ww8opX3CsoIu+n4ci055ulIvmnUyyD0Utb884X82\nNnuhE3ByB9kfYjwjgKwi4pxneXHxD4tlBYvMloygPJFx3ygP9XFuf9kcDLje1H1b\n4Cr7+CjOUl7xAAABACzogUTvcebGuEqdFwZM5r+PxvIGBQQUKxRlCiezRMuiSLaA\nViq/NMCq+eVyUPRpa+sLFdrDi4I2MxBTghsn/qU/ccdcWuNLHxpdL7LPBP/LCZWZ\nFqrV8rW+prAYrWahFAU+wqjkqtX2ON5TNaOPghqut4iqh4s7ZULjpGvV8iRQ/JjU\nsDNnc1UGzuMLbsG9o3iXGoG0ES03oDV6OalG+O6D+YXh80X4Ay5rO5NjXisKkv8J\nptw6gnNF1Pf+fdSdBIqKsRQaSLNyPDhLAtQVEngPnzZTRHaxgyqNed+UjykpzSNc\nBb92vzK2uMVw9087X+PXjMRexIVP+HcKTm8btVoAAAEBAM3/A3IyjBv4TsMnJBYf\n5JCt3e9b/IGgB3mRBHTOS/FzqVUdnNrfmhw/DQ9BUExJMu7Yg+9tAFGVHAhdAWHl\nnNXaHmQTINtRZAENUyj/yPlRa3r2q2+Ilrq4ZVIE8Zmkr96cX+yG7LKgj3WfA4Tq\nV8tMXfQyT4up14QwtzIz9f0jq+qjaGKy7tzrRyTIwoihGTw/h0rFLNdEP0rhBqFa\nCPlNi9iymZcX1ZgQGpObAFRvcZVRVjJ/7LgT7/qWMTgG5a2UKWtS/ox8186izN3W\n1I7u+wj/mhP5L32pRswZF9b8MDCkVKcOpKNWKJnjAtn7PfL544X7Rs7afjHu/zC6\ncwcAAAEBAPz+X1BsEz57eVmIAYyqruMcI5mweBJfmJituQX4PcHdKmiLc1Kw9pEU\n3XV131WHJkbgaGVTP06b/M8UlqMYlgjxdXak9SEhKseTjDzbPa3nIB64eiCFvF+u\nbbpwtNOWOgwm90weSBllsI7PBGG5Y3kb26m9riYsUiyvFgE+jikOVs7F7wUIEFlk\nZlfaF3wFjzf4YHGACsi16tfLNT1/leXSABbCgu9xeVkVvFXBuqc0eQHCORtV0xiz\nDs6jkxV+SSmtFxrFdyLoWLvShsp17EVN1TPrRg/V0pc2ZUyettnsKIFs7n1wCCtp\nQKaR5sBXerrKVVZvLoLPZimS1WfDMA0AAAAAAQID\n-----END OPENSSH PRIVATE KEY-----\n",
            "private_key_pem": "-----BEGIN RSA PRIVATE KEY-----\nMIIJKAIBAAKCAgEAy5O3HC3/mKaE3uMEVnQAr7hJyBGFsFPLwozuLBk8Nvvwq15y\nSubhkJKCPenrnd52DnB+NHl4FDeidLn/Px8RoMsofvCQuYGyh7iL2ctX7s2OtOVX\naaXnk7mEutlOL3VT8sTLYu2K0xD5WLE8KDg9NpBd4Fdsy55wFXbqgXFm86Bj3eiQ\n3BxiFckwwYuSdEEyLVz6qEtYimNbHUcx8+SRX6URS5tGPDdUUto5fPnX/1jikxHW\n7L09SmVdBanfJsP4Aru+CNRyg78n36KTqgMV/V1Cd8pB0oPKtfB8HQWmBMGA3Vu/\nWaIJ9ZjXk6lrFHBcVw2BERMq0kwl0zE7OKgcejwNZvVVP9EEnqfDMdVm5tJPaiR7\nWihfvB3FbY+U73xE4BAfOsGlChtXeUZGa/4dUJ+DZ85Wgf9MKkEOICDOkQXNPBqt\nbyVikiPw+XcvBQCcr/gIGzMhgTYjsHrKsWZc1toT78WGB7dQ67oalZwtoVpFXICp\nl33Ob7q1XguogHKua1NjYb8ykVo1PFPGoCnva2tQzYVeI2BiXwqTIIdRnXHdbF5y\nPqgxE/OyU0dKlf2qRJEkzGAjZXqK65cYecHhkFKy1kcWO9mNg7jU5GWMPcoIAxV4\ncYjej1yW3B/ycb7ty5O94g0lZ74lsDv/+b3XbSm9y+K6JrxrlTDRON5eJ1sCAwEA\nAQKCAgBtSRktqYvi+NGvjZNQjemoa3hATRfFttZV1K4vQkTPB6UFeihFCXjh0aTV\nc/Qmxbv+uGkn5mWOBOfTXd4mlpkyBp3wt1gaHgQnU+zPuJe1/Oe1OMEaWBPfe+JD\nJFESrRup4feFXhv+fsg80riGptpFpm6e9o/TJ3ToMPRnFOe9tcam5CiP4TTOmTjx\nTeoLOsyjCZ0OJ5SahgftycCJO5THEagdPHgR72n3KGtgKgfIboEDjrogUN7MR2oO\nlkjTWLSVUxALUXFARKg1J+O5ivqNDzmVcSCw0EtMLJOUSOn895wkORKaHaDXFXv1\nKyfuyvrnSLqW3gFI79QGchFmsujFx3xfpJHhxoSuh+71NV4yazWXGIoJ+QM3SwC9\nGg5LGfvZeZMx/FiZb3O9eS9Zqfsvfr1SV81QSBoR2O5NKxFK2gnLtroRaSafxq9T\nryW2D2rxEy0SgL7VK9LR1F8XCvMpbLeJjWdMEz/8ugSt9lzXBbm29pvIcnUPtEvP\n/CHPFYhb5v0R/C6WZ2reqaPsxSswbtIQ2UnllV7bt/p9mesA4OnJyAtf/U1BN8MP\nKKV9wrKCLvp+HItOebpSL5p1Msg9FLW/POF/NjZ7oRNwcgfZH2I8I4CsIuKcZ3lx\n8Q+LZQWLzJaMoDyRcd8oD/Vxbn/ZHAy43tR9W+Aq+/gozlJe8QKCAQEAzf8DcjKM\nG/hOwyckFh/kkK3d71v8gaAHeZEEdM5L8XOpVR2c2t+aHD8ND0FQTEky7tiD720A\nUZUcCF0BYeWc1doeZBMg21FkAQ1TKP/I+VFrevarb4iWurhlUgTxmaSv3pxf7Ibs\nsqCPdZ8DhOpXy0xd9DJPi6nXhDC3MjP1/SOr6qNoYrLu3OtHJMjCiKEZPD+HSsUs\n10Q/SuEGoVoI+U2L2LKZlxfVmBAak5sAVG9xlVFWMn/suBPv+pYxOAblrZQpa1L+\njHzXzqLM3dbUju77CP+aE/kvfalGzBkX1vwwMKRUpw6ko1YomeMC2fs98vnjhftG\nztp+Me7/MLpzBwKCAQEA/P5fUGwTPnt5WYgBjKqu4xwjmbB4El+YmK25Bfg9wd0q\naItzUrD2kRTddXXfVYcmRuBoZVM/Tpv8zxSWoxiWCPF1dqT1ISEqx5OMPNs9recg\nHrh6IIW8X65tunC005Y6DCb3TB5IGWWwjs8EYbljeRvbqb2uJixSLK8WAT6OKQ5W\nzsXvBQgQWWRmV9oXfAWPN/hgcYAKyLXq18s1PX+V5dIAFsKC73F5WRW8VcG6pzR5\nAcI5G1XTGLMOzqOTFX5JKa0XGsV3IuhYu9KGynXsRU3VM+tGD9XSlzZlTJ622ewo\ngWzufXAIK2lAppHmwFd6uspVVm8ugs9mKZLVZ8MwDQKCAQEAraFtfiws/MZnXQb4\n2802Etz6XG7kfz4sDsO1Rd89E9+xsxSqybH/bB+ZGmqrDCIG1FubmYv+4MUWQ9Zg\n++tWLssTIrcc0r/f0yMwHTa8Z6nBNnwENJakte4HOQMBwceWlcSo9e0kRcwgH7xQ\ncxAzwCA2cUaW1dnq1nlZcO9rQFt45OWnbsnznDKUXOT7U762Tpodp2BbU3crAip6\nNDZ3qes7HQQtgbWNTAcG37Oeq4zj6EAOr7I0DVSAym8ePWNS5OQlpVjnRfNU089V\nbwdNUs0Mu6D2di9rYDf2fMIJ3iPjWpyo3cbx7tsIje1S0fl7VfpbVOtf26s/A0e3\nwZLmsQKCAQBiN9MDIuIZuM/0vUN0u/Lngs4jZYpH/8r7Qz54ndZEBDvpmHHuIXun\n+YS8jEVnK+/lRkvhQn9qYk60ilas/OeKk0s6A3KTKRA1qQehvK/martikdX/+EuY\njdxVrFnXZxQkEaCicYMmMP9pgd8+nT2MEA+oh1YrxbslU9fkJcgFEmcLIXbY6jeG\nrN66rpW9dV8TqJ6wkbgeEdoZau/Bb13fejbEn0E7+j7VIgYa+Pog3dM4ppGLFje8\n+A8AlCqPBpca0fMNVqoY6EFCscnYog1XHo9t96IclbOLNvf+1gNA+VkEXij8k9jo\nGZWa1TvTYmLoT5Lv2nwhFqmf7DxjazilAoIBACzogUTvcebGuEqdFwZM5r+PxvIG\nBQQUKxRlCiezRMuiSLaAViq/NMCq+eVyUPRpa+sLFdrDi4I2MxBTghsn/qU/ccdc\nWuNLHxpdL7LPBP/LCZWZFqrV8rW+prAYrWahFAU+wqjkqtX2ON5TNaOPghqut4iq\nh4s7ZULjpGvV8iRQ/JjUsDNnc1UGzuMLbsG9o3iXGoG0ES03oDV6OalG+O6D+YXh\n80X4Ay5rO5NjXisKkv8Jptw6gnNF1Pf+fdSdBIqKsRQaSLNyPDhLAtQVEngPnzZT\nRHaxgyqNed+UjykpzSNcBb92vzK2uMVw9087X+PXjMRexIVP+HcKTm8btVo=\n-----END RSA PRIVATE KEY-----\n",
            "private_key_pem_pkcs8": "-----BEGIN PRIVATE KEY-----\nMIIJQgIBADANBgkqhkiG9w0BAQEFAASCCSwwggkoAgEAAoICAQDLk7ccLf+YpoTe\n4wRWdACvuEnIEYWwU8vCjO4sGTw2+/CrXnJK5uGQkoI96eud3nYOcH40eXgUN6J0\nuf8/HxGgyyh+8JC5gbKHuIvZy1fuzY605VdppeeTuYS62U4vdVPyxMti7YrTEPlY\nsTwoOD02kF3gV2zLnnAVduqBcWbzoGPd6JDcHGIVyTDBi5J0QTItXPqoS1iKY1sd\nRzHz5JFfpRFLm0Y8N1RS2jl8+df/WOKTEdbsvT1KZV0Fqd8mw/gCu74I1HKDvyff\nopOqAxX9XUJ3ykHSg8q18HwdBaYEwYDdW79Zogn1mNeTqWsUcFxXDYEREyrSTCXT\nMTs4qBx6PA1m9VU/0QSep8Mx1Wbm0k9qJHtaKF+8HcVtj5TvfETgEB86waUKG1d5\nRkZr/h1Qn4NnzlaB/0wqQQ4gIM6RBc08Gq1vJWKSI/D5dy8FAJyv+AgbMyGBNiOw\nesqxZlzW2hPvxYYHt1DruhqVnC2hWkVcgKmXfc5vurVeC6iAcq5rU2NhvzKRWjU8\nU8agKe9ra1DNhV4jYGJfCpMgh1Gdcd1sXnI+qDET87JTR0qV/apEkSTMYCNleorr\nlxh5weGQUrLWRxY72Y2DuNTkZYw9yggDFXhxiN6PXJbcH/Jxvu3Lk73iDSVnviWw\nO//5vddtKb3L4romvGuVMNE43l4nWwIDAQABAoICAG1JGS2pi+L40a+Nk1CN6ahr\neEBNF8W21lXUri9CRM8HpQV6KEUJeOHRpNVz9CbFu/64aSfmZY4E59Nd3iaWmTIG\nnfC3WBoeBCdT7M+4l7X857U4wRpYE9974kMkURKtG6nh94VeG/5+yDzSuIam2kWm\nbp72j9MndOgw9GcU5721xqbkKI/hNM6ZOPFN6gs6zKMJnQ4nlJqGB+3JwIk7lMcR\nqB08eBHvafcoa2AqB8hugQOOuiBQ3sxHag6WSNNYtJVTEAtRcUBEqDUn47mK+o0P\nOZVxILDQS0wsk5RI6fz3nCQ5EpodoNcVe/UrJ+7K+udIupbeAUjv1AZyEWay6MXH\nfF+kkeHGhK6H7vU1XjJrNZcYign5AzdLAL0aDksZ+9l5kzH8WJlvc715L1mp+y9+\nvVJXzVBIGhHY7k0rEUraCcu2uhFpJp/Gr1OvJbYPavETLRKAvtUr0tHUXxcK8yls\nt4mNZ0wTP/y6BK32XNcFubb2m8hydQ+0S8/8Ic8ViFvm/RH8LpZnat6po+zFKzBu\n0hDZSeWVXtu3+n2Z6wDg6cnIC1/9TUE3ww8opX3CsoIu+n4ci055ulIvmnUyyD0U\ntb884X82NnuhE3ByB9kfYjwjgKwi4pxneXHxD4tlBYvMloygPJFx3ygP9XFuf9kc\nDLje1H1b4Cr7+CjOUl7xAoIBAQDN/wNyMowb+E7DJyQWH+SQrd3vW/yBoAd5kQR0\nzkvxc6lVHZza35ocPw0PQVBMSTLu2IPvbQBRlRwIXQFh5ZzV2h5kEyDbUWQBDVMo\n/8j5UWt69qtviJa6uGVSBPGZpK/enF/shuyyoI91nwOE6lfLTF30Mk+LqdeEMLcy\nM/X9I6vqo2hisu7c60ckyMKIoRk8P4dKxSzXRD9K4QahWgj5TYvYspmXF9WYEBqT\nmwBUb3GVUVYyf+y4E+/6ljE4BuWtlClrUv6MfNfOoszd1tSO7vsI/5oT+S99qUbM\nGRfW/DAwpFSnDqSjViiZ4wLZ+z3y+eOF+0bO2n4x7v8wunMHAoIBAQD8/l9QbBM+\ne3lZiAGMqq7jHCOZsHgSX5iYrbkF+D3B3Spoi3NSsPaRFN11dd9VhyZG4GhlUz9O\nm/zPFJajGJYI8XV2pPUhISrHk4w82z2t5yAeuHoghbxfrm26cLTTljoMJvdMHkgZ\nZbCOzwRhuWN5G9upva4mLFIsrxYBPo4pDlbOxe8FCBBZZGZX2hd8BY83+GBxgArI\nterXyzU9f5Xl0gAWwoLvcXlZFbxVwbqnNHkBwjkbVdMYsw7Oo5MVfkkprRcaxXci\n6Fi70obKdexFTdUz60YP1dKXNmVMnrbZ7CiBbO59cAgraUCmkebAV3q6ylVWby6C\nz2YpktVnwzANAoIBAQCtoW1+LCz8xmddBvjbzTYS3PpcbuR/PiwOw7VF3z0T37Gz\nFKrJsf9sH5kaaqsMIgbUW5uZi/7gxRZD1mD761YuyxMitxzSv9/TIzAdNrxnqcE2\nfAQ0lqS17gc5AwHBx5aVxKj17SRFzCAfvFBzEDPAIDZxRpbV2erWeVlw72tAW3jk\n5aduyfOcMpRc5PtTvrZOmh2nYFtTdysCKno0Nnep6zsdBC2BtY1MBwbfs56rjOPo\nQA6vsjQNVIDKbx49Y1Lk5CWlWOdF81TTz1VvB01SzQy7oPZ2L2tgN/Z8wgneI+Na\nnKjdxvHu2wiN7VLR+XtV+ltU61/bqz8DR7fBkuaxAoIBAGI30wMi4hm4z/S9Q3S7\n8ueCziNlikf/yvtDPnid1kQEO+mYce4he6f5hLyMRWcr7+VGS+FCf2piTrSKVqz8\n54qTSzoDcpMpEDWpB6G8r+Zqu2KR1f/4S5iN3FWsWddnFCQRoKJxgyYw/2mB3z6d\nPYwQD6iHVivFuyVT1+QlyAUSZwshdtjqN4as3rqulb11XxOonrCRuB4R2hlq78Fv\nXd96NsSfQTv6PtUiBhr4+iDd0zimkYsWN7z4DwCUKo8GlxrR8w1WqhjoQUKxydii\nDVcej233ohyVs4s29/7WA0D5WQReKPyT2OgZlZrVO9NiYuhPku/afCEWqZ/sPGNr\nOKUCggEALOiBRO9x5sa4Sp0XBkzmv4/G8gYFBBQrFGUKJ7NEy6JItoBWKr80wKr5\n5XJQ9Glr6wsV2sOLgjYzEFOCGyf+pT9xx1xa40sfGl0vss8E/8sJlZkWqtXytb6m\nsBitZqEUBT7CqOSq1fY43lM1o4+CGq63iKqHiztlQuOka9XyJFD8mNSwM2dzVQbO\n4wtuwb2jeJcagbQRLTegNXo5qUb47oP5heHzRfgDLms7k2NeKwqS/wmm3DqCc0XU\n9/591J0EioqxFBpIs3I8OEsC1BUSeA+fNlNEdrGDKo1535SPKSnNI1wFv3a/Mra4\nxXD3Tztf49eMxF7EhU/4dwpObxu1Wg==\n-----END PRIVATE KEY-----\n",
            "public_key_fingerprint_md5": "d5:aa:80:54:0e:9a:e3:b9:f1:aa:66:58:db:50:9f:f7",
            "public_key_fingerprint_sha256": "SHA256:HWN/UHxK9aiRJSXXOR/asxDKBgPRzw0LwTwaflDIqOo",
            "public_key_openssh": "ssh-rsa AAAAB3NzaC1yc2EAAAADAQABAAACAQDLk7ccLf+YpoTe4wRWdACvuEnIEYWwU8vCjO4sGTw2+/CrXnJK5uGQkoI96eud3nYOcH40eXgUN6J0uf8/HxGgyyh+8JC5gbKHuIvZy1fuzY605VdppeeTuYS62U4vdVPyxMti7YrTEPlYsTwoOD02kF3gV2zLnnAVduqBcWbzoGPd6JDcHGIVyTDBi5J0QTItXPqoS1iKY1sdRzHz5JFfpRFLm0Y8N1RS2jl8+df/WOKTEdbsvT1KZV0Fqd8mw/gCu74I1HKDvyffopOqAxX9XUJ3ykHSg8q18HwdBaYEwYDdW79Zogn1mNeTqWsUcFxXDYEREyrSTCXTMTs4qBx6PA1m9VU/0QSep8Mx1Wbm0k9qJHtaKF+8HcVtj5TvfETgEB86waUKG1d5RkZr/h1Qn4NnzlaB/0wqQQ4gIM6RBc08Gq1vJWKSI/D5dy8FAJyv+AgbMyGBNiOwesqxZlzW2hPvxYYHt1DruhqVnC2hWkVcgKmXfc5vurVeC6iAcq5rU2NhvzKRWjU8U8agKe9ra1DNhV4jYGJfCpMgh1Gdcd1sXnI+qDET87JTR0qV/apEkSTMYCNleorrlxh5weGQUrLWRxY72Y2DuNTkZYw9yggDFXhxiN6PXJbcH/Jxvu3Lk73iDSVnviWwO//5vddtKb3L4romvGuVMNE43l4nWw==\n",
            "public_key_pem": "-----BEGIN PUBLIC KEY-----\nMIICIjANBgkqhkiG9w0BAQEFAAOCAg8AMIICCgKCAgEAy5O3HC3/mKaE3uMEVnQA\nr7hJyBGFsFPLwozuLBk8Nvvwq15ySubhkJKCPenrnd52DnB+NHl4FDeidLn/Px8R\noMsofvCQuYGyh7iL2ctX7s2OtOVXaaXnk7mEutlOL3VT8sTLYu2K0xD5WLE8KDg9\nNpBd4Fdsy55wFXbqgXFm86Bj3eiQ3BxiFckwwYuSdEEyLVz6qEtYimNbHUcx8+SR\nX6URS5tGPDdUUto5fPnX/1jikxHW7L09SmVdBanfJsP4Aru+CNRyg78n36KTqgMV\n/V1Cd8pB0oPKtfB8HQWmBMGA3Vu/WaIJ9ZjXk6lrFHBcVw2BERMq0kwl0zE7OKgc\nejwNZvVVP9EEnqfDMdVm5tJPaiR7WihfvB3FbY+U73xE4BAfOsGlChtXeUZGa/4d\nUJ+DZ85Wgf9MKkEOICDOkQXNPBqtbyVikiPw+XcvBQCcr/gIGzMhgTYjsHrKsWZc\n1toT78WGB7dQ67oalZwtoVpFXICpl33Ob7q1XguogHKua1NjYb8ykVo1PFPGoCnv\na2tQzYVeI2BiXwqTIIdRnXHdbF5yPqgxE/OyU0dKlf2qRJEkzGAjZXqK65cYecHh\nkFKy1kcWO9mNg7jU5GWMPcoIAxV4cYjej1yW3B/ycb7ty5O94g0lZ74lsDv/+b3X\nbSm9y+K6JrxrlTDRON5eJ1sCAwEAAQ==\n-----END PUBLIC KEY-----\n",
            "rsa_bits": 4096
          },
          "sensitive_attributes": []
        }
      ]
    },
    {
      "module": "module.vpc",
      "mode": "managed",
      "type": "aws_eip",
      "name": "nat",
      "provider": "provider[\"registry.terraform.io/hashicorp/aws\"]",
      "instances": [
        {
          "index_key": 0,
          "schema_version": 0,
          "attributes": {
            "address": null,
            "allocation_id": "eipalloc-0ce24b8a57a43eb6b",
            "associate_with_private_ip": null,
            "association_id": "eipassoc-0ad46ec278ff4ae45",
            "carrier_ip": "",
            "customer_owned_ip": "",
            "customer_owned_ipv4_pool": "",
            "domain": "vpc",
            "id": "eipalloc-0ce24b8a57a43eb6b",
            "instance": "",
            "network_border_group": "us-east-1",
            "network_interface": "eni-02b237faea35e51f0",
            "private_dns": "ip-10-0-101-200.ec2.internal",
            "private_ip": "10.0.101.200",
            "public_dns": "ec2-44-205-87-210.compute-1.amazonaws.com",
            "public_ip": "44.205.87.210",
            "public_ipv4_pool": "amazon",
            "tags": {
              "Environment": "stage",
              "Name": "stage-vpc",
              "Terraform": "true"
            },
            "tags_all": {
              "Environment": "stage",
              "Name": "stage-vpc",
              "Terraform": "true"
            },
            "timeouts": null,
            "vpc": true
          },
          "sensitive_attributes": [],
          "private": "eyJlMmJmYjczMC1lY2FhLTExZTYtOGY4OC0zNDM2M2JjN2M0YzAiOnsiZGVsZXRlIjoxODAwMDAwMDAwMDAsInJlYWQiOjkwMDAwMDAwMDAwMCwidXBkYXRlIjozMDAwMDAwMDAwMDB9fQ=="
        }
      ]
    },
    {
      "module": "module.vpc",
      "mode": "managed",
      "type": "aws_internet_gateway",
      "name": "this",
      "provider": "provider[\"registry.terraform.io/hashicorp/aws\"]",
      "instances": [
        {
          "index_key": 0,
          "schema_version": 0,
          "attributes": {
            "arn": "arn:aws:ec2:us-east-1:539507529953:internet-gateway/igw-0ee7ad18d7e252097",
            "id": "igw-0ee7ad18d7e252097",
            "owner_id": "539507529953",
            "tags": {
              "Environment": "stage",
              "Name": "stage-vpc",
              "Terraform": "true"
            },
            "tags_all": {
              "Environment": "stage",
              "Name": "stage-vpc",
              "Terraform": "true"
            },
            "timeouts": null,
            "vpc_id": "vpc-0a017a3d100aad0de"
          },
          "sensitive_attributes": [],
          "private": "eyJlMmJmYjczMC1lY2FhLTExZTYtOGY4OC0zNDM2M2JjN2M0YzAiOnsiY3JlYXRlIjoxMjAwMDAwMDAwMDAwLCJkZWxldGUiOjEyMDAwMDAwMDAwMDAsInVwZGF0ZSI6MTIwMDAwMDAwMDAwMH19",
          "dependencies": [
            "module.vpc.aws_vpc.this",
            "module.vpc.aws_vpc_ipv4_cidr_block_association.this"
          ]
        }
      ]
    },
    {
      "module": "module.vpc",
      "mode": "managed",
      "type": "aws_nat_gateway",
      "name": "this",
      "provider": "provider[\"registry.terraform.io/hashicorp/aws\"]",
      "instances": [
        {
          "index_key": 0,
          "schema_version": 0,
          "attributes": {
            "allocation_id": "eipalloc-0ce24b8a57a43eb6b",
            "connectivity_type": "public",
            "id": "nat-065ccf62e7cd4b5af",
            "network_interface_id": "eni-02b237faea35e51f0",
            "private_ip": "10.0.101.200",
            "public_ip": "44.205.87.210",
            "subnet_id": "subnet-082981d8389f13cf7",
            "tags": {
              "Environment": "stage",
              "Name": "stage-vpc",
              "Terraform": "true"
            },
            "tags_all": {
              "Environment": "stage",
              "Name": "stage-vpc",
              "Terraform": "true"
            }
          },
          "sensitive_attributes": [],
          "private": "bnVsbA==",
          "dependencies": [
            "module.vpc.aws_eip.nat",
            "module.vpc.aws_internet_gateway.this",
            "module.vpc.aws_subnet.public",
            "module.vpc.aws_vpc.this",
            "module.vpc.aws_vpc_ipv4_cidr_block_association.this"
          ]
        }
      ]
    },
    {
      "module": "module.vpc",
      "mode": "managed",
      "type": "aws_route",
      "name": "private_nat_gateway",
      "provider": "provider[\"registry.terraform.io/hashicorp/aws\"]",
      "instances": [
        {
          "index_key": 0,
          "schema_version": 0,
          "attributes": {
            "carrier_gateway_id": "",
            "core_network_arn": "",
            "destination_cidr_block": "0.0.0.0/0",
            "destination_ipv6_cidr_block": "",
            "destination_prefix_list_id": "",
            "egress_only_gateway_id": "",
            "gateway_id": "",
            "id": "r-rtb-0fcae3ec676e01fc01080289494",
            "instance_id": "",
            "instance_owner_id": "",
            "local_gateway_id": "",
            "nat_gateway_id": "nat-065ccf62e7cd4b5af",
            "network_interface_id": "",
            "origin": "CreateRoute",
            "route_table_id": "rtb-0fcae3ec676e01fc0",
            "state": "active",
            "timeouts": {
              "create": "5m",
              "delete": null,
              "update": null
            },
            "transit_gateway_id": "",
            "vpc_endpoint_id": "",
            "vpc_peering_connection_id": ""
          },
          "sensitive_attributes": [],
          "private": "eyJlMmJmYjczMC1lY2FhLTExZTYtOGY4OC0zNDM2M2JjN2M0YzAiOnsiY3JlYXRlIjozMDAwMDAwMDAwMDAsImRlbGV0ZSI6MzAwMDAwMDAwMDAwLCJ1cGRhdGUiOjEyMDAwMDAwMDAwMH19",
          "dependencies": [
            "module.vpc.aws_eip.nat",
            "module.vpc.aws_internet_gateway.this",
            "module.vpc.aws_nat_gateway.this",
            "module.vpc.aws_route_table.private",
            "module.vpc.aws_subnet.public",
            "module.vpc.aws_vpc.this",
            "module.vpc.aws_vpc_ipv4_cidr_block_association.this"
          ]
        }
      ]
    },
    {
      "module": "module.vpc",
      "mode": "managed",
      "type": "aws_route",
      "name": "public_internet_gateway",
      "provider": "provider[\"registry.terraform.io/hashicorp/aws\"]",
      "instances": [
        {
          "index_key": 0,
          "schema_version": 0,
          "attributes": {
            "carrier_gateway_id": "",
            "core_network_arn": "",
            "destination_cidr_block": "0.0.0.0/0",
            "destination_ipv6_cidr_block": "",
            "destination_prefix_list_id": "",
            "egress_only_gateway_id": "",
            "gateway_id": "igw-0ee7ad18d7e252097",
            "id": "r-rtb-09a7e9eb00db9cd9d1080289494",
            "instance_id": "",
            "instance_owner_id": "",
            "local_gateway_id": "",
            "nat_gateway_id": "",
            "network_interface_id": "",
            "origin": "CreateRoute",
            "route_table_id": "rtb-09a7e9eb00db9cd9d",
            "state": "active",
            "timeouts": {
              "create": "5m",
              "delete": null,
              "update": null
            },
            "transit_gateway_id": "",
            "vpc_endpoint_id": "",
            "vpc_peering_connection_id": ""
          },
          "sensitive_attributes": [],
          "private": "eyJlMmJmYjczMC1lY2FhLTExZTYtOGY4OC0zNDM2M2JjN2M0YzAiOnsiY3JlYXRlIjozMDAwMDAwMDAwMDAsImRlbGV0ZSI6MzAwMDAwMDAwMDAwLCJ1cGRhdGUiOjEyMDAwMDAwMDAwMH19",
          "dependencies": [
            "module.vpc.aws_internet_gateway.this",
            "module.vpc.aws_route_table.public",
            "module.vpc.aws_vpc.this",
            "module.vpc.aws_vpc_ipv4_cidr_block_association.this"
          ]
        }
      ]
    },
    {
      "module": "module.vpc",
      "mode": "managed",
      "type": "aws_route_table",
      "name": "private",
      "provider": "provider[\"registry.terraform.io/hashicorp/aws\"]",
      "instances": [
        {
          "index_key": 0,
          "schema_version": 0,
          "attributes": {
            "arn": "arn:aws:ec2:us-east-1:539507529953:route-table/rtb-0fcae3ec676e01fc0",
            "id": "rtb-0fcae3ec676e01fc0",
            "owner_id": "539507529953",
            "propagating_vgws": [],
            "route": [
              {
                "carrier_gateway_id": "",
                "cidr_block": "0.0.0.0/0",
                "core_network_arn": "",
                "destination_prefix_list_id": "",
                "egress_only_gateway_id": "",
                "gateway_id": "",
                "instance_id": "",
                "ipv6_cidr_block": "",
                "local_gateway_id": "",
                "nat_gateway_id": "nat-065ccf62e7cd4b5af",
                "network_interface_id": "",
                "transit_gateway_id": "",
                "vpc_endpoint_id": "",
                "vpc_peering_connection_id": ""
              }
            ],
            "tags": {
              "Environment": "stage",
              "Name": "stage-vpc",
              "Terraform": "true"
            },
            "tags_all": {
              "Environment": "stage",
              "Name": "stage-vpc",
              "Terraform": "true"
            },
            "timeouts": null,
            "vpc_id": "vpc-0a017a3d100aad0de"
          },
          "sensitive_attributes": [],
          "private": "eyJlMmJmYjczMC1lY2FhLTExZTYtOGY4OC0zNDM2M2JjN2M0YzAiOnsiY3JlYXRlIjozMDAwMDAwMDAwMDAsImRlbGV0ZSI6MzAwMDAwMDAwMDAwLCJ1cGRhdGUiOjEyMDAwMDAwMDAwMH19",
          "dependencies": [
            "module.vpc.aws_vpc.this",
            "module.vpc.aws_vpc_ipv4_cidr_block_association.this"
          ]
        }
      ]
    },
    {
      "module": "module.vpc",
      "mode": "managed",
      "type": "aws_route_table",
      "name": "public",
      "provider": "provider[\"registry.terraform.io/hashicorp/aws\"]",
      "instances": [
        {
          "index_key": 0,
          "schema_version": 0,
          "attributes": {
            "arn": "arn:aws:ec2:us-east-1:539507529953:route-table/rtb-09a7e9eb00db9cd9d",
            "id": "rtb-09a7e9eb00db9cd9d",
            "owner_id": "539507529953",
            "propagating_vgws": [],
            "route": [
              {
                "carrier_gateway_id": "",
                "cidr_block": "0.0.0.0/0",
                "core_network_arn": "",
                "destination_prefix_list_id": "",
                "egress_only_gateway_id": "",
                "gateway_id": "igw-0ee7ad18d7e252097",
                "instance_id": "",
                "ipv6_cidr_block": "",
                "local_gateway_id": "",
                "nat_gateway_id": "",
                "network_interface_id": "",
                "transit_gateway_id": "",
                "vpc_endpoint_id": "",
                "vpc_peering_connection_id": ""
              }
            ],
            "tags": {
              "Environment": "stage",
              "Name": "stage-vpc",
              "Terraform": "true"
            },
            "tags_all": {
              "Environment": "stage",
              "Name": "stage-vpc",
              "Terraform": "true"
            },
            "timeouts": null,
            "vpc_id": "vpc-0a017a3d100aad0de"
          },
          "sensitive_attributes": [],
          "private": "eyJlMmJmYjczMC1lY2FhLTExZTYtOGY4OC0zNDM2M2JjN2M0YzAiOnsiY3JlYXRlIjozMDAwMDAwMDAwMDAsImRlbGV0ZSI6MzAwMDAwMDAwMDAwLCJ1cGRhdGUiOjEyMDAwMDAwMDAwMH19",
          "dependencies": [
            "module.vpc.aws_vpc.this",
            "module.vpc.aws_vpc_ipv4_cidr_block_association.this"
          ]
        }
      ]
    },
    {
      "module": "module.vpc",
      "mode": "managed",
      "type": "aws_route_table_association",
      "name": "private",
      "provider": "provider[\"registry.terraform.io/hashicorp/aws\"]",
      "instances": [
        {
          "index_key": 0,
          "schema_version": 0,
          "attributes": {
            "gateway_id": "",
            "id": "rtbassoc-07947515caeb68449",
            "route_table_id": "rtb-0fcae3ec676e01fc0",
            "subnet_id": "subnet-0ddd2f5bb87ffe58a"
          },
          "sensitive_attributes": [],
          "private": "bnVsbA==",
          "dependencies": [
            "module.vpc.aws_route_table.private",
            "module.vpc.aws_subnet.private",
            "module.vpc.aws_vpc.this",
            "module.vpc.aws_vpc_ipv4_cidr_block_association.this"
          ]
        },
        {
          "index_key": 1,
          "schema_version": 0,
          "attributes": {
            "gateway_id": "",
            "id": "rtbassoc-03417eb196f4047b4",
            "route_table_id": "rtb-0fcae3ec676e01fc0",
            "subnet_id": "subnet-0b56da2b4b92abd5c"
          },
          "sensitive_attributes": [],
          "private": "bnVsbA==",
          "dependencies": [
            "module.vpc.aws_route_table.private",
            "module.vpc.aws_subnet.private",
            "module.vpc.aws_vpc.this",
            "module.vpc.aws_vpc_ipv4_cidr_block_association.this"
          ]
        },
        {
          "index_key": 2,
          "schema_version": 0,
          "attributes": {
            "gateway_id": "",
            "id": "rtbassoc-090d89a3eae466738",
            "route_table_id": "rtb-0fcae3ec676e01fc0",
            "subnet_id": "subnet-05f3f7ad604f5415d"
          },
          "sensitive_attributes": [],
          "private": "bnVsbA==",
          "dependencies": [
            "module.vpc.aws_route_table.private",
            "module.vpc.aws_subnet.private",
            "module.vpc.aws_vpc.this",
            "module.vpc.aws_vpc_ipv4_cidr_block_association.this"
          ]
        }
      ]
    },
    {
      "module": "module.vpc",
      "mode": "managed",
      "type": "aws_route_table_association",
      "name": "public",
      "provider": "provider[\"registry.terraform.io/hashicorp/aws\"]",
      "instances": [
        {
          "index_key": 0,
          "schema_version": 0,
          "attributes": {
            "gateway_id": "",
            "id": "rtbassoc-0cf3c7e2258f3f957",
            "route_table_id": "rtb-09a7e9eb00db9cd9d",
            "subnet_id": "subnet-082981d8389f13cf7"
          },
          "sensitive_attributes": [],
          "private": "bnVsbA==",
          "dependencies": [
            "module.vpc.aws_route_table.public",
            "module.vpc.aws_subnet.public",
            "module.vpc.aws_vpc.this",
            "module.vpc.aws_vpc_ipv4_cidr_block_association.this"
          ]
        },
        {
          "index_key": 1,
          "schema_version": 0,
          "attributes": {
            "gateway_id": "",
            "id": "rtbassoc-0dc67dab057095c1a",
            "route_table_id": "rtb-09a7e9eb00db9cd9d",
            "subnet_id": "subnet-051cc2970255ef08b"
          },
          "sensitive_attributes": [],
          "private": "bnVsbA==",
          "dependencies": [
            "module.vpc.aws_route_table.public",
            "module.vpc.aws_subnet.public",
            "module.vpc.aws_vpc.this",
            "module.vpc.aws_vpc_ipv4_cidr_block_association.this"
          ]
        },
        {
          "index_key": 2,
          "schema_version": 0,
          "attributes": {
            "gateway_id": "",
            "id": "rtbassoc-0c2fa3202b995e29b",
            "route_table_id": "rtb-09a7e9eb00db9cd9d",
            "subnet_id": "subnet-0a8ee23aa0be61c19"
          },
          "sensitive_attributes": [],
          "private": "bnVsbA==",
          "dependencies": [
            "module.vpc.aws_route_table.public",
            "module.vpc.aws_subnet.public",
            "module.vpc.aws_vpc.this",
            "module.vpc.aws_vpc_ipv4_cidr_block_association.this"
          ]
        }
      ]
    },
    {
      "module": "module.vpc",
      "mode": "managed",
      "type": "aws_subnet",
      "name": "private",
      "provider": "provider[\"registry.terraform.io/hashicorp/aws\"]",
      "instances": [
        {
          "index_key": 0,
          "schema_version": 1,
          "attributes": {
            "arn": "arn:aws:ec2:us-east-1:539507529953:subnet/subnet-0ddd2f5bb87ffe58a",
            "assign_ipv6_address_on_creation": false,
            "availability_zone": "us-east-1a",
            "availability_zone_id": "use1-az1",
            "cidr_block": "10.0.1.0/24",
            "customer_owned_ipv4_pool": "",
            "enable_dns64": false,
            "enable_resource_name_dns_a_record_on_launch": false,
            "enable_resource_name_dns_aaaa_record_on_launch": false,
            "id": "subnet-0ddd2f5bb87ffe58a",
            "ipv6_cidr_block": "",
            "ipv6_cidr_block_association_id": "",
            "ipv6_native": false,
            "map_customer_owned_ip_on_launch": false,
            "map_public_ip_on_launch": false,
            "outpost_arn": "",
            "owner_id": "539507529953",
            "private_dns_hostname_type_on_launch": "ip-name",
            "tags": {
              "Environment": "stage",
              "Name": "private-subnet",
              "Terraform": "true"
            },
            "tags_all": {
              "Environment": "stage",
              "Name": "private-subnet",
              "Terraform": "true"
            },
            "timeouts": null,
            "vpc_id": "vpc-0a017a3d100aad0de"
          },
          "sensitive_attributes": [],
          "private": "eyJlMmJmYjczMC1lY2FhLTExZTYtOGY4OC0zNDM2M2JjN2M0YzAiOnsiY3JlYXRlIjo2MDAwMDAwMDAwMDAsImRlbGV0ZSI6MTIwMDAwMDAwMDAwMH0sInNjaGVtYV92ZXJzaW9uIjoiMSJ9",
          "dependencies": [
            "module.vpc.aws_vpc.this",
            "module.vpc.aws_vpc_ipv4_cidr_block_association.this"
          ]
        },
        {
          "index_key": 1,
          "schema_version": 1,
          "attributes": {
            "arn": "arn:aws:ec2:us-east-1:539507529953:subnet/subnet-0b56da2b4b92abd5c",
            "assign_ipv6_address_on_creation": false,
            "availability_zone": "us-east-1b",
            "availability_zone_id": "use1-az2",
            "cidr_block": "10.0.2.0/24",
            "customer_owned_ipv4_pool": "",
            "enable_dns64": false,
            "enable_resource_name_dns_a_record_on_launch": false,
            "enable_resource_name_dns_aaaa_record_on_launch": false,
            "id": "subnet-0b56da2b4b92abd5c",
            "ipv6_cidr_block": "",
            "ipv6_cidr_block_association_id": "",
            "ipv6_native": false,
            "map_customer_owned_ip_on_launch": false,
            "map_public_ip_on_launch": false,
            "outpost_arn": "",
            "owner_id": "539507529953",
            "private_dns_hostname_type_on_launch": "ip-name",
            "tags": {
              "Environment": "stage",
              "Name": "private-subnet",
              "Terraform": "true"
            },
            "tags_all": {
              "Environment": "stage",
              "Name": "private-subnet",
              "Terraform": "true"
            },
            "timeouts": null,
            "vpc_id": "vpc-0a017a3d100aad0de"
          },
          "sensitive_attributes": [],
          "private": "eyJlMmJmYjczMC1lY2FhLTExZTYtOGY4OC0zNDM2M2JjN2M0YzAiOnsiY3JlYXRlIjo2MDAwMDAwMDAwMDAsImRlbGV0ZSI6MTIwMDAwMDAwMDAwMH0sInNjaGVtYV92ZXJzaW9uIjoiMSJ9",
          "dependencies": [
            "module.vpc.aws_vpc.this",
            "module.vpc.aws_vpc_ipv4_cidr_block_association.this"
          ]
        },
        {
          "index_key": 2,
          "schema_version": 1,
          "attributes": {
            "arn": "arn:aws:ec2:us-east-1:539507529953:subnet/subnet-05f3f7ad604f5415d",
            "assign_ipv6_address_on_creation": false,
            "availability_zone": "us-east-1c",
            "availability_zone_id": "use1-az4",
            "cidr_block": "10.0.3.0/24",
            "customer_owned_ipv4_pool": "",
            "enable_dns64": false,
            "enable_resource_name_dns_a_record_on_launch": false,
            "enable_resource_name_dns_aaaa_record_on_launch": false,
            "id": "subnet-05f3f7ad604f5415d",
            "ipv6_cidr_block": "",
            "ipv6_cidr_block_association_id": "",
            "ipv6_native": false,
            "map_customer_owned_ip_on_launch": false,
            "map_public_ip_on_launch": false,
            "outpost_arn": "",
            "owner_id": "539507529953",
            "private_dns_hostname_type_on_launch": "ip-name",
            "tags": {
              "Environment": "stage",
              "Name": "private-subnet",
              "Terraform": "true"
            },
            "tags_all": {
              "Environment": "stage",
              "Name": "private-subnet",
              "Terraform": "true"
            },
            "timeouts": null,
            "vpc_id": "vpc-0a017a3d100aad0de"
          },
          "sensitive_attributes": [],
          "private": "eyJlMmJmYjczMC1lY2FhLTExZTYtOGY4OC0zNDM2M2JjN2M0YzAiOnsiY3JlYXRlIjo2MDAwMDAwMDAwMDAsImRlbGV0ZSI6MTIwMDAwMDAwMDAwMH0sInNjaGVtYV92ZXJzaW9uIjoiMSJ9",
          "dependencies": [
            "module.vpc.aws_vpc.this",
            "module.vpc.aws_vpc_ipv4_cidr_block_association.this"
          ]
        }
      ]
    },
    {
      "module": "module.vpc",
      "mode": "managed",
      "type": "aws_subnet",
      "name": "public",
      "provider": "provider[\"registry.terraform.io/hashicorp/aws\"]",
      "instances": [
        {
          "index_key": 0,
          "schema_version": 1,
          "attributes": {
            "arn": "arn:aws:ec2:us-east-1:539507529953:subnet/subnet-082981d8389f13cf7",
            "assign_ipv6_address_on_creation": false,
            "availability_zone": "us-east-1a",
            "availability_zone_id": "use1-az1",
            "cidr_block": "10.0.101.0/24",
            "customer_owned_ipv4_pool": "",
            "enable_dns64": false,
            "enable_resource_name_dns_a_record_on_launch": false,
            "enable_resource_name_dns_aaaa_record_on_launch": false,
            "id": "subnet-082981d8389f13cf7",
            "ipv6_cidr_block": "",
            "ipv6_cidr_block_association_id": "",
            "ipv6_native": false,
            "map_customer_owned_ip_on_launch": false,
            "map_public_ip_on_launch": true,
            "outpost_arn": "",
            "owner_id": "539507529953",
            "private_dns_hostname_type_on_launch": "ip-name",
            "tags": {
              "Environment": "stage",
              "Name": "public-subnet",
              "Terraform": "true"
            },
            "tags_all": {
              "Environment": "stage",
              "Name": "public-subnet",
              "Terraform": "true"
            },
            "timeouts": null,
            "vpc_id": "vpc-0a017a3d100aad0de"
          },
          "sensitive_attributes": [],
          "private": "eyJlMmJmYjczMC1lY2FhLTExZTYtOGY4OC0zNDM2M2JjN2M0YzAiOnsiY3JlYXRlIjo2MDAwMDAwMDAwMDAsImRlbGV0ZSI6MTIwMDAwMDAwMDAwMH0sInNjaGVtYV92ZXJzaW9uIjoiMSJ9",
          "dependencies": [
            "module.vpc.aws_vpc.this",
            "module.vpc.aws_vpc_ipv4_cidr_block_association.this"
          ]
        },
        {
          "index_key": 1,
          "schema_version": 1,
          "attributes": {
            "arn": "arn:aws:ec2:us-east-1:539507529953:subnet/subnet-051cc2970255ef08b",
            "assign_ipv6_address_on_creation": false,
            "availability_zone": "us-east-1b",
            "availability_zone_id": "use1-az2",
            "cidr_block": "10.0.102.0/24",
            "customer_owned_ipv4_pool": "",
            "enable_dns64": false,
            "enable_resource_name_dns_a_record_on_launch": false,
            "enable_resource_name_dns_aaaa_record_on_launch": false,
            "id": "subnet-051cc2970255ef08b",
            "ipv6_cidr_block": "",
            "ipv6_cidr_block_association_id": "",
            "ipv6_native": false,
            "map_customer_owned_ip_on_launch": false,
            "map_public_ip_on_launch": true,
            "outpost_arn": "",
            "owner_id": "539507529953",
            "private_dns_hostname_type_on_launch": "ip-name",
            "tags": {
              "Environment": "stage",
              "Name": "public-subnet",
              "Terraform": "true"
            },
            "tags_all": {
              "Environment": "stage",
              "Name": "public-subnet",
              "Terraform": "true"
            },
            "timeouts": null,
            "vpc_id": "vpc-0a017a3d100aad0de"
          },
          "sensitive_attributes": [],
          "private": "eyJlMmJmYjczMC1lY2FhLTExZTYtOGY4OC0zNDM2M2JjN2M0YzAiOnsiY3JlYXRlIjo2MDAwMDAwMDAwMDAsImRlbGV0ZSI6MTIwMDAwMDAwMDAwMH0sInNjaGVtYV92ZXJzaW9uIjoiMSJ9",
          "dependencies": [
            "module.vpc.aws_vpc.this",
            "module.vpc.aws_vpc_ipv4_cidr_block_association.this"
          ]
        },
        {
          "index_key": 2,
          "schema_version": 1,
          "attributes": {
            "arn": "arn:aws:ec2:us-east-1:539507529953:subnet/subnet-0a8ee23aa0be61c19",
            "assign_ipv6_address_on_creation": false,
            "availability_zone": "us-east-1c",
            "availability_zone_id": "use1-az4",
            "cidr_block": "10.0.103.0/24",
            "customer_owned_ipv4_pool": "",
            "enable_dns64": false,
            "enable_resource_name_dns_a_record_on_launch": false,
            "enable_resource_name_dns_aaaa_record_on_launch": false,
            "id": "subnet-0a8ee23aa0be61c19",
            "ipv6_cidr_block": "",
            "ipv6_cidr_block_association_id": "",
            "ipv6_native": false,
            "map_customer_owned_ip_on_launch": false,
            "map_public_ip_on_launch": true,
            "outpost_arn": "",
            "owner_id": "539507529953",
            "private_dns_hostname_type_on_launch": "ip-name",
            "tags": {
              "Environment": "stage",
              "Name": "public-subnet",
              "Terraform": "true"
            },
            "tags_all": {
              "Environment": "stage",
              "Name": "public-subnet",
              "Terraform": "true"
            },
            "timeouts": null,
            "vpc_id": "vpc-0a017a3d100aad0de"
          },
          "sensitive_attributes": [],
          "private": "eyJlMmJmYjczMC1lY2FhLTExZTYtOGY4OC0zNDM2M2JjN2M0YzAiOnsiY3JlYXRlIjo2MDAwMDAwMDAwMDAsImRlbGV0ZSI6MTIwMDAwMDAwMDAwMH0sInNjaGVtYV92ZXJzaW9uIjoiMSJ9",
          "dependencies": [
            "module.vpc.aws_vpc.this",
            "module.vpc.aws_vpc_ipv4_cidr_block_association.this"
          ]
        }
      ]
    },
    {
      "module": "module.vpc",
      "mode": "managed",
      "type": "aws_vpc",
      "name": "this",
      "provider": "provider[\"registry.terraform.io/hashicorp/aws\"]",
      "instances": [
        {
          "index_key": 0,
          "schema_version": 1,
          "attributes": {
            "arn": "arn:aws:ec2:us-east-1:539507529953:vpc/vpc-0a017a3d100aad0de",
            "assign_generated_ipv6_cidr_block": false,
            "cidr_block": "10.0.0.0/16",
            "default_network_acl_id": "acl-023c3f39bf98946e0",
            "default_route_table_id": "rtb-07a910d434629dae3",
            "default_security_group_id": "sg-027056ef23d3b4e07",
            "dhcp_options_id": "dopt-0b180830beb475499",
            "enable_classiclink": false,
            "enable_classiclink_dns_support": false,
            "enable_dns_hostnames": false,
            "enable_dns_support": true,
            "enable_network_address_usage_metrics": false,
            "id": "vpc-0a017a3d100aad0de",
            "instance_tenancy": "default",
            "ipv4_ipam_pool_id": null,
            "ipv4_netmask_length": null,
            "ipv6_association_id": "",
            "ipv6_cidr_block": "",
            "ipv6_cidr_block_network_border_group": "",
            "ipv6_ipam_pool_id": "",
            "ipv6_netmask_length": 0,
            "main_route_table_id": "rtb-07a910d434629dae3",
            "owner_id": "539507529953",
            "tags": {
              "Environment": "stage",
              "Name": "stage-vpc",
              "Terraform": "true"
            },
            "tags_all": {
              "Environment": "stage",
              "Name": "stage-vpc",
              "Terraform": "true"
            }
          },
          "sensitive_attributes": [],
          "private": "eyJzY2hlbWFfdmVyc2lvbiI6IjEifQ=="
        }
      ]
    }
  ]
}
