{
  "version": 4,
  "terraform_version": "1.2.7",
  "serial": 688,
  "lineage": "3df2f1c7-26c4-57cb-7602-77d7ec446859",
  "outputs": {
    "Jenkins_IP": {
      "value": "",
      "type": "string"
    },
    "bastion_host_public_ip": {
      "value": "35.91.234.51",
      "type": "string"
    },
    "clusterlb_pubip": {
      "value": [
        "34.210.160.130"
      ],
      "type": [
        "tuple",
        [
          "string"
        ]
      ]
    },
    "jenkins_lb_dns": {
      "value": "jenkins-lb-1252786218.us-west-2.elb.amazonaws.com",
      "type": "string"
    },
    "k8s_alb-dns": {
      "value": "k8s-alb-1093583149.us-west-2.elb.amazonaws.com",
      "type": "string"
    },
    "masters-ips": {
      "value": [
        "34.209.251.223",
        "54.184.228.4",
        "54.202.94.231"
      ],
      "type": [
        "tuple",
        [
          "string",
          "string",
          "string"
        ]
      ]
    },
    "workers-ips": {
      "value": [
        "18.236.183.215",
        "52.40.144.153",
        "34.211.123.185"
      ],
      "type": [
        "tuple",
        [
          "string",
          "string",
          "string"
        ]
      ]
    }
  },
  "resources": [
    {
      "mode": "managed",
      "type": "aws_elb",
      "name": "jenkins-lb",
      "provider": "provider[\"registry.terraform.io/hashicorp/aws\"]",
      "instances": [
        {
          "schema_version": 0,
          "attributes": {
            "access_logs": [],
            "arn": "arn:aws:elasticloadbalancing:us-west-2:539507529953:loadbalancer/jenkins-lb",
            "availability_zones": [
              "us-west-2a",
              "us-west-2b",
              "us-west-2c"
            ],
            "connection_draining": true,
            "connection_draining_timeout": 400,
            "cross_zone_load_balancing": true,
            "desync_mitigation_mode": "defensive",
            "dns_name": "jenkins-lb-1252786218.us-west-2.elb.amazonaws.com",
            "health_check": [
              {
                "healthy_threshold": 2,
                "interval": 30,
                "target": "TCP:8080",
                "timeout": 3,
                "unhealthy_threshold": 2
              }
            ],
            "id": "jenkins-lb",
            "idle_timeout": 400,
            "instances": [
              "i-04dc247d5e79fc08e"
            ],
            "internal": false,
            "listener": [
              {
                "instance_port": 8080,
                "instance_protocol": "http",
                "lb_port": 80,
                "lb_protocol": "http",
                "ssl_certificate_id": ""
              }
            ],
            "name": "jenkins-lb",
            "name_prefix": null,
            "security_groups": [
              "sg-08c5d06db258d4c15"
            ],
            "source_security_group": "539507529953/jenkins_lbSG",
            "source_security_group_id": "sg-08c5d06db258d4c15",
            "subnets": [
              "subnet-066554e7c307478d1",
              "subnet-079a1ea4121c22eca",
              "subnet-0aa2cebe28e5a414a"
            ],
            "tags": {
              "Name": "jenkins-lb"
            },
            "tags_all": {
              "Name": "jenkins-lb"
            },
            "zone_id": "Z1H1FL5HABSF5"
          },
          "sensitive_attributes": [],
          "private": "bnVsbA==",
          "dependencies": [
            "aws_instance.Jenkins",
            "aws_key_pair.k8_ssh",
            "aws_security_group.Jenkins_SG",
            "aws_security_group.jenkins_lbSG",
            "module.vpc.aws_subnet.private",
            "module.vpc.aws_subnet.public",
            "module.vpc.aws_vpc.this",
            "module.vpc.aws_vpc_ipv4_cidr_block_association.this",
            "tls_private_key.ssh"
          ]
        }
      ]
    },
    {
      "mode": "managed",
      "type": "aws_elb",
      "name": "k8s-alb",
      "provider": "provider[\"registry.terraform.io/hashicorp/aws\"]",
      "instances": [
        {
          "schema_version": 0,
          "attributes": {
            "access_logs": [],
            "arn": "arn:aws:elasticloadbalancing:us-west-2:539507529953:loadbalancer/k8s-alb",
            "availability_zones": [
              "us-west-2a",
              "us-west-2b",
              "us-west-2c"
            ],
            "connection_draining": true,
            "connection_draining_timeout": 400,
            "cross_zone_load_balancing": true,
            "desync_mitigation_mode": "defensive",
            "dns_name": "k8s-alb-1093583149.us-west-2.elb.amazonaws.com",
            "health_check": [
              {
                "healthy_threshold": 2,
                "interval": 30,
                "target": "TCP:30001",
                "timeout": 3,
                "unhealthy_threshold": 2
              }
            ],
            "id": "k8s-alb",
            "idle_timeout": 400,
            "instances": [
              "i-0a91c38070e10331e"
            ],
            "internal": false,
            "listener": [
              {
                "instance_port": 30001,
                "instance_protocol": "http",
                "lb_port": 80,
                "lb_protocol": "http",
                "ssl_certificate_id": ""
              }
            ],
            "name": "k8s-alb",
            "name_prefix": null,
            "security_groups": [
              "sg-068c002ce8d60d018"
            ],
            "source_security_group": "539507529953/terraform-20221204054255009700000001",
            "source_security_group_id": "sg-068c002ce8d60d018",
            "subnets": [
              "subnet-066554e7c307478d1",
              "subnet-079a1ea4121c22eca",
              "subnet-0aa2cebe28e5a414a"
            ],
            "tags": {
              "Name": "jenkins-lb"
            },
            "tags_all": {
              "Name": "jenkins-lb"
            },
            "zone_id": "Z1H1FL5HABSF5"
          },
          "sensitive_attributes": [],
          "private": "bnVsbA==",
          "dependencies": [
            "aws_instance.workers",
            "aws_key_pair.k8_ssh",
            "aws_security_group.CLUSTER_SG",
            "aws_security_group.k8_workers",
            "module.vpc.aws_subnet.private",
            "module.vpc.aws_subnet.public",
            "module.vpc.aws_vpc.this",
            "module.vpc.aws_vpc_ipv4_cidr_block_association.this",
            "tls_private_key.ssh"
          ]
        }
      ]
    },
    {
      "mode": "managed",
      "type": "aws_instance",
      "name": "Jenkins",
      "provider": "provider[\"registry.terraform.io/hashicorp/aws\"]",
      "instances": [
        {
          "schema_version": 1,
          "attributes": {
            "ami": "ami-0e4841c3bb7d47d69",
            "arn": "arn:aws:ec2:us-west-2:539507529953:instance/i-04dc247d5e79fc08e",
            "associate_public_ip_address": false,
            "availability_zone": "us-west-2a",
            "capacity_reservation_specification": [
              {
                "capacity_reservation_preference": "open",
                "capacity_reservation_target": []
              }
            ],
            "cpu_core_count": 2,
            "cpu_threads_per_core": 1,
            "credit_specification": [
              {
                "cpu_credits": "standard"
              }
            ],
            "disable_api_stop": false,
            "disable_api_termination": false,
            "ebs_block_device": [],
            "ebs_optimized": false,
            "enclave_options": [
              {
                "enabled": false
              }
            ],
            "ephemeral_block_device": [],
            "get_password_data": false,
            "hibernation": false,
            "host_id": null,
            "host_resource_group_arn": null,
            "iam_instance_profile": "",
            "id": "i-04dc247d5e79fc08e",
            "instance_initiated_shutdown_behavior": "stop",
            "instance_state": "running",
            "instance_type": "t2.medium",
            "ipv6_address_count": 0,
            "ipv6_addresses": [],
            "key_name": "k8_ssh",
            "launch_template": [],
            "maintenance_options": [
              {
                "auto_recovery": "default"
              }
            ],
            "metadata_options": [
              {
                "http_endpoint": "enabled",
                "http_put_response_hop_limit": 1,
                "http_tokens": "optional",
                "instance_metadata_tags": "disabled"
              }
            ],
            "monitoring": false,
            "network_interface": [],
            "outpost_arn": "",
            "password_data": "",
            "placement_group": "",
            "placement_partition_number": null,
            "primary_network_interface_id": "eni-0f8ff17727a331611",
            "private_dns": "ip-10-0-1-244.us-west-2.compute.internal",
            "private_dns_name_options": [
              {
                "enable_resource_name_dns_a_record": false,
                "enable_resource_name_dns_aaaa_record": false,
                "hostname_type": "ip-name"
              }
            ],
            "private_ip": "10.0.1.244",
            "public_dns": "",
            "public_ip": "",
            "root_block_device": [
              {
                "delete_on_termination": true,
                "device_name": "/dev/sda1",
                "encrypted": false,
                "iops": 100,
                "kms_key_id": "",
                "tags": {},
                "throughput": 0,
                "volume_id": "vol-0667607a411132bf0",
                "volume_size": 10,
                "volume_type": "gp2"
              }
            ],
            "secondary_private_ips": [],
            "security_groups": [
              "sg-07343b4afb1a84091"
            ],
            "source_dest_check": true,
            "subnet_id": "subnet-036d4616ff4d8b6a2",
            "tags": {
              "Name": "Ansible"
            },
            "tags_all": {
              "Name": "Ansible"
            },
            "tenancy": "default",
            "timeouts": null,
            "user_data": "7151655f00d7b8afbb3f9205efeb0c54fcb66713",
            "user_data_base64": null,
            "user_data_replace_on_change": false,
            "volume_tags": null,
            "vpc_security_group_ids": [
              "sg-07343b4afb1a84091"
            ]
          },
          "sensitive_attributes": [],
          "private": "eyJlMmJmYjczMC1lY2FhLTExZTYtOGY4OC0zNDM2M2JjN2M0YzAiOnsiY3JlYXRlIjo2MDAwMDAwMDAwMDAsImRlbGV0ZSI6MTIwMDAwMDAwMDAwMCwidXBkYXRlIjo2MDAwMDAwMDAwMDB9LCJzY2hlbWFfdmVyc2lvbiI6IjEifQ==",
          "dependencies": [
            "aws_key_pair.k8_ssh",
            "aws_security_group.Jenkins_SG",
            "module.vpc.aws_subnet.private",
            "module.vpc.aws_vpc.this",
            "module.vpc.aws_vpc_ipv4_cidr_block_association.this",
            "tls_private_key.ssh"
          ]
        }
      ]
    },
    {
      "mode": "managed",
      "type": "aws_instance",
      "name": "ansible",
      "provider": "provider[\"registry.terraform.io/hashicorp/aws\"]",
      "instances": [
        {
          "schema_version": 1,
          "attributes": {
            "ami": "ami-017fecd1353bcc96e",
            "arn": "arn:aws:ec2:us-west-2:539507529953:instance/i-0e007c838e1afad5d",
            "associate_public_ip_address": true,
            "availability_zone": "us-west-2a",
            "capacity_reservation_specification": [
              {
                "capacity_reservation_preference": "open",
                "capacity_reservation_target": []
              }
            ],
            "cpu_core_count": 1,
            "cpu_threads_per_core": 1,
            "credit_specification": [
              {
                "cpu_credits": "standard"
              }
            ],
            "disable_api_stop": false,
            "disable_api_termination": false,
            "ebs_block_device": [],
            "ebs_optimized": false,
            "enclave_options": [
              {
                "enabled": false
              }
            ],
            "ephemeral_block_device": [],
            "get_password_data": false,
            "hibernation": false,
            "host_id": null,
            "host_resource_group_arn": null,
            "iam_instance_profile": "",
            "id": "i-0e007c838e1afad5d",
            "instance_initiated_shutdown_behavior": "stop",
            "instance_state": "running",
            "instance_type": "t2.micro",
            "ipv6_address_count": 0,
            "ipv6_addresses": [],
            "key_name": "k8_ssh",
            "launch_template": [],
            "maintenance_options": [
              {
                "auto_recovery": "default"
              }
            ],
            "metadata_options": [
              {
                "http_endpoint": "enabled",
                "http_put_response_hop_limit": 1,
                "http_tokens": "optional",
                "instance_metadata_tags": "disabled"
              }
            ],
            "monitoring": false,
            "network_interface": [],
            "outpost_arn": "",
            "password_data": "",
            "placement_group": "",
            "placement_partition_number": null,
            "primary_network_interface_id": "eni-0dbf685a6a7f94198",
            "private_dns": "ip-10-0-101-176.us-west-2.compute.internal",
            "private_dns_name_options": [
              {
                "enable_resource_name_dns_a_record": false,
                "enable_resource_name_dns_aaaa_record": false,
                "hostname_type": "ip-name"
              }
            ],
            "private_ip": "10.0.101.176",
            "public_dns": "",
            "public_ip": "35.91.234.51",
            "root_block_device": [
              {
                "delete_on_termination": true,
                "device_name": "/dev/sda1",
                "encrypted": false,
                "iops": 100,
                "kms_key_id": "",
                "tags": {},
                "throughput": 0,
                "volume_id": "vol-0636a7641e5f9efc4",
                "volume_size": 8,
                "volume_type": "gp2"
              }
            ],
            "secondary_private_ips": [],
            "security_groups": [
              "sg-0906e6032e8c59765"
            ],
            "source_dest_check": true,
            "subnet_id": "subnet-0aa2cebe28e5a414a",
            "tags": {
              "Name": "Ansible"
            },
            "tags_all": {
              "Name": "Ansible"
            },
            "tenancy": "default",
            "timeouts": null,
            "user_data": "db89dc195abc98e248b095601251ada45769beb4",
            "user_data_base64": null,
            "user_data_replace_on_change": false,
            "volume_tags": null,
            "vpc_security_group_ids": [
              "sg-0906e6032e8c59765"
            ]
          },
          "sensitive_attributes": [
            [
              {
                "type": "get_attr",
                "value": "user_data"
              }
            ]
          ],
          "private": "eyJlMmJmYjczMC1lY2FhLTExZTYtOGY4OC0zNDM2M2JjN2M0YzAiOnsiY3JlYXRlIjo2MDAwMDAwMDAwMDAsImRlbGV0ZSI6MTIwMDAwMDAwMDAwMCwidXBkYXRlIjo2MDAwMDAwMDAwMDB9LCJzY2hlbWFfdmVyc2lvbiI6IjEifQ==",
          "dependencies": [
            "aws_key_pair.k8_ssh",
            "aws_security_group.allow_ssh",
            "module.vpc.aws_subnet.public",
            "module.vpc.aws_vpc.this",
            "module.vpc.aws_vpc_ipv4_cidr_block_association.this",
            "tls_private_key.ssh"
          ]
        }
      ]
    },
    {
      "mode": "managed",
      "type": "aws_instance",
      "name": "clusterlb",
      "provider": "provider[\"registry.terraform.io/hashicorp/aws\"]",
      "instances": [
        {
          "schema_version": 1,
          "attributes": {
            "ami": "ami-017fecd1353bcc96e",
            "arn": "arn:aws:ec2:us-west-2:539507529953:instance/i-087c4a06662e60611",
            "associate_public_ip_address": true,
            "availability_zone": "us-west-2a",
            "capacity_reservation_specification": [
              {
                "capacity_reservation_preference": "open",
                "capacity_reservation_target": []
              }
            ],
            "cpu_core_count": 2,
            "cpu_threads_per_core": 1,
            "credit_specification": [
              {
                "cpu_credits": "standard"
              }
            ],
            "disable_api_stop": false,
            "disable_api_termination": false,
            "ebs_block_device": [],
            "ebs_optimized": false,
            "enclave_options": [
              {
                "enabled": false
              }
            ],
            "ephemeral_block_device": [],
            "get_password_data": false,
            "hibernation": false,
            "host_id": null,
            "host_resource_group_arn": null,
            "iam_instance_profile": "",
            "id": "i-087c4a06662e60611",
            "instance_initiated_shutdown_behavior": "stop",
            "instance_state": "running",
            "instance_type": "t2.medium",
            "ipv6_address_count": 0,
            "ipv6_addresses": [],
            "key_name": "k8_ssh",
            "launch_template": [],
            "maintenance_options": [
              {
                "auto_recovery": "default"
              }
            ],
            "metadata_options": [
              {
                "http_endpoint": "enabled",
                "http_put_response_hop_limit": 1,
                "http_tokens": "optional",
                "instance_metadata_tags": "disabled"
              }
            ],
            "monitoring": false,
            "network_interface": [],
            "outpost_arn": "",
            "password_data": "",
            "placement_group": "",
            "placement_partition_number": null,
            "primary_network_interface_id": "eni-07471005c2b9324c4",
            "private_dns": "ip-10-0-101-203.us-west-2.compute.internal",
            "private_dns_name_options": [
              {
                "enable_resource_name_dns_a_record": false,
                "enable_resource_name_dns_aaaa_record": false,
                "hostname_type": "ip-name"
              }
            ],
            "private_ip": "10.0.101.203",
            "public_dns": "",
            "public_ip": "34.210.160.130",
            "root_block_device": [
              {
                "delete_on_termination": true,
                "device_name": "/dev/sda1",
                "encrypted": false,
                "iops": 100,
                "kms_key_id": "",
                "tags": {},
                "throughput": 0,
                "volume_id": "vol-0f84d0d9c190550f0",
                "volume_size": 8,
                "volume_type": "gp2"
              }
            ],
            "secondary_private_ips": [],
            "security_groups": [
              "sg-066bb80de40d2891d"
            ],
            "source_dest_check": true,
            "subnet_id": "subnet-0aa2cebe28e5a414a",
            "tags": {
              "Name": "clusterlb"
            },
            "tags_all": {
              "Name": "clusterlb"
            },
            "tenancy": "default",
            "timeouts": null,
            "user_data": "dde433bd7b5024a8d2c264c0275527449cdad582",
            "user_data_base64": null,
            "user_data_replace_on_change": false,
            "volume_tags": null,
            "vpc_security_group_ids": [
              "sg-066bb80de40d2891d"
            ]
          },
          "sensitive_attributes": [],
          "private": "eyJlMmJmYjczMC1lY2FhLTExZTYtOGY4OC0zNDM2M2JjN2M0YzAiOnsiY3JlYXRlIjo2MDAwMDAwMDAwMDAsImRlbGV0ZSI6MTIwMDAwMDAwMDAwMCwidXBkYXRlIjo2MDAwMDAwMDAwMDB9LCJzY2hlbWFfdmVyc2lvbiI6IjEifQ==",
          "dependencies": [
            "aws_instance.masters",
            "aws_key_pair.k8_ssh",
            "aws_security_group.CLUSTER_SG",
            "module.vpc.aws_subnet.private",
            "module.vpc.aws_subnet.public",
            "module.vpc.aws_vpc.this",
            "module.vpc.aws_vpc_ipv4_cidr_block_association.this",
            "tls_private_key.ssh"
          ]
        }
      ]
    },
    {
      "mode": "managed",
      "type": "aws_instance",
      "name": "masters",
      "provider": "provider[\"registry.terraform.io/hashicorp/aws\"]",
      "instances": [
        {
          "index_key": 0,
          "schema_version": 1,
          "attributes": {
            "ami": "ami-017fecd1353bcc96e",
            "arn": "arn:aws:ec2:us-west-2:539507529953:instance/i-0d997100ae1a3f69b",
            "associate_public_ip_address": true,
            "availability_zone": "us-west-2a",
            "capacity_reservation_specification": [
              {
                "capacity_reservation_preference": "open",
                "capacity_reservation_target": []
              }
            ],
            "cpu_core_count": 2,
            "cpu_threads_per_core": 1,
            "credit_specification": [
              {
                "cpu_credits": "standard"
              }
            ],
            "disable_api_stop": false,
            "disable_api_termination": false,
            "ebs_block_device": [],
            "ebs_optimized": false,
            "enclave_options": [
              {
                "enabled": false
              }
            ],
            "ephemeral_block_device": [],
            "get_password_data": false,
            "hibernation": false,
            "host_id": null,
            "host_resource_group_arn": null,
            "iam_instance_profile": "",
            "id": "i-0d997100ae1a3f69b",
            "instance_initiated_shutdown_behavior": "stop",
            "instance_state": "running",
            "instance_type": "t2.medium",
            "ipv6_address_count": 0,
            "ipv6_addresses": [],
            "key_name": "k8_ssh",
            "launch_template": [],
            "maintenance_options": [
              {
                "auto_recovery": "default"
              }
            ],
            "metadata_options": [
              {
                "http_endpoint": "enabled",
                "http_put_response_hop_limit": 1,
                "http_tokens": "optional",
                "instance_metadata_tags": "disabled"
              }
            ],
            "monitoring": false,
            "network_interface": [],
            "outpost_arn": "",
            "password_data": "",
            "placement_group": "",
            "placement_partition_number": null,
            "primary_network_interface_id": "eni-0a5a2217679bf5a8e",
            "private_dns": "ip-10-0-1-218.us-west-2.compute.internal",
            "private_dns_name_options": [
              {
                "enable_resource_name_dns_a_record": false,
                "enable_resource_name_dns_aaaa_record": false,
                "hostname_type": "ip-name"
              }
            ],
            "private_ip": "10.0.1.218",
            "public_dns": "",
            "public_ip": "34.209.251.223",
            "root_block_device": [
              {
                "delete_on_termination": true,
                "device_name": "/dev/sda1",
                "encrypted": false,
                "iops": 100,
                "kms_key_id": "",
                "tags": {},
                "throughput": 0,
                "volume_id": "vol-0a189cec7a198eb83",
                "volume_size": 8,
                "volume_type": "gp2"
              }
            ],
            "secondary_private_ips": [],
            "security_groups": [
              "sg-066bb80de40d2891d"
            ],
            "source_dest_check": true,
            "subnet_id": "subnet-036d4616ff4d8b6a2",
            "tags": {
              "Name": "Master-01"
            },
            "tags_all": {
              "Name": "Master-01"
            },
            "tenancy": "default",
            "timeouts": null,
            "user_data": null,
            "user_data_base64": null,
            "user_data_replace_on_change": false,
            "volume_tags": null,
            "vpc_security_group_ids": [
              "sg-066bb80de40d2891d"
            ]
          },
          "sensitive_attributes": [],
          "private": "eyJlMmJmYjczMC1lY2FhLTExZTYtOGY4OC0zNDM2M2JjN2M0YzAiOnsiY3JlYXRlIjo2MDAwMDAwMDAwMDAsImRlbGV0ZSI6MTIwMDAwMDAwMDAwMCwidXBkYXRlIjo2MDAwMDAwMDAwMDB9LCJzY2hlbWFfdmVyc2lvbiI6IjEifQ==",
          "dependencies": [
            "aws_key_pair.k8_ssh",
            "aws_security_group.CLUSTER_SG",
            "module.vpc.aws_subnet.private",
            "module.vpc.aws_vpc.this",
            "module.vpc.aws_vpc_ipv4_cidr_block_association.this",
            "tls_private_key.ssh"
          ]
        },
        {
          "index_key": 1,
          "schema_version": 1,
          "attributes": {
            "ami": "ami-017fecd1353bcc96e",
            "arn": "arn:aws:ec2:us-west-2:539507529953:instance/i-0c6c6c99ca2da22f5",
            "associate_public_ip_address": true,
            "availability_zone": "us-west-2b",
            "capacity_reservation_specification": [
              {
                "capacity_reservation_preference": "open",
                "capacity_reservation_target": []
              }
            ],
            "cpu_core_count": 2,
            "cpu_threads_per_core": 1,
            "credit_specification": [
              {
                "cpu_credits": "standard"
              }
            ],
            "disable_api_stop": false,
            "disable_api_termination": false,
            "ebs_block_device": [],
            "ebs_optimized": false,
            "enclave_options": [
              {
                "enabled": false
              }
            ],
            "ephemeral_block_device": [],
            "get_password_data": false,
            "hibernation": false,
            "host_id": null,
            "host_resource_group_arn": null,
            "iam_instance_profile": "",
            "id": "i-0c6c6c99ca2da22f5",
            "instance_initiated_shutdown_behavior": "stop",
            "instance_state": "running",
            "instance_type": "t2.medium",
            "ipv6_address_count": 0,
            "ipv6_addresses": [],
            "key_name": "k8_ssh",
            "launch_template": [],
            "maintenance_options": [
              {
                "auto_recovery": "default"
              }
            ],
            "metadata_options": [
              {
                "http_endpoint": "enabled",
                "http_put_response_hop_limit": 1,
                "http_tokens": "optional",
                "instance_metadata_tags": "disabled"
              }
            ],
            "monitoring": false,
            "network_interface": [],
            "outpost_arn": "",
            "password_data": "",
            "placement_group": "",
            "placement_partition_number": null,
            "primary_network_interface_id": "eni-09d477cf9054901f3",
            "private_dns": "ip-10-0-2-108.us-west-2.compute.internal",
            "private_dns_name_options": [
              {
                "enable_resource_name_dns_a_record": false,
                "enable_resource_name_dns_aaaa_record": false,
                "hostname_type": "ip-name"
              }
            ],
            "private_ip": "10.0.2.108",
            "public_dns": "",
            "public_ip": "54.184.228.4",
            "root_block_device": [
              {
                "delete_on_termination": true,
                "device_name": "/dev/sda1",
                "encrypted": false,
                "iops": 100,
                "kms_key_id": "",
                "tags": {},
                "throughput": 0,
                "volume_id": "vol-06fa026e568ae0462",
                "volume_size": 8,
                "volume_type": "gp2"
              }
            ],
            "secondary_private_ips": [],
            "security_groups": [
              "sg-066bb80de40d2891d"
            ],
            "source_dest_check": true,
            "subnet_id": "subnet-05a6bc212664cf22e",
            "tags": {
              "Name": "Master-02"
            },
            "tags_all": {
              "Name": "Master-02"
            },
            "tenancy": "default",
            "timeouts": null,
            "user_data": null,
            "user_data_base64": null,
            "user_data_replace_on_change": false,
            "volume_tags": null,
            "vpc_security_group_ids": [
              "sg-066bb80de40d2891d"
            ]
          },
          "sensitive_attributes": [],
          "private": "eyJlMmJmYjczMC1lY2FhLTExZTYtOGY4OC0zNDM2M2JjN2M0YzAiOnsiY3JlYXRlIjo2MDAwMDAwMDAwMDAsImRlbGV0ZSI6MTIwMDAwMDAwMDAwMCwidXBkYXRlIjo2MDAwMDAwMDAwMDB9LCJzY2hlbWFfdmVyc2lvbiI6IjEifQ==",
          "dependencies": [
            "aws_key_pair.k8_ssh",
            "aws_security_group.CLUSTER_SG",
            "module.vpc.aws_subnet.private",
            "module.vpc.aws_vpc.this",
            "module.vpc.aws_vpc_ipv4_cidr_block_association.this",
            "tls_private_key.ssh"
          ]
        },
        {
          "index_key": 2,
          "schema_version": 1,
          "attributes": {
            "ami": "ami-017fecd1353bcc96e",
            "arn": "arn:aws:ec2:us-west-2:539507529953:instance/i-088914313e8b43e08",
            "associate_public_ip_address": true,
            "availability_zone": "us-west-2c",
            "capacity_reservation_specification": [
              {
                "capacity_reservation_preference": "open",
                "capacity_reservation_target": []
              }
            ],
            "cpu_core_count": 2,
            "cpu_threads_per_core": 1,
            "credit_specification": [
              {
                "cpu_credits": "standard"
              }
            ],
            "disable_api_stop": false,
            "disable_api_termination": false,
            "ebs_block_device": [],
            "ebs_optimized": false,
            "enclave_options": [
              {
                "enabled": false
              }
            ],
            "ephemeral_block_device": [],
            "get_password_data": false,
            "hibernation": false,
            "host_id": null,
            "host_resource_group_arn": null,
            "iam_instance_profile": "",
            "id": "i-088914313e8b43e08",
            "instance_initiated_shutdown_behavior": "stop",
            "instance_state": "running",
            "instance_type": "t2.medium",
            "ipv6_address_count": 0,
            "ipv6_addresses": [],
            "key_name": "k8_ssh",
            "launch_template": [],
            "maintenance_options": [
              {
                "auto_recovery": "default"
              }
            ],
            "metadata_options": [
              {
                "http_endpoint": "enabled",
                "http_put_response_hop_limit": 1,
                "http_tokens": "optional",
                "instance_metadata_tags": "disabled"
              }
            ],
            "monitoring": false,
            "network_interface": [],
            "outpost_arn": "",
            "password_data": "",
            "placement_group": "",
            "placement_partition_number": null,
            "primary_network_interface_id": "eni-05c3f2bd2768e694e",
            "private_dns": "ip-10-0-3-139.us-west-2.compute.internal",
            "private_dns_name_options": [
              {
                "enable_resource_name_dns_a_record": false,
                "enable_resource_name_dns_aaaa_record": false,
                "hostname_type": "ip-name"
              }
            ],
            "private_ip": "10.0.3.139",
            "public_dns": "",
            "public_ip": "54.202.94.231",
            "root_block_device": [
              {
                "delete_on_termination": true,
                "device_name": "/dev/sda1",
                "encrypted": false,
                "iops": 100,
                "kms_key_id": "",
                "tags": {},
                "throughput": 0,
                "volume_id": "vol-0d9d9f20d987eaf07",
                "volume_size": 8,
                "volume_type": "gp2"
              }
            ],
            "secondary_private_ips": [],
            "security_groups": [
              "sg-066bb80de40d2891d"
            ],
            "source_dest_check": true,
            "subnet_id": "subnet-00855a96bd894e56c",
            "tags": {
              "Name": "Master-03"
            },
            "tags_all": {
              "Name": "Master-03"
            },
            "tenancy": "default",
            "timeouts": null,
            "user_data": null,
            "user_data_base64": null,
            "user_data_replace_on_change": false,
            "volume_tags": null,
            "vpc_security_group_ids": [
              "sg-066bb80de40d2891d"
            ]
          },
          "sensitive_attributes": [],
          "private": "eyJlMmJmYjczMC1lY2FhLTExZTYtOGY4OC0zNDM2M2JjN2M0YzAiOnsiY3JlYXRlIjo2MDAwMDAwMDAwMDAsImRlbGV0ZSI6MTIwMDAwMDAwMDAwMCwidXBkYXRlIjo2MDAwMDAwMDAwMDB9LCJzY2hlbWFfdmVyc2lvbiI6IjEifQ==",
          "dependencies": [
            "aws_key_pair.k8_ssh",
            "aws_security_group.CLUSTER_SG",
            "module.vpc.aws_subnet.private",
            "module.vpc.aws_vpc.this",
            "module.vpc.aws_vpc_ipv4_cidr_block_association.this",
            "tls_private_key.ssh"
          ]
        }
      ]
    },
    {
      "mode": "managed",
      "type": "aws_instance",
      "name": "workers",
      "provider": "provider[\"registry.terraform.io/hashicorp/aws\"]",
      "instances": [
        {
          "index_key": 0,
          "schema_version": 1,
          "attributes": {
            "ami": "ami-017fecd1353bcc96e",
            "arn": "arn:aws:ec2:us-west-2:539507529953:instance/i-04828a1143199428f",
            "associate_public_ip_address": true,
            "availability_zone": "us-west-2a",
            "capacity_reservation_specification": [
              {
                "capacity_reservation_preference": "open",
                "capacity_reservation_target": []
              }
            ],
            "cpu_core_count": 2,
            "cpu_threads_per_core": 1,
            "credit_specification": [
              {
                "cpu_credits": "standard"
              }
            ],
            "disable_api_stop": false,
            "disable_api_termination": false,
            "ebs_block_device": [],
            "ebs_optimized": false,
            "enclave_options": [
              {
                "enabled": false
              }
            ],
            "ephemeral_block_device": [],
            "get_password_data": false,
            "hibernation": false,
            "host_id": null,
            "host_resource_group_arn": null,
            "iam_instance_profile": "",
            "id": "i-04828a1143199428f",
            "instance_initiated_shutdown_behavior": "stop",
            "instance_state": "running",
            "instance_type": "t2.medium",
            "ipv6_address_count": 0,
            "ipv6_addresses": [],
            "key_name": "k8_ssh",
            "launch_template": [],
            "maintenance_options": [
              {
                "auto_recovery": "default"
              }
            ],
            "metadata_options": [
              {
                "http_endpoint": "enabled",
                "http_put_response_hop_limit": 1,
                "http_tokens": "optional",
                "instance_metadata_tags": "disabled"
              }
            ],
            "monitoring": false,
            "network_interface": [],
            "outpost_arn": "",
            "password_data": "",
            "placement_group": "",
            "placement_partition_number": null,
            "primary_network_interface_id": "eni-03dc86c77b6d84b14",
            "private_dns": "ip-10-0-1-212.us-west-2.compute.internal",
            "private_dns_name_options": [
              {
                "enable_resource_name_dns_a_record": false,
                "enable_resource_name_dns_aaaa_record": false,
                "hostname_type": "ip-name"
              }
            ],
            "private_ip": "10.0.1.212",
            "public_dns": "",
            "public_ip": "18.236.183.215",
            "root_block_device": [
              {
                "delete_on_termination": true,
                "device_name": "/dev/sda1",
                "encrypted": false,
                "iops": 100,
                "kms_key_id": "",
                "tags": {},
                "throughput": 0,
                "volume_id": "vol-0a46f3e0f429c9491",
                "volume_size": 8,
                "volume_type": "gp2"
              }
            ],
            "secondary_private_ips": [],
            "security_groups": [
              "sg-066bb80de40d2891d"
            ],
            "source_dest_check": true,
            "subnet_id": "subnet-036d4616ff4d8b6a2",
            "tags": {
              "Name": "Worker-01"
            },
            "tags_all": {
              "Name": "Worker-01"
            },
            "tenancy": "default",
            "timeouts": null,
            "user_data": null,
            "user_data_base64": null,
            "user_data_replace_on_change": false,
            "volume_tags": null,
            "vpc_security_group_ids": [
              "sg-066bb80de40d2891d"
            ]
          },
          "sensitive_attributes": [],
          "private": "eyJlMmJmYjczMC1lY2FhLTExZTYtOGY4OC0zNDM2M2JjN2M0YzAiOnsiY3JlYXRlIjo2MDAwMDAwMDAwMDAsImRlbGV0ZSI6MTIwMDAwMDAwMDAwMCwidXBkYXRlIjo2MDAwMDAwMDAwMDB9LCJzY2hlbWFfdmVyc2lvbiI6IjEifQ==",
          "dependencies": [
            "aws_key_pair.k8_ssh",
            "aws_security_group.CLUSTER_SG",
            "module.vpc.aws_subnet.private",
            "module.vpc.aws_vpc.this",
            "module.vpc.aws_vpc_ipv4_cidr_block_association.this",
            "tls_private_key.ssh"
          ]
        },
        {
          "index_key": 1,
          "schema_version": 1,
          "attributes": {
            "ami": "ami-017fecd1353bcc96e",
            "arn": "arn:aws:ec2:us-west-2:539507529953:instance/i-0a91c38070e10331e",
            "associate_public_ip_address": true,
            "availability_zone": "us-west-2b",
            "capacity_reservation_specification": [
              {
                "capacity_reservation_preference": "open",
                "capacity_reservation_target": []
              }
            ],
            "cpu_core_count": 2,
            "cpu_threads_per_core": 1,
            "credit_specification": [
              {
                "cpu_credits": "standard"
              }
            ],
            "disable_api_stop": false,
            "disable_api_termination": false,
            "ebs_block_device": [],
            "ebs_optimized": false,
            "enclave_options": [
              {
                "enabled": false
              }
            ],
            "ephemeral_block_device": [],
            "get_password_data": false,
            "hibernation": false,
            "host_id": null,
            "host_resource_group_arn": null,
            "iam_instance_profile": "",
            "id": "i-0a91c38070e10331e",
            "instance_initiated_shutdown_behavior": "stop",
            "instance_state": "running",
            "instance_type": "t2.medium",
            "ipv6_address_count": 0,
            "ipv6_addresses": [],
            "key_name": "k8_ssh",
            "launch_template": [],
            "maintenance_options": [
              {
                "auto_recovery": "default"
              }
            ],
            "metadata_options": [
              {
                "http_endpoint": "enabled",
                "http_put_response_hop_limit": 1,
                "http_tokens": "optional",
                "instance_metadata_tags": "disabled"
              }
            ],
            "monitoring": false,
            "network_interface": [],
            "outpost_arn": "",
            "password_data": "",
            "placement_group": "",
            "placement_partition_number": null,
            "primary_network_interface_id": "eni-0cb4f0a1fcba81951",
            "private_dns": "ip-10-0-2-49.us-west-2.compute.internal",
            "private_dns_name_options": [
              {
                "enable_resource_name_dns_a_record": false,
                "enable_resource_name_dns_aaaa_record": false,
                "hostname_type": "ip-name"
              }
            ],
            "private_ip": "10.0.2.49",
            "public_dns": "",
            "public_ip": "52.40.144.153",
            "root_block_device": [
              {
                "delete_on_termination": true,
                "device_name": "/dev/sda1",
                "encrypted": false,
                "iops": 100,
                "kms_key_id": "",
                "tags": {},
                "throughput": 0,
                "volume_id": "vol-04583bc1b8389bf22",
                "volume_size": 8,
                "volume_type": "gp2"
              }
            ],
            "secondary_private_ips": [],
            "security_groups": [
              "sg-066bb80de40d2891d"
            ],
            "source_dest_check": true,
            "subnet_id": "subnet-05a6bc212664cf22e",
            "tags": {
              "Name": "Worker-02"
            },
            "tags_all": {
              "Name": "Worker-02"
            },
            "tenancy": "default",
            "timeouts": null,
            "user_data": null,
            "user_data_base64": null,
            "user_data_replace_on_change": false,
            "volume_tags": null,
            "vpc_security_group_ids": [
              "sg-066bb80de40d2891d"
            ]
          },
          "sensitive_attributes": [],
          "private": "eyJlMmJmYjczMC1lY2FhLTExZTYtOGY4OC0zNDM2M2JjN2M0YzAiOnsiY3JlYXRlIjo2MDAwMDAwMDAwMDAsImRlbGV0ZSI6MTIwMDAwMDAwMDAwMCwidXBkYXRlIjo2MDAwMDAwMDAwMDB9LCJzY2hlbWFfdmVyc2lvbiI6IjEifQ==",
          "dependencies": [
            "aws_key_pair.k8_ssh",
            "aws_security_group.CLUSTER_SG",
            "module.vpc.aws_subnet.private",
            "module.vpc.aws_vpc.this",
            "module.vpc.aws_vpc_ipv4_cidr_block_association.this",
            "tls_private_key.ssh"
          ]
        },
        {
          "index_key": 2,
          "schema_version": 1,
          "attributes": {
            "ami": "ami-017fecd1353bcc96e",
            "arn": "arn:aws:ec2:us-west-2:539507529953:instance/i-05c678890b33fb177",
            "associate_public_ip_address": true,
            "availability_zone": "us-west-2c",
            "capacity_reservation_specification": [
              {
                "capacity_reservation_preference": "open",
                "capacity_reservation_target": []
              }
            ],
            "cpu_core_count": 2,
            "cpu_threads_per_core": 1,
            "credit_specification": [
              {
                "cpu_credits": "standard"
              }
            ],
            "disable_api_stop": false,
            "disable_api_termination": false,
            "ebs_block_device": [],
            "ebs_optimized": false,
            "enclave_options": [
              {
                "enabled": false
              }
            ],
            "ephemeral_block_device": [],
            "get_password_data": false,
            "hibernation": false,
            "host_id": null,
            "host_resource_group_arn": null,
            "iam_instance_profile": "",
            "id": "i-05c678890b33fb177",
            "instance_initiated_shutdown_behavior": "stop",
            "instance_state": "running",
            "instance_type": "t2.medium",
            "ipv6_address_count": 0,
            "ipv6_addresses": [],
            "key_name": "k8_ssh",
            "launch_template": [],
            "maintenance_options": [
              {
                "auto_recovery": "default"
              }
            ],
            "metadata_options": [
              {
                "http_endpoint": "enabled",
                "http_put_response_hop_limit": 1,
                "http_tokens": "optional",
                "instance_metadata_tags": "disabled"
              }
            ],
            "monitoring": false,
            "network_interface": [],
            "outpost_arn": "",
            "password_data": "",
            "placement_group": "",
            "placement_partition_number": null,
            "primary_network_interface_id": "eni-05aca51e401f862ba",
            "private_dns": "ip-10-0-3-43.us-west-2.compute.internal",
            "private_dns_name_options": [
              {
                "enable_resource_name_dns_a_record": false,
                "enable_resource_name_dns_aaaa_record": false,
                "hostname_type": "ip-name"
              }
            ],
            "private_ip": "10.0.3.43",
            "public_dns": "",
            "public_ip": "34.211.123.185",
            "root_block_device": [
              {
                "delete_on_termination": true,
                "device_name": "/dev/sda1",
                "encrypted": false,
                "iops": 100,
                "kms_key_id": "",
                "tags": {},
                "throughput": 0,
                "volume_id": "vol-0eb21d4ced80a238c",
                "volume_size": 8,
                "volume_type": "gp2"
              }
            ],
            "secondary_private_ips": [],
            "security_groups": [
              "sg-066bb80de40d2891d"
            ],
            "source_dest_check": true,
            "subnet_id": "subnet-00855a96bd894e56c",
            "tags": {
              "Name": "Worker-03"
            },
            "tags_all": {
              "Name": "Worker-03"
            },
            "tenancy": "default",
            "timeouts": null,
            "user_data": null,
            "user_data_base64": null,
            "user_data_replace_on_change": false,
            "volume_tags": null,
            "vpc_security_group_ids": [
              "sg-066bb80de40d2891d"
            ]
          },
          "sensitive_attributes": [],
          "private": "eyJlMmJmYjczMC1lY2FhLTExZTYtOGY4OC0zNDM2M2JjN2M0YzAiOnsiY3JlYXRlIjo2MDAwMDAwMDAwMDAsImRlbGV0ZSI6MTIwMDAwMDAwMDAwMCwidXBkYXRlIjo2MDAwMDAwMDAwMDB9LCJzY2hlbWFfdmVyc2lvbiI6IjEifQ==",
          "dependencies": [
            "aws_key_pair.k8_ssh",
            "aws_security_group.CLUSTER_SG",
            "module.vpc.aws_subnet.private",
            "module.vpc.aws_vpc.this",
            "module.vpc.aws_vpc_ipv4_cidr_block_association.this",
            "tls_private_key.ssh"
          ]
        }
      ]
    },
    {
      "mode": "managed",
      "type": "aws_key_pair",
      "name": "k8_ssh",
      "provider": "provider[\"registry.terraform.io/hashicorp/aws\"]",
      "instances": [
        {
          "schema_version": 1,
          "attributes": {
            "arn": "arn:aws:ec2:us-west-2:539507529953:key-pair/k8_ssh",
            "fingerprint": "59:a7:f9:37:e8:11:78:c0:9b:ab:39:0f:db:57:46:ae",
            "id": "k8_ssh",
            "key_name": "k8_ssh",
            "key_name_prefix": "",
            "key_pair_id": "key-02cee1bd87da4a7aa",
            "key_type": "rsa",
            "public_key": "ssh-rsa AAAAB3NzaC1yc2EAAAADAQABAAACAQCtitl5pfS80nz9i5xImH6GMtN46lZ9TocjwUW3sL0ziLFUVZN0BCL0OtzqMEtTjOkiJkJNM7tOMzmja7iwVV2y8aD5BA5o7I1IoYeL1HPXmiPY2XsBVhjzNFUq4fLwwOvRMYK9dhpzBnltaq+wfMlTfj3fWTT6C0Bn9xaFNHam33+VeXbOwROArKAztL6uUZgPJHCnd9orVkvSwsOCNvu98MHqN/KYZFmXWd0uP+xHhUyqKIePWMsMUN9tXN7nDxieJ3kGKSuOnPX0kUztkLvEpQETtksec884qZy2kIH18s3eGUqwirtaVt1mkYXcqllSRD2j4jhUUXvS4WetKNTPX/45gsMtbB5Lc65wbGqwAJEKLC+swZiTFk0uqvAzOUYraX86Jpcdw5mqQ+67k3bO1JuR68vDS4xD546hCI1L7bkbva7/KHI94sdccOkO9CcY7wbqnU2AM3FtFmfQc/+VirbdfjdPE9jxTegizzLGbmrTb/lqn9vnneE+H+NHZK0LB1FAeRWsnwHpwnJQhWbrH3F1EHL8rxFzhw2qxXQMz4hIU+KDfMTux9eYASbfy5FLUBMR228RtlUv5GY9ILWC9GO3J6/K31Ttsn1bjQUk1p6J3SYdssBGlKV52q9WtQzWDKdj+euoVYJbHWpay2XABlhUbnu8673s6MO6qXt01Q==",
            "tags": null,
            "tags_all": {}
          },
          "sensitive_attributes": [],
          "private": "eyJzY2hlbWFfdmVyc2lvbiI6IjEifQ==",
          "dependencies": [
            "tls_private_key.ssh"
          ]
        }
      ]
    },
    {
      "mode": "managed",
      "type": "aws_security_group",
      "name": "CLUSTER_SG",
      "provider": "provider[\"registry.terraform.io/hashicorp/aws\"]",
      "instances": [
        {
          "schema_version": 1,
          "attributes": {
            "arn": "arn:aws:ec2:us-west-2:539507529953:security-group/sg-066bb80de40d2891d",
            "description": "Allow TLS Inbound",
            "egress": [
              {
                "cidr_blocks": [
                  "0.0.0.0/0"
                ],
                "description": "",
                "from_port": 0,
                "ipv6_cidr_blocks": [],
                "prefix_list_ids": [],
                "protocol": "-1",
                "security_groups": [],
                "self": false,
                "to_port": 0
              }
            ],
            "id": "sg-066bb80de40d2891d",
            "ingress": [
              {
                "cidr_blocks": [
                  "0.0.0.0/0"
                ],
                "description": "allow ssh acess",
                "from_port": 0,
                "ipv6_cidr_blocks": [],
                "prefix_list_ids": [],
                "protocol": "tcp",
                "security_groups": [],
                "self": false,
                "to_port": 65535
              }
            ],
            "name": "CLUSTER_SG",
            "name_prefix": "",
            "owner_id": "539507529953",
            "revoke_rules_on_delete": false,
            "tags": {
              "name": "CLUSTER_SG"
            },
            "tags_all": {
              "name": "CLUSTER_SG"
            },
            "timeouts": null,
            "vpc_id": "vpc-0e9a491d8341ac5c2"
          },
          "sensitive_attributes": [],
          "private": "eyJlMmJmYjczMC1lY2FhLTExZTYtOGY4OC0zNDM2M2JjN2M0YzAiOnsiY3JlYXRlIjo2MDAwMDAwMDAwMDAsImRlbGV0ZSI6OTAwMDAwMDAwMDAwfSwic2NoZW1hX3ZlcnNpb24iOiIxIn0=",
          "dependencies": [
            "module.vpc.aws_vpc.this"
          ]
        }
      ]
    },
    {
      "mode": "managed",
      "type": "aws_security_group",
      "name": "Jenkins_SG",
      "provider": "provider[\"registry.terraform.io/hashicorp/aws\"]",
      "instances": [
        {
          "schema_version": 1,
          "attributes": {
            "arn": "arn:aws:ec2:us-west-2:539507529953:security-group/sg-07343b4afb1a84091",
            "description": "Allow ssh inbound traffic",
            "egress": [
              {
                "cidr_blocks": [
                  "0.0.0.0/0"
                ],
                "description": "",
                "from_port": 0,
                "ipv6_cidr_blocks": [],
                "prefix_list_ids": [],
                "protocol": "-1",
                "security_groups": [],
                "self": false,
                "to_port": 0
              }
            ],
            "id": "sg-07343b4afb1a84091",
            "ingress": [
              {
                "cidr_blocks": [
                  "0.0.0.0/0"
                ],
                "description": "",
                "from_port": 22,
                "ipv6_cidr_blocks": [],
                "prefix_list_ids": [],
                "protocol": "tcp",
                "security_groups": [],
                "self": false,
                "to_port": 22
              },
              {
                "cidr_blocks": [
                  "0.0.0.0/0"
                ],
                "description": "",
                "from_port": 8080,
                "ipv6_cidr_blocks": [],
                "prefix_list_ids": [],
                "protocol": "tcp",
                "security_groups": [],
                "self": false,
                "to_port": 8080
              }
            ],
            "name": "Jenkins_SG",
            "name_prefix": "",
            "owner_id": "539507529953",
            "revoke_rules_on_delete": false,
            "tags": null,
            "tags_all": {},
            "timeouts": null,
            "vpc_id": "vpc-0e9a491d8341ac5c2"
          },
          "sensitive_attributes": [],
          "private": "eyJlMmJmYjczMC1lY2FhLTExZTYtOGY4OC0zNDM2M2JjN2M0YzAiOnsiY3JlYXRlIjo2MDAwMDAwMDAwMDAsImRlbGV0ZSI6OTAwMDAwMDAwMDAwfSwic2NoZW1hX3ZlcnNpb24iOiIxIn0=",
          "dependencies": [
            "module.vpc.aws_vpc.this"
          ]
        }
      ]
    },
    {
      "mode": "managed",
      "type": "aws_security_group",
      "name": "allow_ssh",
      "provider": "provider[\"registry.terraform.io/hashicorp/aws\"]",
      "instances": [
        {
          "schema_version": 1,
          "attributes": {
            "arn": "arn:aws:ec2:us-west-2:539507529953:security-group/sg-0906e6032e8c59765",
            "description": "Allow ssh inbound traffic",
            "egress": [
              {
                "cidr_blocks": [
                  "0.0.0.0/0"
                ],
                "description": "",
                "from_port": 0,
                "ipv6_cidr_blocks": [],
                "prefix_list_ids": [],
                "protocol": "-1",
                "security_groups": [],
                "self": false,
                "to_port": 0
              }
            ],
            "id": "sg-0906e6032e8c59765",
            "ingress": [
              {
                "cidr_blocks": [
                  "0.0.0.0/0"
                ],
                "description": "",
                "from_port": -1,
                "ipv6_cidr_blocks": [],
                "prefix_list_ids": [],
                "protocol": "icmp",
                "security_groups": [],
                "self": false,
                "to_port": -1
              },
              {
                "cidr_blocks": [
                  "0.0.0.0/0"
                ],
                "description": "",
                "from_port": 22,
                "ipv6_cidr_blocks": [],
                "prefix_list_ids": [],
                "protocol": "tcp",
                "security_groups": [],
                "self": false,
                "to_port": 22
              }
            ],
            "name": "allow_ssh",
            "name_prefix": "",
            "owner_id": "539507529953",
            "revoke_rules_on_delete": false,
            "tags": null,
            "tags_all": {},
            "timeouts": null,
            "vpc_id": "vpc-0e9a491d8341ac5c2"
          },
          "sensitive_attributes": [],
          "private": "eyJlMmJmYjczMC1lY2FhLTExZTYtOGY4OC0zNDM2M2JjN2M0YzAiOnsiY3JlYXRlIjo2MDAwMDAwMDAwMDAsImRlbGV0ZSI6OTAwMDAwMDAwMDAwfSwic2NoZW1hX3ZlcnNpb24iOiIxIn0=",
          "dependencies": [
            "module.vpc.aws_vpc.this"
          ]
        }
      ]
    },
    {
      "mode": "managed",
      "type": "aws_security_group",
      "name": "jenkins_lbSG",
      "provider": "provider[\"registry.terraform.io/hashicorp/aws\"]",
      "instances": [
        {
          "schema_version": 1,
          "attributes": {
            "arn": "arn:aws:ec2:us-west-2:539507529953:security-group/sg-08c5d06db258d4c15",
            "description": "Allow TLS inbound traffic",
            "egress": [
              {
                "cidr_blocks": [
                  "0.0.0.0/0"
                ],
                "description": "",
                "from_port": 0,
                "ipv6_cidr_blocks": [],
                "prefix_list_ids": [],
                "protocol": "-1",
                "security_groups": [],
                "self": false,
                "to_port": 0
              }
            ],
            "id": "sg-08c5d06db258d4c15",
            "ingress": [
              {
                "cidr_blocks": [
                  "0.0.0.0/0"
                ],
                "description": "Allow http from VPC",
                "from_port": 8080,
                "ipv6_cidr_blocks": [],
                "prefix_list_ids": [],
                "protocol": "tcp",
                "security_groups": [],
                "self": false,
                "to_port": 8080
              },
              {
                "cidr_blocks": [
                  "0.0.0.0/0"
                ],
                "description": "Allow http from VPC",
                "from_port": 80,
                "ipv6_cidr_blocks": [],
                "prefix_list_ids": [],
                "protocol": "tcp",
                "security_groups": [],
                "self": false,
                "to_port": 80
              }
            ],
            "name": "jenkins_lbSG",
            "name_prefix": "",
            "owner_id": "539507529953",
            "revoke_rules_on_delete": false,
            "tags": {
              "Name": "Jenkins_lbSG"
            },
            "tags_all": {
              "Name": "Jenkins_lbSG"
            },
            "timeouts": null,
            "vpc_id": "vpc-0e9a491d8341ac5c2"
          },
          "sensitive_attributes": [],
          "private": "eyJlMmJmYjczMC1lY2FhLTExZTYtOGY4OC0zNDM2M2JjN2M0YzAiOnsiY3JlYXRlIjo2MDAwMDAwMDAwMDAsImRlbGV0ZSI6OTAwMDAwMDAwMDAwfSwic2NoZW1hX3ZlcnNpb24iOiIxIn0=",
          "dependencies": [
            "module.vpc.aws_vpc.this"
          ]
        }
      ]
    },
    {
      "mode": "managed",
      "type": "aws_security_group",
      "name": "k8_workers",
      "provider": "provider[\"registry.terraform.io/hashicorp/aws\"]",
      "instances": [
        {
          "schema_version": 1,
          "attributes": {
            "arn": "arn:aws:ec2:us-west-2:539507529953:security-group/sg-068c002ce8d60d018",
            "description": "sec group for k8 worker nodes",
            "egress": [],
            "id": "sg-068c002ce8d60d018",
            "ingress": [
              {
                "cidr_blocks": [
                  "0.0.0.0/0"
                ],
                "description": "",
                "from_port": 10250,
                "ipv6_cidr_blocks": [],
                "prefix_list_ids": [],
                "protocol": "tcp",
                "security_groups": [],
                "self": false,
                "to_port": 10250
              },
              {
                "cidr_blocks": [
                  "0.0.0.0/0"
                ],
                "description": "",
                "from_port": 30000,
                "ipv6_cidr_blocks": [],
                "prefix_list_ids": [],
                "protocol": "tcp",
                "security_groups": [],
                "self": false,
                "to_port": 32767
              }
            ],
            "name": "terraform-20221204054255009700000001",
            "name_prefix": "terraform-",
            "owner_id": "539507529953",
            "revoke_rules_on_delete": false,
            "tags": null,
            "tags_all": {},
            "timeouts": null,
            "vpc_id": "vpc-0e9a491d8341ac5c2"
          },
          "sensitive_attributes": [],
          "private": "eyJlMmJmYjczMC1lY2FhLTExZTYtOGY4OC0zNDM2M2JjN2M0YzAiOnsiY3JlYXRlIjo2MDAwMDAwMDAwMDAsImRlbGV0ZSI6OTAwMDAwMDAwMDAwfSwic2NoZW1hX3ZlcnNpb24iOiIxIn0=",
          "dependencies": [
            "module.vpc.aws_vpc.this"
          ]
        }
      ]
    },
    {
      "mode": "managed",
      "type": "local_file",
      "name": "ansible_inventory",
      "provider": "provider[\"registry.terraform.io/hashicorp/local\"]",
      "instances": [
        {
          "schema_version": 0,
          "attributes": {
            "content": "[all:vars]\r\nansible_ssh_common_args='-o UserKnownHostsFile=/dev/null -o StrictHostKeyChecking=no'\r\n\r\n[masters_first]\r\n            ip-10-0-1-218.us-west-2.compute.internal ansible_host=10.0.1.218 # i-0d997100ae1a3f69b\r\n            \r\n[masters_others]\r\n                ip-10-0-2-108.us-west-2.compute.internal ansible_host=10.0.2.108 # i-0c6c6c99ca2da22f5\r\n                ip-10-0-3-139.us-west-2.compute.internal ansible_host=10.0.3.139 # i-088914313e8b43e08\r\n    \r\n[masters:children]\r\nmasters_first\r\nmasters_others\r\n\r\n[workers]\r\nip-10-0-1-212.us-west-2.compute.internal ansible_host=10.0.1.212 # i-04828a1143199428f\r\nip-10-0-2-49.us-west-2.compute.internal ansible_host=10.0.2.49 # i-0a91c38070e10331e\r\nip-10-0-3-43.us-west-2.compute.internal ansible_host=10.0.3.43 # i-05c678890b33fb177\r\n\r\n[clusterlb]\r\nip-10-0-101-203.us-west-2.compute.internal ansible_host=10.0.101.203 # i-087c4a06662e60611\r\n",
            "content_base64": null,
            "directory_permission": "0777",
            "file_permission": "0777",
            "filename": "./inventory",
            "id": "6ccc8cc83df115e41530b48d3bebb7a1eb8a0a19",
            "sensitive_content": null,
            "source": null
          },
          "sensitive_attributes": [],
          "private": "bnVsbA==",
          "dependencies": [
            "aws_instance.clusterlb",
            "aws_instance.masters",
            "aws_instance.workers",
            "aws_key_pair.k8_ssh",
            "aws_security_group.CLUSTER_SG",
            "module.vpc.aws_subnet.private",
            "module.vpc.aws_subnet.public",
            "module.vpc.aws_vpc.this",
            "module.vpc.aws_vpc_ipv4_cidr_block_association.this",
            "tls_private_key.ssh"
          ]
        }
      ]
    },
    {
      "mode": "managed",
      "type": "local_file",
      "name": "ansible_vars_file",
      "provider": "provider[\"registry.terraform.io/hashicorp/local\"]",
      "instances": [
        {
          "schema_version": 0,
          "attributes": {
            "content": "\r\nmaster_ip: 10.0.1.218\r\nclusterlb_ip: 10.0.101.203\r\n",
            "content_base64": null,
            "directory_permission": "0777",
            "file_permission": "0777",
            "filename": "ansible/ansible_vars_file.yml",
            "id": "8eb1934f250bf4542da6d97769c58f77d4eaea01",
            "sensitive_content": null,
            "source": null
          },
          "sensitive_attributes": [],
          "private": "bnVsbA==",
          "dependencies": [
            "aws_instance.clusterlb",
            "aws_instance.masters",
            "aws_key_pair.k8_ssh",
            "aws_security_group.CLUSTER_SG",
            "module.vpc.aws_subnet.private",
            "module.vpc.aws_subnet.public",
            "module.vpc.aws_vpc.this",
            "module.vpc.aws_vpc_ipv4_cidr_block_association.this",
            "tls_private_key.ssh"
          ]
        }
      ]
    },
    {
      "mode": "managed",
      "type": "local_file",
      "name": "k8_ssh_key",
      "provider": "provider[\"registry.terraform.io/hashicorp/local\"]",
      "instances": [
        {
          "schema_version": 0,
          "attributes": {
            "content": "-----BEGIN RSA PRIVATE KEY-----\nMIIJKgIBAAKCAgEArYrZeaX0vNJ8/YucSJh+hjLTeOpWfU6HI8FFt7C9M4ixVFWT\ndAQi9Drc6jBLU4zpIiZCTTO7TjM5o2u4sFVdsvGg+QQOaOyNSKGHi9Rz15oj2Nl7\nAVYY8zRVKuHy8MDr0TGCvXYacwZ5bWqvsHzJU34931k0+gtAZ/cWhTR2pt9/lXl2\nzsETgKygM7S+rlGYDyRwp3faK1ZL0sLDgjb7vfDB6jfymGRZl1ndLj/sR4VMqiiH\nj1jLDFDfbVze5w8Ynid5Bikrjpz19JFM7ZC7xKUBE7ZLHnPPOKmctpCB9fLN3hlK\nsIq7WlbdZpGF3KpZUkQ9o+I4VFF70uFnrSjUz1/+OYLDLWweS3OucGxqsACRCiwv\nrMGYkxZNLqrwMzlGK2l/OiaXHcOZqkPuu5N2ztSbkevLw0uMQ+eOoQiNS+25G72u\n/yhyPeLHXHDpDvQnGO8G6p1NgDNxbRZn0HP/lYq23X43TxPY8U3oIs8yxm5q02/5\nap/b553hPh/jR2StCwdRQHkVrJ8B6cJyUIVm6x9xdRBy/K8Rc4cNqsV0DM+ISFPi\ng3zE7sfXmAEm38uRS1ATEdtvEbZVL+RmPSC1gvRjtyevyt9U7bJ9W40FJNaeid0m\nHbLARpSledqvVrUM1gynY/nrqFWCWx1qWstlwAZYVG57vOu97OjDuql7dNUCAwEA\nAQKCAgEAl09J4LPe2EeaLSLt56n2HyHvmiyPrn+qenVISSmzPVyAaKyYfP4iT9mG\nxjXHZ5ijqF+9TTy+oictqRwCEtTLdnsQxC1SNw+Q+/PCkBtzyVcezDKK+hZMeLh3\nTYVl4Z4DvgiyGmkAFKxfcRQlDPcwPjkCz1sjQqROypb4LroYfdS+k+Asw4Y6b+WT\nZKHB45FGyGUYSBvKwCBkyeWAu2cfRXPGT2Xqgg50wu7aVznq1E0YFAB0eXqMxzc4\nJ01jGAjkiPiXn9SDorueA1gwv62C2aiYcMxvYKTO13OjLNaASaYi8vQQWC8NvW2h\nao2VLlnkuULAj8RtIq9NDAf18ld4e8tRjYu53vyYrvqg+PSWNEAyY9zScX9WUSxx\nCEPsYESQl9O02K5RoFrsvyf1Rs0boadQeFi2XZ1hgT97KpEozTNZPLdQ8Q6h0JrH\noDeTP8dilfXvWln8gx2nNxnzYShDKRKJUfXcIDFjxF4fsV+zmbZKHpJjE7u/rc+2\nQHnqVNB/jotcD1WysVSjKbkIZjxmqqTOr/KCJ+iAQPJbsitKrS69DiBZXeHC0234\nhyimydLnLi0TucCcDwHUIn811AJ5u0TEvzBGjdVjTM4cQ7wccVTAnWACeY/PjFZv\nOtHBUMJz8XhzOnofUH6xweaesxJyUUGGGQhZ7P/AdPyKAud7WKECggEBAMv/wgeg\nIJaam/ACBjb6JTO/PAjwZ+agIpEzm78ebDyJULs9RXJ8tvt9EOhJceMEeTIWkmJN\nj8yrX8LO8pJJgRmOGfmbBP6E8ZIZPrZRzDdGM3uPdu2IiSKBp3aBs3WcRmhG7BAQ\nK77FvnQWevEakiH8TN4FVRZSLWDqMzM8FeexGNisg4y5ShUk6Wdj+GovvAKNpZqs\nrUYwm8hqvFxb+ys3vLa/CSZUroEt8QL9mHUxkE3JpJCRcGpdqMtAABucK/u1o+Xv\nT7mciGZAluCYmzmnaTaFdZesOR4Xabk8IaEo+YialU3Ub9RihCLWX09CP7rlHLRn\nywWJYxW7YbuWz/kCggEBANnHmVc3vHsEVbsX1lI0tw2bybAdcB3a+vP5Pxox7egT\nbmhdRikp2bnvos2vkiPzqNKKqaElG4YDyw4HMFp2v3P5C0UzrCzhQ2yDphqFqmM6\nqdX88zLwkL9zQsf9UwxbCGT2EUUWZT3uRRcLW5dgJQWR7athPgnesyz5n1U+MqUV\nk6WjUI3bR8pjfBr6/kMqW2/yIUn+hCftzB2vMOsYWDTuwycCJQIbA/TNOoOlvU0P\nSN8giG1b9oJ2d3qZnC5rp5NxKvc2Xds948U9xuhOB78M77Kxeh/wVOvnw2rNh3yN\nVjC5o2IseMWkgM98PlLUeimAnqpH9lqcXe6wRSyRur0CggEBAMo9iFKfAS/Nn4LV\nvuuKGo+uqwoBrEALyblB/MoAkzWAvLSkDdFuqsmwN67SAUIbETwC/KTQWBuEWq97\nEyjMDl0Tb9TxRoY9rnA07uM5PMgfpLJ+jFz421uGRktKUmvqvjJq/WT/Yx8CU8oq\n7z9QJEflJR+HEc/LMInAJXpJuz2zaPqGLPS6TSOhMHP7vC8pm668Vs19G1tWnVqX\n1p2J4vv5ifFyetOxaD9RGHrqhtbIiFNV8PwR8+y/ZbP6gyDcNw6YCSDPm65b7S3S\nIsIPCPSjb79JmEcByq52b63gW0a2pIw1FIfQb/2SnYUcGektuJjEwyxnKfMXPVAy\nMLYU0aECggEBAJtJixq44InrVmI5JhaqBhkLC+6rnwV63tTW1lsMXTLNoD2EvQGf\nGORPbowx9Af0t12hiEEin5SY4dJX5++pmuzMGXA33z6FRbl7yhZBV3S4IOA4JQYe\nqWgKfQTzqqM1yi+LklbsGDbnzpYXADFZWiy1mH5KsZ0CEkswl5+F4UD7uLM0V70/\nLdqvw4/Nhz5HVrnlMj174apDEvfbswr/6e2cjsUi71aoAtMs/9tddDUdf/2ySfWI\nzKbMaHegTtB+7RfiaxupxZUOdXpwiYOeGEHvrH+Ds6xQh41LTnm6ojB664mE5W6c\nfWWY3kyUsDAJ2C39y6Vp+M01kHkhccHNDBUCggEAaFNWcu4anEl09vxoe6Q032H2\nAUYrWa92vgCsgRxauOu3A25TbQ7E0tl66+ajKJi4DP6VkEZSBeLHsX0RsVyyuBym\n2Cky1HaHmoUeR5iUJjVtQVOOStdemhEb2FAwlPxS5tkR9Tno2QX2Je0zlJH19jRx\nn0n887q01KRiqxhIDTt0taCeR5A9uHgU2JobM4FRRh5zmNL7eF2dul+ZymYx31U0\nvgkRGqZYEU+ewNm6+wL8Xeb9dOlTOlM/yZM49Wrn8qrGY3DXyeBxHP/Kw7FnzZSi\nLKTUim9+ysXfhfh2JpMOuA7gvNxv3mpYnpqXp/cAgh9QIK11F30+n7NWnOYc5w==\n-----END RSA PRIVATE KEY-----\n",
            "content_base64": null,
            "directory_permission": "0777",
            "file_permission": "600",
            "filename": "k8_ssh_key.pem",
            "id": "114fff54c4928d546dae62717f774ab48f8fcb84",
            "sensitive_content": null,
            "source": null
          },
          "sensitive_attributes": [
            [
              {
                "type": "get_attr",
                "value": "content"
              }
            ]
          ],
          "private": "bnVsbA==",
          "dependencies": [
            "tls_private_key.ssh"
          ]
        }
      ]
    },
    {
      "mode": "managed",
      "type": "null_resource",
      "name": "copy_ansible_playbooks",
      "provider": "provider[\"registry.terraform.io/hashicorp/null\"]",
      "instances": [
        {
          "schema_version": 0,
          "attributes": {
            "id": "5079735013517283532",
            "triggers": {
              "always_run": "2022-12-04T05:45:40Z"
            }
          },
          "sensitive_attributes": [],
          "dependencies": [
            "aws_instance.ansible",
            "aws_instance.clusterlb",
            "aws_instance.masters",
            "aws_instance.workers",
            "aws_key_pair.k8_ssh",
            "aws_security_group.CLUSTER_SG",
            "aws_security_group.allow_ssh",
            "local_file.ansible_inventory",
            "local_file.ansible_vars_file",
            "module.vpc.aws_subnet.private",
            "module.vpc.aws_subnet.public",
            "module.vpc.aws_vpc.this",
            "module.vpc.aws_vpc_ipv4_cidr_block_association.this",
            "null_resource.provisioner",
            "time_sleep.wait_for_ansible_init",
            "tls_private_key.ssh"
          ]
        }
      ]
    },
    {
      "mode": "managed",
      "type": "null_resource",
      "name": "provisioner",
      "provider": "provider[\"registry.terraform.io/hashicorp/null\"]",
      "instances": [
        {
          "schema_version": 0,
          "attributes": {
            "id": "4506050195017650456",
            "triggers": {
              "always_run": "2022-12-04T05:45:38Z"
            }
          },
          "sensitive_attributes": [],
          "dependencies": [
            "aws_instance.ansible",
            "aws_instance.clusterlb",
            "aws_instance.masters",
            "aws_instance.workers",
            "aws_key_pair.k8_ssh",
            "aws_security_group.CLUSTER_SG",
            "aws_security_group.allow_ssh",
            "local_file.ansible_inventory",
            "module.vpc.aws_subnet.private",
            "module.vpc.aws_subnet.public",
            "module.vpc.aws_vpc.this",
            "module.vpc.aws_vpc_ipv4_cidr_block_association.this",
            "time_sleep.wait_for_ansible_init",
            "tls_private_key.ssh"
          ]
        }
      ]
    },
    {
      "mode": "managed",
      "type": "null_resource",
      "name": "run_ansible",
      "provider": "provider[\"registry.terraform.io/hashicorp/null\"]",
      "instances": [
        {
          "schema_version": 0,
          "attributes": {
            "id": "271864737373443030",
            "triggers": {
              "always_run": "2022-12-04T05:45:41Z"
            }
          },
          "sensitive_attributes": [],
          "dependencies": [
            "aws_instance.ansible",
            "aws_instance.clusterlb",
            "aws_instance.masters",
            "aws_instance.workers",
            "aws_key_pair.k8_ssh",
            "aws_security_group.CLUSTER_SG",
            "aws_security_group.allow_ssh",
            "local_file.ansible_inventory",
            "local_file.ansible_vars_file",
            "module.vpc.aws_cloudwatch_log_group.flow_log",
            "module.vpc.aws_customer_gateway.this",
            "module.vpc.aws_db_subnet_group.database",
            "module.vpc.aws_default_network_acl.this",
            "module.vpc.aws_default_route_table.default",
            "module.vpc.aws_default_security_group.this",
            "module.vpc.aws_default_vpc.this",
            "module.vpc.aws_egress_only_internet_gateway.this",
            "module.vpc.aws_eip.nat",
            "module.vpc.aws_elasticache_subnet_group.elasticache",
            "module.vpc.aws_flow_log.this",
            "module.vpc.aws_iam_policy.vpc_flow_log_cloudwatch",
            "module.vpc.aws_iam_role.vpc_flow_log_cloudwatch",
            "module.vpc.aws_iam_role_policy_attachment.vpc_flow_log_cloudwatch",
            "module.vpc.aws_internet_gateway.this",
            "module.vpc.aws_nat_gateway.this",
            "module.vpc.aws_network_acl.database",
            "module.vpc.aws_network_acl.elasticache",
            "module.vpc.aws_network_acl.intra",
            "module.vpc.aws_network_acl.outpost",
            "module.vpc.aws_network_acl.private",
            "module.vpc.aws_network_acl.public",
            "module.vpc.aws_network_acl.redshift",
            "module.vpc.aws_network_acl_rule.database_inbound",
            "module.vpc.aws_network_acl_rule.database_outbound",
            "module.vpc.aws_network_acl_rule.elasticache_inbound",
            "module.vpc.aws_network_acl_rule.elasticache_outbound",
            "module.vpc.aws_network_acl_rule.intra_inbound",
            "module.vpc.aws_network_acl_rule.intra_outbound",
            "module.vpc.aws_network_acl_rule.outpost_inbound",
            "module.vpc.aws_network_acl_rule.outpost_outbound",
            "module.vpc.aws_network_acl_rule.private_inbound",
            "module.vpc.aws_network_acl_rule.private_outbound",
            "module.vpc.aws_network_acl_rule.public_inbound",
            "module.vpc.aws_network_acl_rule.public_outbound",
            "module.vpc.aws_network_acl_rule.redshift_inbound",
            "module.vpc.aws_network_acl_rule.redshift_outbound",
            "module.vpc.aws_redshift_subnet_group.redshift",
            "module.vpc.aws_route.database_internet_gateway",
            "module.vpc.aws_route.database_ipv6_egress",
            "module.vpc.aws_route.database_nat_gateway",
            "module.vpc.aws_route.private_ipv6_egress",
            "module.vpc.aws_route.private_nat_gateway",
            "module.vpc.aws_route.public_internet_gateway",
            "module.vpc.aws_route.public_internet_gateway_ipv6",
            "module.vpc.aws_route_table.database",
            "module.vpc.aws_route_table.elasticache",
            "module.vpc.aws_route_table.intra",
            "module.vpc.aws_route_table.private",
            "module.vpc.aws_route_table.public",
            "module.vpc.aws_route_table.redshift",
            "module.vpc.aws_route_table_association.database",
            "module.vpc.aws_route_table_association.elasticache",
            "module.vpc.aws_route_table_association.intra",
            "module.vpc.aws_route_table_association.outpost",
            "module.vpc.aws_route_table_association.private",
            "module.vpc.aws_route_table_association.public",
            "module.vpc.aws_route_table_association.redshift",
            "module.vpc.aws_route_table_association.redshift_public",
            "module.vpc.aws_subnet.database",
            "module.vpc.aws_subnet.elasticache",
            "module.vpc.aws_subnet.intra",
            "module.vpc.aws_subnet.outpost",
            "module.vpc.aws_subnet.private",
            "module.vpc.aws_subnet.public",
            "module.vpc.aws_subnet.redshift",
            "module.vpc.aws_vpc.this",
            "module.vpc.aws_vpc_dhcp_options.this",
            "module.vpc.aws_vpc_dhcp_options_association.this",
            "module.vpc.aws_vpc_ipv4_cidr_block_association.this",
            "module.vpc.aws_vpn_gateway.this",
            "module.vpc.aws_vpn_gateway_attachment.this",
            "module.vpc.aws_vpn_gateway_route_propagation.intra",
            "module.vpc.aws_vpn_gateway_route_propagation.private",
            "module.vpc.aws_vpn_gateway_route_propagation.public",
            "module.vpc.data.aws_iam_policy_document.flow_log_cloudwatch_assume_role",
            "module.vpc.data.aws_iam_policy_document.vpc_flow_log_cloudwatch",
            "null_resource.copy_ansible_playbooks",
            "null_resource.provisioner",
            "time_sleep.wait_for_ansible_init",
            "tls_private_key.ssh"
          ]
        }
      ]
    },
    {
      "mode": "managed",
      "type": "null_resource",
      "name": "run_clusterlb",
      "provider": "provider[\"registry.terraform.io/hashicorp/null\"]",
      "instances": [
        {
          "schema_version": 0,
          "attributes": {
            "id": "1578302353589744918",
            "triggers": {
              "always_run": "2022-12-04T05:51:08Z"
            }
          },
          "sensitive_attributes": [],
          "dependencies": [
            "aws_instance.ansible",
            "aws_instance.clusterlb",
            "aws_instance.masters",
            "aws_instance.workers",
            "aws_key_pair.k8_ssh",
            "aws_security_group.CLUSTER_SG",
            "aws_security_group.allow_ssh",
            "local_file.ansible_inventory",
            "local_file.ansible_vars_file",
            "module.vpc.aws_cloudwatch_log_group.flow_log",
            "module.vpc.aws_customer_gateway.this",
            "module.vpc.aws_db_subnet_group.database",
            "module.vpc.aws_default_network_acl.this",
            "module.vpc.aws_default_route_table.default",
            "module.vpc.aws_default_security_group.this",
            "module.vpc.aws_default_vpc.this",
            "module.vpc.aws_egress_only_internet_gateway.this",
            "module.vpc.aws_eip.nat",
            "module.vpc.aws_elasticache_subnet_group.elasticache",
            "module.vpc.aws_flow_log.this",
            "module.vpc.aws_iam_policy.vpc_flow_log_cloudwatch",
            "module.vpc.aws_iam_role.vpc_flow_log_cloudwatch",
            "module.vpc.aws_iam_role_policy_attachment.vpc_flow_log_cloudwatch",
            "module.vpc.aws_internet_gateway.this",
            "module.vpc.aws_nat_gateway.this",
            "module.vpc.aws_network_acl.database",
            "module.vpc.aws_network_acl.elasticache",
            "module.vpc.aws_network_acl.intra",
            "module.vpc.aws_network_acl.outpost",
            "module.vpc.aws_network_acl.private",
            "module.vpc.aws_network_acl.public",
            "module.vpc.aws_network_acl.redshift",
            "module.vpc.aws_network_acl_rule.database_inbound",
            "module.vpc.aws_network_acl_rule.database_outbound",
            "module.vpc.aws_network_acl_rule.elasticache_inbound",
            "module.vpc.aws_network_acl_rule.elasticache_outbound",
            "module.vpc.aws_network_acl_rule.intra_inbound",
            "module.vpc.aws_network_acl_rule.intra_outbound",
            "module.vpc.aws_network_acl_rule.outpost_inbound",
            "module.vpc.aws_network_acl_rule.outpost_outbound",
            "module.vpc.aws_network_acl_rule.private_inbound",
            "module.vpc.aws_network_acl_rule.private_outbound",
            "module.vpc.aws_network_acl_rule.public_inbound",
            "module.vpc.aws_network_acl_rule.public_outbound",
            "module.vpc.aws_network_acl_rule.redshift_inbound",
            "module.vpc.aws_network_acl_rule.redshift_outbound",
            "module.vpc.aws_redshift_subnet_group.redshift",
            "module.vpc.aws_route.database_internet_gateway",
            "module.vpc.aws_route.database_ipv6_egress",
            "module.vpc.aws_route.database_nat_gateway",
            "module.vpc.aws_route.private_ipv6_egress",
            "module.vpc.aws_route.private_nat_gateway",
            "module.vpc.aws_route.public_internet_gateway",
            "module.vpc.aws_route.public_internet_gateway_ipv6",
            "module.vpc.aws_route_table.database",
            "module.vpc.aws_route_table.elasticache",
            "module.vpc.aws_route_table.intra",
            "module.vpc.aws_route_table.private",
            "module.vpc.aws_route_table.public",
            "module.vpc.aws_route_table.redshift",
            "module.vpc.aws_route_table_association.database",
            "module.vpc.aws_route_table_association.elasticache",
            "module.vpc.aws_route_table_association.intra",
            "module.vpc.aws_route_table_association.outpost",
            "module.vpc.aws_route_table_association.private",
            "module.vpc.aws_route_table_association.public",
            "module.vpc.aws_route_table_association.redshift",
            "module.vpc.aws_route_table_association.redshift_public",
            "module.vpc.aws_subnet.database",
            "module.vpc.aws_subnet.elasticache",
            "module.vpc.aws_subnet.intra",
            "module.vpc.aws_subnet.outpost",
            "module.vpc.aws_subnet.private",
            "module.vpc.aws_subnet.public",
            "module.vpc.aws_subnet.redshift",
            "module.vpc.aws_vpc.this",
            "module.vpc.aws_vpc_dhcp_options.this",
            "module.vpc.aws_vpc_dhcp_options_association.this",
            "module.vpc.aws_vpc_ipv4_cidr_block_association.this",
            "module.vpc.aws_vpn_gateway.this",
            "module.vpc.aws_vpn_gateway_attachment.this",
            "module.vpc.aws_vpn_gateway_route_propagation.intra",
            "module.vpc.aws_vpn_gateway_route_propagation.private",
            "module.vpc.aws_vpn_gateway_route_propagation.public",
            "module.vpc.data.aws_iam_policy_document.flow_log_cloudwatch_assume_role",
            "module.vpc.data.aws_iam_policy_document.vpc_flow_log_cloudwatch",
            "null_resource.copy_ansible_playbooks",
            "null_resource.provisioner",
            "null_resource.run_ansible",
            "time_sleep.wait_for_ansible_init",
            "tls_private_key.ssh"
          ]
        }
      ]
    },
    {
      "mode": "managed",
      "type": "time_sleep",
      "name": "wait_for_ansible_init",
      "provider": "provider[\"registry.terraform.io/hashicorp/time\"]",
      "instances": [
        {
          "schema_version": 0,
          "attributes": {
            "create_duration": "120s",
            "destroy_duration": null,
            "id": "2022-12-04T05:45:38Z",
            "triggers": {
              "always_run": "2022-12-04T05:43:38Z"
            }
          },
          "sensitive_attributes": [],
          "dependencies": [
            "aws_instance.ansible",
            "aws_key_pair.k8_ssh",
            "aws_security_group.allow_ssh",
            "module.vpc.aws_subnet.public",
            "module.vpc.aws_vpc.this",
            "module.vpc.aws_vpc_ipv4_cidr_block_association.this",
            "tls_private_key.ssh"
          ]
        }
      ]
    },
    {
      "mode": "managed",
      "type": "tls_private_key",
      "name": "ssh",
      "provider": "provider[\"registry.terraform.io/hashicorp/tls\"]",
      "instances": [
        {
          "schema_version": 1,
          "attributes": {
            "algorithm": "RSA",
            "ecdsa_curve": "P224",
            "id": "a80156eddbeb6fa339dcb07143687cd4197b735c",
            "private_key_openssh": "-----BEGIN OPENSSH PRIVATE KEY-----\nb3BlbnNzaC1rZXktdjEAAAAABG5vbmUAAAAEbm9uZQAAAAAAAAABAAACFwAAAAdz\nc2gtcnNhAAAAAwEAAQAAAgEArYrZeaX0vNJ8/YucSJh+hjLTeOpWfU6HI8FFt7C9\nM4ixVFWTdAQi9Drc6jBLU4zpIiZCTTO7TjM5o2u4sFVdsvGg+QQOaOyNSKGHi9Rz\n15oj2Nl7AVYY8zRVKuHy8MDr0TGCvXYacwZ5bWqvsHzJU34931k0+gtAZ/cWhTR2\npt9/lXl2zsETgKygM7S+rlGYDyRwp3faK1ZL0sLDgjb7vfDB6jfymGRZl1ndLj/s\nR4VMqiiHj1jLDFDfbVze5w8Ynid5Bikrjpz19JFM7ZC7xKUBE7ZLHnPPOKmctpCB\n9fLN3hlKsIq7WlbdZpGF3KpZUkQ9o+I4VFF70uFnrSjUz1/+OYLDLWweS3OucGxq\nsACRCiwvrMGYkxZNLqrwMzlGK2l/OiaXHcOZqkPuu5N2ztSbkevLw0uMQ+eOoQiN\nS+25G72u/yhyPeLHXHDpDvQnGO8G6p1NgDNxbRZn0HP/lYq23X43TxPY8U3oIs8y\nxm5q02/5ap/b553hPh/jR2StCwdRQHkVrJ8B6cJyUIVm6x9xdRBy/K8Rc4cNqsV0\nDM+ISFPig3zE7sfXmAEm38uRS1ATEdtvEbZVL+RmPSC1gvRjtyevyt9U7bJ9W40F\nJNaeid0mHbLARpSledqvVrUM1gynY/nrqFWCWx1qWstlwAZYVG57vOu97OjDuql7\ndNUAAAc4kYyCspGMgrIAAAAHc3NoLXJzYQAAAgEArYrZeaX0vNJ8/YucSJh+hjLT\neOpWfU6HI8FFt7C9M4ixVFWTdAQi9Drc6jBLU4zpIiZCTTO7TjM5o2u4sFVdsvGg\n+QQOaOyNSKGHi9Rz15oj2Nl7AVYY8zRVKuHy8MDr0TGCvXYacwZ5bWqvsHzJU349\n31k0+gtAZ/cWhTR2pt9/lXl2zsETgKygM7S+rlGYDyRwp3faK1ZL0sLDgjb7vfDB\n6jfymGRZl1ndLj/sR4VMqiiHj1jLDFDfbVze5w8Ynid5Bikrjpz19JFM7ZC7xKUB\nE7ZLHnPPOKmctpCB9fLN3hlKsIq7WlbdZpGF3KpZUkQ9o+I4VFF70uFnrSjUz1/+\nOYLDLWweS3OucGxqsACRCiwvrMGYkxZNLqrwMzlGK2l/OiaXHcOZqkPuu5N2ztSb\nkevLw0uMQ+eOoQiNS+25G72u/yhyPeLHXHDpDvQnGO8G6p1NgDNxbRZn0HP/lYq2\n3X43TxPY8U3oIs8yxm5q02/5ap/b553hPh/jR2StCwdRQHkVrJ8B6cJyUIVm6x9x\ndRBy/K8Rc4cNqsV0DM+ISFPig3zE7sfXmAEm38uRS1ATEdtvEbZVL+RmPSC1gvRj\ntyevyt9U7bJ9W40FJNaeid0mHbLARpSledqvVrUM1gynY/nrqFWCWx1qWstlwAZY\nVG57vOu97OjDuql7dNUAAAADAQABAAACAQCXT0ngs97YR5otIu3nqfYfIe+aLI+u\nf6p6dUhJKbM9XIBorJh8/iJP2YbGNcdnmKOoX71NPL6iJy2pHAIS1Mt2exDELVI3\nD5D788KQG3PJVx7MMor6Fkx4uHdNhWXhngO+CLIaaQAUrF9xFCUM9zA+OQLPWyNC\npE7Klvguuhh91L6T4CzDhjpv5ZNkocHjkUbIZRhIG8rAIGTJ5YC7Zx9Fc8ZPZeqC\nDnTC7tpXOerUTRgUAHR5eozHNzgnTWMYCOSI+Jef1IOiu54DWDC/rYLZqJhwzG9g\npM7Xc6Ms1oBJpiLy9BBYLw29baFqjZUuWeS5QsCPxG0ir00MB/XyV3h7y1GNi7ne\n/Jiu+qD49JY0QDJj3NJxf1ZRLHEIQ+xgRJCX07TYrlGgWuy/J/VGzRuhp1B4WLZd\nnWGBP3sqkSjNM1k8t1DxDqHQmsegN5M/x2KV9e9aWfyDHac3GfNhKEMpEolR9dwg\nMWPEXh+xX7OZtkoekmMTu7+tz7ZAeepU0H+Oi1wPVbKxVKMpuQhmPGaqpM6v8oIn\n6IBA8luyK0qtLr0OIFld4cLTbfiHKKbJ0ucuLRO5wJwPAdQifzXUAnm7RMS/MEaN\n1WNMzhxDvBxxVMCdYAJ5j8+MVm860cFQwnPxeHM6eh9QfrHB5p6zEnJRQYYZCFns\n/8B0/IoC53tYoQAAAQBoU1Zy7hqcSXT2/Gh7pDTfYfYBRitZr3a+AKyBHFq467cD\nblNtDsTS2Xrr5qMomLgM/pWQRlIF4sexfRGxXLK4HKbYKTLUdoeahR5HmJQmNW1B\nU45K116aERvYUDCU/FLm2RH1OejZBfYl7TOUkfX2NHGfSfzzurTUpGKrGEgNO3S1\noJ5HkD24eBTYmhszgVFGHnOY0vt4XZ26X5nKZjHfVTS+CREaplgRT57A2br7Avxd\n5v106VM6Uz/Jkzj1aufyqsZjcNfJ4HEc/8rDsWfNlKIspNSKb37Kxd+F+HYmkw64\nDuC83G/ealiempen9wCCH1AgrXUXfT6fs1ac5hznAAABAQDL/8IHoCCWmpvwAgY2\n+iUzvzwI8GfmoCKRM5u/Hmw8iVC7PUVyfLb7fRDoSXHjBHkyFpJiTY/Mq1/CzvKS\nSYEZjhn5mwT+hPGSGT62Ucw3RjN7j3btiIkigad2gbN1nEZoRuwQECu+xb50Fnrx\nGpIh/EzeBVUWUi1g6jMzPBXnsRjYrIOMuUoVJOlnY/hqL7wCjaWarK1GMJvIarxc\nW/srN7y2vwkmVK6BLfEC/Zh1MZBNyaSQkXBqXajLQAAbnCv7taPl70+5nIhmQJbg\nmJs5p2k2hXWXrDkeF2m5PCGhKPmImpVN1G/UYoQi1l9PQj+65Ry0Z8sFiWMVu2G7\nls/5AAABAQDZx5lXN7x7BFW7F9ZSNLcNm8mwHXAd2vrz+T8aMe3oE25oXUYpKdm5\n76LNr5Ij86jSiqmhJRuGA8sOBzBadr9z+QtFM6ws4UNsg6YahapjOqnV/PMy8JC/\nc0LH/VMMWwhk9hFFFmU97kUXC1uXYCUFke2rYT4J3rMs+Z9VPjKlFZOlo1CN20fK\nY3wa+v5DKltv8iFJ/oQn7cwdrzDrGFg07sMnAiUCGwP0zTqDpb1ND0jfIIhtW/aC\ndnd6mZwua6eTcSr3Nl3bPePFPcboTge/DO+ysXof8FTr58NqzYd8jVYwuaNiLHjF\npIDPfD5S1HopgJ6qR/ZanF3usEUskbq9AAAAAAEC\n-----END OPENSSH PRIVATE KEY-----\n",
            "private_key_pem": "-----BEGIN RSA PRIVATE KEY-----\nMIIJKgIBAAKCAgEArYrZeaX0vNJ8/YucSJh+hjLTeOpWfU6HI8FFt7C9M4ixVFWT\ndAQi9Drc6jBLU4zpIiZCTTO7TjM5o2u4sFVdsvGg+QQOaOyNSKGHi9Rz15oj2Nl7\nAVYY8zRVKuHy8MDr0TGCvXYacwZ5bWqvsHzJU34931k0+gtAZ/cWhTR2pt9/lXl2\nzsETgKygM7S+rlGYDyRwp3faK1ZL0sLDgjb7vfDB6jfymGRZl1ndLj/sR4VMqiiH\nj1jLDFDfbVze5w8Ynid5Bikrjpz19JFM7ZC7xKUBE7ZLHnPPOKmctpCB9fLN3hlK\nsIq7WlbdZpGF3KpZUkQ9o+I4VFF70uFnrSjUz1/+OYLDLWweS3OucGxqsACRCiwv\nrMGYkxZNLqrwMzlGK2l/OiaXHcOZqkPuu5N2ztSbkevLw0uMQ+eOoQiNS+25G72u\n/yhyPeLHXHDpDvQnGO8G6p1NgDNxbRZn0HP/lYq23X43TxPY8U3oIs8yxm5q02/5\nap/b553hPh/jR2StCwdRQHkVrJ8B6cJyUIVm6x9xdRBy/K8Rc4cNqsV0DM+ISFPi\ng3zE7sfXmAEm38uRS1ATEdtvEbZVL+RmPSC1gvRjtyevyt9U7bJ9W40FJNaeid0m\nHbLARpSledqvVrUM1gynY/nrqFWCWx1qWstlwAZYVG57vOu97OjDuql7dNUCAwEA\nAQKCAgEAl09J4LPe2EeaLSLt56n2HyHvmiyPrn+qenVISSmzPVyAaKyYfP4iT9mG\nxjXHZ5ijqF+9TTy+oictqRwCEtTLdnsQxC1SNw+Q+/PCkBtzyVcezDKK+hZMeLh3\nTYVl4Z4DvgiyGmkAFKxfcRQlDPcwPjkCz1sjQqROypb4LroYfdS+k+Asw4Y6b+WT\nZKHB45FGyGUYSBvKwCBkyeWAu2cfRXPGT2Xqgg50wu7aVznq1E0YFAB0eXqMxzc4\nJ01jGAjkiPiXn9SDorueA1gwv62C2aiYcMxvYKTO13OjLNaASaYi8vQQWC8NvW2h\nao2VLlnkuULAj8RtIq9NDAf18ld4e8tRjYu53vyYrvqg+PSWNEAyY9zScX9WUSxx\nCEPsYESQl9O02K5RoFrsvyf1Rs0boadQeFi2XZ1hgT97KpEozTNZPLdQ8Q6h0JrH\noDeTP8dilfXvWln8gx2nNxnzYShDKRKJUfXcIDFjxF4fsV+zmbZKHpJjE7u/rc+2\nQHnqVNB/jotcD1WysVSjKbkIZjxmqqTOr/KCJ+iAQPJbsitKrS69DiBZXeHC0234\nhyimydLnLi0TucCcDwHUIn811AJ5u0TEvzBGjdVjTM4cQ7wccVTAnWACeY/PjFZv\nOtHBUMJz8XhzOnofUH6xweaesxJyUUGGGQhZ7P/AdPyKAud7WKECggEBAMv/wgeg\nIJaam/ACBjb6JTO/PAjwZ+agIpEzm78ebDyJULs9RXJ8tvt9EOhJceMEeTIWkmJN\nj8yrX8LO8pJJgRmOGfmbBP6E8ZIZPrZRzDdGM3uPdu2IiSKBp3aBs3WcRmhG7BAQ\nK77FvnQWevEakiH8TN4FVRZSLWDqMzM8FeexGNisg4y5ShUk6Wdj+GovvAKNpZqs\nrUYwm8hqvFxb+ys3vLa/CSZUroEt8QL9mHUxkE3JpJCRcGpdqMtAABucK/u1o+Xv\nT7mciGZAluCYmzmnaTaFdZesOR4Xabk8IaEo+YialU3Ub9RihCLWX09CP7rlHLRn\nywWJYxW7YbuWz/kCggEBANnHmVc3vHsEVbsX1lI0tw2bybAdcB3a+vP5Pxox7egT\nbmhdRikp2bnvos2vkiPzqNKKqaElG4YDyw4HMFp2v3P5C0UzrCzhQ2yDphqFqmM6\nqdX88zLwkL9zQsf9UwxbCGT2EUUWZT3uRRcLW5dgJQWR7athPgnesyz5n1U+MqUV\nk6WjUI3bR8pjfBr6/kMqW2/yIUn+hCftzB2vMOsYWDTuwycCJQIbA/TNOoOlvU0P\nSN8giG1b9oJ2d3qZnC5rp5NxKvc2Xds948U9xuhOB78M77Kxeh/wVOvnw2rNh3yN\nVjC5o2IseMWkgM98PlLUeimAnqpH9lqcXe6wRSyRur0CggEBAMo9iFKfAS/Nn4LV\nvuuKGo+uqwoBrEALyblB/MoAkzWAvLSkDdFuqsmwN67SAUIbETwC/KTQWBuEWq97\nEyjMDl0Tb9TxRoY9rnA07uM5PMgfpLJ+jFz421uGRktKUmvqvjJq/WT/Yx8CU8oq\n7z9QJEflJR+HEc/LMInAJXpJuz2zaPqGLPS6TSOhMHP7vC8pm668Vs19G1tWnVqX\n1p2J4vv5ifFyetOxaD9RGHrqhtbIiFNV8PwR8+y/ZbP6gyDcNw6YCSDPm65b7S3S\nIsIPCPSjb79JmEcByq52b63gW0a2pIw1FIfQb/2SnYUcGektuJjEwyxnKfMXPVAy\nMLYU0aECggEBAJtJixq44InrVmI5JhaqBhkLC+6rnwV63tTW1lsMXTLNoD2EvQGf\nGORPbowx9Af0t12hiEEin5SY4dJX5++pmuzMGXA33z6FRbl7yhZBV3S4IOA4JQYe\nqWgKfQTzqqM1yi+LklbsGDbnzpYXADFZWiy1mH5KsZ0CEkswl5+F4UD7uLM0V70/\nLdqvw4/Nhz5HVrnlMj174apDEvfbswr/6e2cjsUi71aoAtMs/9tddDUdf/2ySfWI\nzKbMaHegTtB+7RfiaxupxZUOdXpwiYOeGEHvrH+Ds6xQh41LTnm6ojB664mE5W6c\nfWWY3kyUsDAJ2C39y6Vp+M01kHkhccHNDBUCggEAaFNWcu4anEl09vxoe6Q032H2\nAUYrWa92vgCsgRxauOu3A25TbQ7E0tl66+ajKJi4DP6VkEZSBeLHsX0RsVyyuBym\n2Cky1HaHmoUeR5iUJjVtQVOOStdemhEb2FAwlPxS5tkR9Tno2QX2Je0zlJH19jRx\nn0n887q01KRiqxhIDTt0taCeR5A9uHgU2JobM4FRRh5zmNL7eF2dul+ZymYx31U0\nvgkRGqZYEU+ewNm6+wL8Xeb9dOlTOlM/yZM49Wrn8qrGY3DXyeBxHP/Kw7FnzZSi\nLKTUim9+ysXfhfh2JpMOuA7gvNxv3mpYnpqXp/cAgh9QIK11F30+n7NWnOYc5w==\n-----END RSA PRIVATE KEY-----\n",
            "private_key_pem_pkcs8": "-----BEGIN PRIVATE KEY-----\nMIIJRAIBADANBgkqhkiG9w0BAQEFAASCCS4wggkqAgEAAoICAQCtitl5pfS80nz9\ni5xImH6GMtN46lZ9TocjwUW3sL0ziLFUVZN0BCL0OtzqMEtTjOkiJkJNM7tOMzmj\na7iwVV2y8aD5BA5o7I1IoYeL1HPXmiPY2XsBVhjzNFUq4fLwwOvRMYK9dhpzBnlt\naq+wfMlTfj3fWTT6C0Bn9xaFNHam33+VeXbOwROArKAztL6uUZgPJHCnd9orVkvS\nwsOCNvu98MHqN/KYZFmXWd0uP+xHhUyqKIePWMsMUN9tXN7nDxieJ3kGKSuOnPX0\nkUztkLvEpQETtksec884qZy2kIH18s3eGUqwirtaVt1mkYXcqllSRD2j4jhUUXvS\n4WetKNTPX/45gsMtbB5Lc65wbGqwAJEKLC+swZiTFk0uqvAzOUYraX86Jpcdw5mq\nQ+67k3bO1JuR68vDS4xD546hCI1L7bkbva7/KHI94sdccOkO9CcY7wbqnU2AM3Ft\nFmfQc/+VirbdfjdPE9jxTegizzLGbmrTb/lqn9vnneE+H+NHZK0LB1FAeRWsnwHp\nwnJQhWbrH3F1EHL8rxFzhw2qxXQMz4hIU+KDfMTux9eYASbfy5FLUBMR228RtlUv\n5GY9ILWC9GO3J6/K31Ttsn1bjQUk1p6J3SYdssBGlKV52q9WtQzWDKdj+euoVYJb\nHWpay2XABlhUbnu8673s6MO6qXt01QIDAQABAoICAQCXT0ngs97YR5otIu3nqfYf\nIe+aLI+uf6p6dUhJKbM9XIBorJh8/iJP2YbGNcdnmKOoX71NPL6iJy2pHAIS1Mt2\nexDELVI3D5D788KQG3PJVx7MMor6Fkx4uHdNhWXhngO+CLIaaQAUrF9xFCUM9zA+\nOQLPWyNCpE7Klvguuhh91L6T4CzDhjpv5ZNkocHjkUbIZRhIG8rAIGTJ5YC7Zx9F\nc8ZPZeqCDnTC7tpXOerUTRgUAHR5eozHNzgnTWMYCOSI+Jef1IOiu54DWDC/rYLZ\nqJhwzG9gpM7Xc6Ms1oBJpiLy9BBYLw29baFqjZUuWeS5QsCPxG0ir00MB/XyV3h7\ny1GNi7ne/Jiu+qD49JY0QDJj3NJxf1ZRLHEIQ+xgRJCX07TYrlGgWuy/J/VGzRuh\np1B4WLZdnWGBP3sqkSjNM1k8t1DxDqHQmsegN5M/x2KV9e9aWfyDHac3GfNhKEMp\nEolR9dwgMWPEXh+xX7OZtkoekmMTu7+tz7ZAeepU0H+Oi1wPVbKxVKMpuQhmPGaq\npM6v8oIn6IBA8luyK0qtLr0OIFld4cLTbfiHKKbJ0ucuLRO5wJwPAdQifzXUAnm7\nRMS/MEaN1WNMzhxDvBxxVMCdYAJ5j8+MVm860cFQwnPxeHM6eh9QfrHB5p6zEnJR\nQYYZCFns/8B0/IoC53tYoQKCAQEAy//CB6Aglpqb8AIGNvolM788CPBn5qAikTOb\nvx5sPIlQuz1Fcny2+30Q6Elx4wR5MhaSYk2PzKtfws7ykkmBGY4Z+ZsE/oTxkhk+\ntlHMN0Yze4927YiJIoGndoGzdZxGaEbsEBArvsW+dBZ68RqSIfxM3gVVFlItYOoz\nMzwV57EY2KyDjLlKFSTpZ2P4ai+8Ao2lmqytRjCbyGq8XFv7Kze8tr8JJlSugS3x\nAv2YdTGQTcmkkJFwal2oy0AAG5wr+7Wj5e9PuZyIZkCW4JibOadpNoV1l6w5Hhdp\nuTwhoSj5iJqVTdRv1GKEItZfT0I/uuUctGfLBYljFbthu5bP+QKCAQEA2ceZVze8\newRVuxfWUjS3DZvJsB1wHdr68/k/GjHt6BNuaF1GKSnZue+iza+SI/Oo0oqpoSUb\nhgPLDgcwWna/c/kLRTOsLOFDbIOmGoWqYzqp1fzzMvCQv3NCx/1TDFsIZPYRRRZl\nPe5FFwtbl2AlBZHtq2E+Cd6zLPmfVT4ypRWTpaNQjdtHymN8Gvr+Qypbb/IhSf6E\nJ+3MHa8w6xhYNO7DJwIlAhsD9M06g6W9TQ9I3yCIbVv2gnZ3epmcLmunk3Eq9zZd\n2z3jxT3G6E4HvwzvsrF6H/BU6+fDas2HfI1WMLmjYix4xaSAz3w+UtR6KYCeqkf2\nWpxd7rBFLJG6vQKCAQEAyj2IUp8BL82fgtW+64oaj66rCgGsQAvJuUH8ygCTNYC8\ntKQN0W6qybA3rtIBQhsRPAL8pNBYG4Rar3sTKMwOXRNv1PFGhj2ucDTu4zk8yB+k\nsn6MXPjbW4ZGS0pSa+q+Mmr9ZP9jHwJTyirvP1AkR+UlH4cRz8swicAlekm7PbNo\n+oYs9LpNI6Ewc/u8LymbrrxWzX0bW1adWpfWnYni+/mJ8XJ607FoP1EYeuqG1siI\nU1Xw/BHz7L9ls/qDINw3DpgJIM+brlvtLdIiwg8I9KNvv0mYRwHKrnZvreBbRrak\njDUUh9Bv/ZKdhRwZ6S24mMTDLGcp8xc9UDIwthTRoQKCAQEAm0mLGrjgietWYjkm\nFqoGGQsL7qufBXre1NbWWwxdMs2gPYS9AZ8Y5E9ujDH0B/S3XaGIQSKflJjh0lfn\n76ma7MwZcDffPoVFuXvKFkFXdLgg4DglBh6paAp9BPOqozXKL4uSVuwYNufOlhcA\nMVlaLLWYfkqxnQISSzCXn4XhQPu4szRXvT8t2q/Dj82HPkdWueUyPXvhqkMS99uz\nCv/p7ZyOxSLvVqgC0yz/2110NR1//bJJ9YjMpsxod6BO0H7tF+JrG6nFlQ51enCJ\ng54YQe+sf4OzrFCHjUtOebqiMHrriYTlbpx9ZZjeTJSwMAnYLf3LpWn4zTWQeSFx\nwc0MFQKCAQBoU1Zy7hqcSXT2/Gh7pDTfYfYBRitZr3a+AKyBHFq467cDblNtDsTS\n2Xrr5qMomLgM/pWQRlIF4sexfRGxXLK4HKbYKTLUdoeahR5HmJQmNW1BU45K116a\nERvYUDCU/FLm2RH1OejZBfYl7TOUkfX2NHGfSfzzurTUpGKrGEgNO3S1oJ5HkD24\neBTYmhszgVFGHnOY0vt4XZ26X5nKZjHfVTS+CREaplgRT57A2br7Avxd5v106VM6\nUz/Jkzj1aufyqsZjcNfJ4HEc/8rDsWfNlKIspNSKb37Kxd+F+HYmkw64DuC83G/e\naliempen9wCCH1AgrXUXfT6fs1ac5hzn\n-----END PRIVATE KEY-----\n",
            "public_key_fingerprint_md5": "39:de:7f:29:b6:55:81:e1:b3:1a:ac:54:b2:75:74:b8",
            "public_key_fingerprint_sha256": "SHA256:yTaT1zpmNpQQM84ia4G+ICYUYT8lTlbbLI8x6jZIeDI",
            "public_key_openssh": "ssh-rsa AAAAB3NzaC1yc2EAAAADAQABAAACAQCtitl5pfS80nz9i5xImH6GMtN46lZ9TocjwUW3sL0ziLFUVZN0BCL0OtzqMEtTjOkiJkJNM7tOMzmja7iwVV2y8aD5BA5o7I1IoYeL1HPXmiPY2XsBVhjzNFUq4fLwwOvRMYK9dhpzBnltaq+wfMlTfj3fWTT6C0Bn9xaFNHam33+VeXbOwROArKAztL6uUZgPJHCnd9orVkvSwsOCNvu98MHqN/KYZFmXWd0uP+xHhUyqKIePWMsMUN9tXN7nDxieJ3kGKSuOnPX0kUztkLvEpQETtksec884qZy2kIH18s3eGUqwirtaVt1mkYXcqllSRD2j4jhUUXvS4WetKNTPX/45gsMtbB5Lc65wbGqwAJEKLC+swZiTFk0uqvAzOUYraX86Jpcdw5mqQ+67k3bO1JuR68vDS4xD546hCI1L7bkbva7/KHI94sdccOkO9CcY7wbqnU2AM3FtFmfQc/+VirbdfjdPE9jxTegizzLGbmrTb/lqn9vnneE+H+NHZK0LB1FAeRWsnwHpwnJQhWbrH3F1EHL8rxFzhw2qxXQMz4hIU+KDfMTux9eYASbfy5FLUBMR228RtlUv5GY9ILWC9GO3J6/K31Ttsn1bjQUk1p6J3SYdssBGlKV52q9WtQzWDKdj+euoVYJbHWpay2XABlhUbnu8673s6MO6qXt01Q==\n",
            "public_key_pem": "-----BEGIN PUBLIC KEY-----\nMIICIjANBgkqhkiG9w0BAQEFAAOCAg8AMIICCgKCAgEArYrZeaX0vNJ8/YucSJh+\nhjLTeOpWfU6HI8FFt7C9M4ixVFWTdAQi9Drc6jBLU4zpIiZCTTO7TjM5o2u4sFVd\nsvGg+QQOaOyNSKGHi9Rz15oj2Nl7AVYY8zRVKuHy8MDr0TGCvXYacwZ5bWqvsHzJ\nU34931k0+gtAZ/cWhTR2pt9/lXl2zsETgKygM7S+rlGYDyRwp3faK1ZL0sLDgjb7\nvfDB6jfymGRZl1ndLj/sR4VMqiiHj1jLDFDfbVze5w8Ynid5Bikrjpz19JFM7ZC7\nxKUBE7ZLHnPPOKmctpCB9fLN3hlKsIq7WlbdZpGF3KpZUkQ9o+I4VFF70uFnrSjU\nz1/+OYLDLWweS3OucGxqsACRCiwvrMGYkxZNLqrwMzlGK2l/OiaXHcOZqkPuu5N2\nztSbkevLw0uMQ+eOoQiNS+25G72u/yhyPeLHXHDpDvQnGO8G6p1NgDNxbRZn0HP/\nlYq23X43TxPY8U3oIs8yxm5q02/5ap/b553hPh/jR2StCwdRQHkVrJ8B6cJyUIVm\n6x9xdRBy/K8Rc4cNqsV0DM+ISFPig3zE7sfXmAEm38uRS1ATEdtvEbZVL+RmPSC1\ngvRjtyevyt9U7bJ9W40FJNaeid0mHbLARpSledqvVrUM1gynY/nrqFWCWx1qWstl\nwAZYVG57vOu97OjDuql7dNUCAwEAAQ==\n-----END PUBLIC KEY-----\n",
            "rsa_bits": 4096
          },
          "sensitive_attributes": []
        }
      ]
    },
    {
      "module": "module.vpc",
      "mode": "managed",
      "type": "aws_eip",
      "name": "nat",
      "provider": "provider[\"registry.terraform.io/hashicorp/aws\"]",
      "instances": [
        {
          "index_key": 0,
          "schema_version": 0,
          "attributes": {
            "address": null,
            "allocation_id": "eipalloc-0ef5045cfa66036e7",
            "associate_with_private_ip": null,
            "association_id": "",
            "carrier_ip": "",
            "customer_owned_ip": "",
            "customer_owned_ipv4_pool": "",
            "domain": "vpc",
            "id": "eipalloc-0ef5045cfa66036e7",
            "instance": "",
            "network_border_group": "us-west-2",
            "network_interface": "",
            "private_dns": null,
            "private_ip": "",
            "public_dns": "ec2-100-22-8-214.us-west-2.compute.amazonaws.com",
            "public_ip": "100.22.8.214",
            "public_ipv4_pool": "amazon",
            "tags": {
              "Environment": "dev",
              "Name": "my-vpc",
              "Terraform": "true"
            },
            "tags_all": {
              "Environment": "dev",
              "Name": "my-vpc",
              "Terraform": "true"
            },
            "timeouts": null,
            "vpc": true
          },
          "sensitive_attributes": [],
          "private": "eyJlMmJmYjczMC1lY2FhLTExZTYtOGY4OC0zNDM2M2JjN2M0YzAiOnsiZGVsZXRlIjoxODAwMDAwMDAwMDAsInJlYWQiOjkwMDAwMDAwMDAwMCwidXBkYXRlIjozMDAwMDAwMDAwMDB9fQ=="
        }
      ]
    },
    {
      "module": "module.vpc",
      "mode": "managed",
      "type": "aws_internet_gateway",
      "name": "this",
      "provider": "provider[\"registry.terraform.io/hashicorp/aws\"]",
      "instances": [
        {
          "index_key": 0,
          "schema_version": 0,
          "attributes": {
            "arn": "arn:aws:ec2:us-west-2:539507529953:internet-gateway/igw-0da580949697754c7",
            "id": "igw-0da580949697754c7",
            "owner_id": "539507529953",
            "tags": {
              "Environment": "dev",
              "Name": "my-vpc",
              "Terraform": "true"
            },
            "tags_all": {
              "Environment": "dev",
              "Name": "my-vpc",
              "Terraform": "true"
            },
            "timeouts": null,
            "vpc_id": "vpc-0e9a491d8341ac5c2"
          },
          "sensitive_attributes": [],
          "private": "eyJlMmJmYjczMC1lY2FhLTExZTYtOGY4OC0zNDM2M2JjN2M0YzAiOnsiY3JlYXRlIjoxMjAwMDAwMDAwMDAwLCJkZWxldGUiOjEyMDAwMDAwMDAwMDAsInVwZGF0ZSI6MTIwMDAwMDAwMDAwMH19",
          "dependencies": [
            "module.vpc.aws_vpc.this",
            "module.vpc.aws_vpc_ipv4_cidr_block_association.this"
          ]
        }
      ]
    },
    {
      "module": "module.vpc",
      "mode": "managed",
      "type": "aws_nat_gateway",
      "name": "this",
      "provider": "provider[\"registry.terraform.io/hashicorp/aws\"]",
      "instances": [
        {
          "index_key": 0,
          "schema_version": 0,
          "attributes": {
            "allocation_id": "eipalloc-0ef5045cfa66036e7",
            "connectivity_type": "public",
            "id": "nat-09dabb4a9fb274d00",
            "network_interface_id": "eni-0e30a3647630e9385",
            "private_ip": "10.0.101.252",
            "public_ip": "100.22.8.214",
            "subnet_id": "subnet-0aa2cebe28e5a414a",
            "tags": {
              "Environment": "dev",
              "Name": "my-vpc",
              "Terraform": "true"
            },
            "tags_all": {
              "Environment": "dev",
              "Name": "my-vpc",
              "Terraform": "true"
            }
          },
          "sensitive_attributes": [],
          "private": "bnVsbA==",
          "dependencies": [
            "module.vpc.aws_eip.nat",
            "module.vpc.aws_internet_gateway.this",
            "module.vpc.aws_subnet.public",
            "module.vpc.aws_vpc.this",
            "module.vpc.aws_vpc_ipv4_cidr_block_association.this"
          ]
        }
      ]
    },
    {
      "module": "module.vpc",
      "mode": "managed",
      "type": "aws_route",
      "name": "private_nat_gateway",
      "provider": "provider[\"registry.terraform.io/hashicorp/aws\"]",
      "instances": [
        {
          "index_key": 0,
          "schema_version": 0,
          "attributes": {
            "carrier_gateway_id": "",
            "core_network_arn": "",
            "destination_cidr_block": "0.0.0.0/0",
            "destination_ipv6_cidr_block": "",
            "destination_prefix_list_id": "",
            "egress_only_gateway_id": "",
            "gateway_id": "",
            "id": "r-rtb-0ea43309e633aa73c1080289494",
            "instance_id": "",
            "instance_owner_id": "",
            "local_gateway_id": "",
            "nat_gateway_id": "nat-09dabb4a9fb274d00",
            "network_interface_id": "",
            "origin": "CreateRoute",
            "route_table_id": "rtb-0ea43309e633aa73c",
            "state": "active",
            "timeouts": {
              "create": "5m",
              "delete": null,
              "update": null
            },
            "transit_gateway_id": "",
            "vpc_endpoint_id": "",
            "vpc_peering_connection_id": ""
          },
          "sensitive_attributes": [],
          "private": "eyJlMmJmYjczMC1lY2FhLTExZTYtOGY4OC0zNDM2M2JjN2M0YzAiOnsiY3JlYXRlIjozMDAwMDAwMDAwMDAsImRlbGV0ZSI6MzAwMDAwMDAwMDAwLCJ1cGRhdGUiOjEyMDAwMDAwMDAwMH19",
          "dependencies": [
            "module.vpc.aws_eip.nat",
            "module.vpc.aws_internet_gateway.this",
            "module.vpc.aws_nat_gateway.this",
            "module.vpc.aws_route_table.private",
            "module.vpc.aws_subnet.public",
            "module.vpc.aws_vpc.this",
            "module.vpc.aws_vpc_ipv4_cidr_block_association.this"
          ]
        }
      ]
    },
    {
      "module": "module.vpc",
      "mode": "managed",
      "type": "aws_route",
      "name": "public_internet_gateway",
      "provider": "provider[\"registry.terraform.io/hashicorp/aws\"]",
      "instances": [
        {
          "index_key": 0,
          "schema_version": 0,
          "attributes": {
            "carrier_gateway_id": "",
            "core_network_arn": "",
            "destination_cidr_block": "0.0.0.0/0",
            "destination_ipv6_cidr_block": "",
            "destination_prefix_list_id": "",
            "egress_only_gateway_id": "",
            "gateway_id": "igw-0da580949697754c7",
            "id": "r-rtb-097d194d735544ef41080289494",
            "instance_id": "",
            "instance_owner_id": "",
            "local_gateway_id": "",
            "nat_gateway_id": "",
            "network_interface_id": "",
            "origin": "CreateRoute",
            "route_table_id": "rtb-097d194d735544ef4",
            "state": "active",
            "timeouts": {
              "create": "5m",
              "delete": null,
              "update": null
            },
            "transit_gateway_id": "",
            "vpc_endpoint_id": "",
            "vpc_peering_connection_id": ""
          },
          "sensitive_attributes": [],
          "private": "eyJlMmJmYjczMC1lY2FhLTExZTYtOGY4OC0zNDM2M2JjN2M0YzAiOnsiY3JlYXRlIjozMDAwMDAwMDAwMDAsImRlbGV0ZSI6MzAwMDAwMDAwMDAwLCJ1cGRhdGUiOjEyMDAwMDAwMDAwMH19",
          "dependencies": [
            "module.vpc.aws_internet_gateway.this",
            "module.vpc.aws_route_table.public",
            "module.vpc.aws_vpc.this",
            "module.vpc.aws_vpc_ipv4_cidr_block_association.this"
          ]
        }
      ]
    },
    {
      "module": "module.vpc",
      "mode": "managed",
      "type": "aws_route_table",
      "name": "private",
      "provider": "provider[\"registry.terraform.io/hashicorp/aws\"]",
      "instances": [
        {
          "index_key": 0,
          "schema_version": 0,
          "attributes": {
            "arn": "arn:aws:ec2:us-west-2:539507529953:route-table/rtb-0ea43309e633aa73c",
            "id": "rtb-0ea43309e633aa73c",
            "owner_id": "539507529953",
            "propagating_vgws": [],
            "route": [],
            "tags": {
              "Environment": "dev",
              "Name": "my-vpc",
              "Terraform": "true"
            },
            "tags_all": {
              "Environment": "dev",
              "Name": "my-vpc",
              "Terraform": "true"
            },
            "timeouts": null,
            "vpc_id": "vpc-0e9a491d8341ac5c2"
          },
          "sensitive_attributes": [],
          "private": "eyJlMmJmYjczMC1lY2FhLTExZTYtOGY4OC0zNDM2M2JjN2M0YzAiOnsiY3JlYXRlIjozMDAwMDAwMDAwMDAsImRlbGV0ZSI6MzAwMDAwMDAwMDAwLCJ1cGRhdGUiOjEyMDAwMDAwMDAwMH19",
          "dependencies": [
            "module.vpc.aws_vpc.this",
            "module.vpc.aws_vpc_ipv4_cidr_block_association.this"
          ]
        }
      ]
    },
    {
      "module": "module.vpc",
      "mode": "managed",
      "type": "aws_route_table",
      "name": "public",
      "provider": "provider[\"registry.terraform.io/hashicorp/aws\"]",
      "instances": [
        {
          "index_key": 0,
          "schema_version": 0,
          "attributes": {
            "arn": "arn:aws:ec2:us-west-2:539507529953:route-table/rtb-097d194d735544ef4",
            "id": "rtb-097d194d735544ef4",
            "owner_id": "539507529953",
            "propagating_vgws": [],
            "route": [],
            "tags": {
              "Environment": "dev",
              "Name": "my-vpc",
              "Terraform": "true"
            },
            "tags_all": {
              "Environment": "dev",
              "Name": "my-vpc",
              "Terraform": "true"
            },
            "timeouts": null,
            "vpc_id": "vpc-0e9a491d8341ac5c2"
          },
          "sensitive_attributes": [],
          "private": "eyJlMmJmYjczMC1lY2FhLTExZTYtOGY4OC0zNDM2M2JjN2M0YzAiOnsiY3JlYXRlIjozMDAwMDAwMDAwMDAsImRlbGV0ZSI6MzAwMDAwMDAwMDAwLCJ1cGRhdGUiOjEyMDAwMDAwMDAwMH19",
          "dependencies": [
            "module.vpc.aws_vpc.this",
            "module.vpc.aws_vpc_ipv4_cidr_block_association.this"
          ]
        }
      ]
    },
    {
      "module": "module.vpc",
      "mode": "managed",
      "type": "aws_route_table_association",
      "name": "private",
      "provider": "provider[\"registry.terraform.io/hashicorp/aws\"]",
      "instances": [
        {
          "index_key": 0,
          "schema_version": 0,
          "attributes": {
            "gateway_id": "",
            "id": "rtbassoc-0473b6b61f4b72e0c",
            "route_table_id": "rtb-0ea43309e633aa73c",
            "subnet_id": "subnet-036d4616ff4d8b6a2"
          },
          "sensitive_attributes": [],
          "private": "bnVsbA==",
          "dependencies": [
            "module.vpc.aws_route_table.private",
            "module.vpc.aws_subnet.private",
            "module.vpc.aws_vpc.this",
            "module.vpc.aws_vpc_ipv4_cidr_block_association.this"
          ]
        },
        {
          "index_key": 1,
          "schema_version": 0,
          "attributes": {
            "gateway_id": "",
            "id": "rtbassoc-0e5bd9744863ce6ce",
            "route_table_id": "rtb-0ea43309e633aa73c",
            "subnet_id": "subnet-05a6bc212664cf22e"
          },
          "sensitive_attributes": [],
          "private": "bnVsbA==",
          "dependencies": [
            "module.vpc.aws_route_table.private",
            "module.vpc.aws_subnet.private",
            "module.vpc.aws_vpc.this",
            "module.vpc.aws_vpc_ipv4_cidr_block_association.this"
          ]
        },
        {
          "index_key": 2,
          "schema_version": 0,
          "attributes": {
            "gateway_id": "",
            "id": "rtbassoc-0358ff097b8edb4b7",
            "route_table_id": "rtb-0ea43309e633aa73c",
            "subnet_id": "subnet-00855a96bd894e56c"
          },
          "sensitive_attributes": [],
          "private": "bnVsbA==",
          "dependencies": [
            "module.vpc.aws_route_table.private",
            "module.vpc.aws_subnet.private",
            "module.vpc.aws_vpc.this",
            "module.vpc.aws_vpc_ipv4_cidr_block_association.this"
          ]
        }
      ]
    },
    {
      "module": "module.vpc",
      "mode": "managed",
      "type": "aws_route_table_association",
      "name": "public",
      "provider": "provider[\"registry.terraform.io/hashicorp/aws\"]",
      "instances": [
        {
          "index_key": 0,
          "schema_version": 0,
          "attributes": {
            "gateway_id": "",
            "id": "rtbassoc-09de146803ecbfe58",
            "route_table_id": "rtb-097d194d735544ef4",
            "subnet_id": "subnet-0aa2cebe28e5a414a"
          },
          "sensitive_attributes": [],
          "private": "bnVsbA==",
          "dependencies": [
            "module.vpc.aws_route_table.public",
            "module.vpc.aws_subnet.public",
            "module.vpc.aws_vpc.this",
            "module.vpc.aws_vpc_ipv4_cidr_block_association.this"
          ]
        },
        {
          "index_key": 1,
          "schema_version": 0,
          "attributes": {
            "gateway_id": "",
            "id": "rtbassoc-014d77775798003ed",
            "route_table_id": "rtb-097d194d735544ef4",
            "subnet_id": "subnet-066554e7c307478d1"
          },
          "sensitive_attributes": [],
          "private": "bnVsbA==",
          "dependencies": [
            "module.vpc.aws_route_table.public",
            "module.vpc.aws_subnet.public",
            "module.vpc.aws_vpc.this",
            "module.vpc.aws_vpc_ipv4_cidr_block_association.this"
          ]
        },
        {
          "index_key": 2,
          "schema_version": 0,
          "attributes": {
            "gateway_id": "",
            "id": "rtbassoc-0cee69fd696867d72",
            "route_table_id": "rtb-097d194d735544ef4",
            "subnet_id": "subnet-079a1ea4121c22eca"
          },
          "sensitive_attributes": [],
          "private": "bnVsbA==",
          "dependencies": [
            "module.vpc.aws_route_table.public",
            "module.vpc.aws_subnet.public",
            "module.vpc.aws_vpc.this",
            "module.vpc.aws_vpc_ipv4_cidr_block_association.this"
          ]
        }
      ]
    },
    {
      "module": "module.vpc",
      "mode": "managed",
      "type": "aws_subnet",
      "name": "private",
      "provider": "provider[\"registry.terraform.io/hashicorp/aws\"]",
      "instances": [
        {
          "index_key": 0,
          "schema_version": 1,
          "attributes": {
            "arn": "arn:aws:ec2:us-west-2:539507529953:subnet/subnet-036d4616ff4d8b6a2",
            "assign_ipv6_address_on_creation": false,
            "availability_zone": "us-west-2a",
            "availability_zone_id": "usw2-az1",
            "cidr_block": "10.0.1.0/24",
            "customer_owned_ipv4_pool": "",
            "enable_dns64": false,
            "enable_resource_name_dns_a_record_on_launch": false,
            "enable_resource_name_dns_aaaa_record_on_launch": false,
            "id": "subnet-036d4616ff4d8b6a2",
            "ipv6_cidr_block": "",
            "ipv6_cidr_block_association_id": "",
            "ipv6_native": false,
            "map_customer_owned_ip_on_launch": false,
            "map_public_ip_on_launch": false,
            "outpost_arn": "",
            "owner_id": "539507529953",
            "private_dns_hostname_type_on_launch": "ip-name",
            "tags": {
              "Environment": "dev",
              "Name": "private-subnet",
              "Terraform": "true"
            },
            "tags_all": {
              "Environment": "dev",
              "Name": "private-subnet",
              "Terraform": "true"
            },
            "timeouts": null,
            "vpc_id": "vpc-0e9a491d8341ac5c2"
          },
          "sensitive_attributes": [],
          "private": "eyJlMmJmYjczMC1lY2FhLTExZTYtOGY4OC0zNDM2M2JjN2M0YzAiOnsiY3JlYXRlIjo2MDAwMDAwMDAwMDAsImRlbGV0ZSI6MTIwMDAwMDAwMDAwMH0sInNjaGVtYV92ZXJzaW9uIjoiMSJ9",
          "dependencies": [
            "module.vpc.aws_vpc.this",
            "module.vpc.aws_vpc_ipv4_cidr_block_association.this"
          ]
        },
        {
          "index_key": 1,
          "schema_version": 1,
          "attributes": {
            "arn": "arn:aws:ec2:us-west-2:539507529953:subnet/subnet-05a6bc212664cf22e",
            "assign_ipv6_address_on_creation": false,
            "availability_zone": "us-west-2b",
            "availability_zone_id": "usw2-az2",
            "cidr_block": "10.0.2.0/24",
            "customer_owned_ipv4_pool": "",
            "enable_dns64": false,
            "enable_resource_name_dns_a_record_on_launch": false,
            "enable_resource_name_dns_aaaa_record_on_launch": false,
            "id": "subnet-05a6bc212664cf22e",
            "ipv6_cidr_block": "",
            "ipv6_cidr_block_association_id": "",
            "ipv6_native": false,
            "map_customer_owned_ip_on_launch": false,
            "map_public_ip_on_launch": false,
            "outpost_arn": "",
            "owner_id": "539507529953",
            "private_dns_hostname_type_on_launch": "ip-name",
            "tags": {
              "Environment": "dev",
              "Name": "private-subnet",
              "Terraform": "true"
            },
            "tags_all": {
              "Environment": "dev",
              "Name": "private-subnet",
              "Terraform": "true"
            },
            "timeouts": null,
            "vpc_id": "vpc-0e9a491d8341ac5c2"
          },
          "sensitive_attributes": [],
          "private": "eyJlMmJmYjczMC1lY2FhLTExZTYtOGY4OC0zNDM2M2JjN2M0YzAiOnsiY3JlYXRlIjo2MDAwMDAwMDAwMDAsImRlbGV0ZSI6MTIwMDAwMDAwMDAwMH0sInNjaGVtYV92ZXJzaW9uIjoiMSJ9",
          "dependencies": [
            "module.vpc.aws_vpc.this",
            "module.vpc.aws_vpc_ipv4_cidr_block_association.this"
          ]
        },
        {
          "index_key": 2,
          "schema_version": 1,
          "attributes": {
            "arn": "arn:aws:ec2:us-west-2:539507529953:subnet/subnet-00855a96bd894e56c",
            "assign_ipv6_address_on_creation": false,
            "availability_zone": "us-west-2c",
            "availability_zone_id": "usw2-az3",
            "cidr_block": "10.0.3.0/24",
            "customer_owned_ipv4_pool": "",
            "enable_dns64": false,
            "enable_resource_name_dns_a_record_on_launch": false,
            "enable_resource_name_dns_aaaa_record_on_launch": false,
            "id": "subnet-00855a96bd894e56c",
            "ipv6_cidr_block": "",
            "ipv6_cidr_block_association_id": "",
            "ipv6_native": false,
            "map_customer_owned_ip_on_launch": false,
            "map_public_ip_on_launch": false,
            "outpost_arn": "",
            "owner_id": "539507529953",
            "private_dns_hostname_type_on_launch": "ip-name",
            "tags": {
              "Environment": "dev",
              "Name": "private-subnet",
              "Terraform": "true"
            },
            "tags_all": {
              "Environment": "dev",
              "Name": "private-subnet",
              "Terraform": "true"
            },
            "timeouts": null,
            "vpc_id": "vpc-0e9a491d8341ac5c2"
          },
          "sensitive_attributes": [],
          "private": "eyJlMmJmYjczMC1lY2FhLTExZTYtOGY4OC0zNDM2M2JjN2M0YzAiOnsiY3JlYXRlIjo2MDAwMDAwMDAwMDAsImRlbGV0ZSI6MTIwMDAwMDAwMDAwMH0sInNjaGVtYV92ZXJzaW9uIjoiMSJ9",
          "dependencies": [
            "module.vpc.aws_vpc.this",
            "module.vpc.aws_vpc_ipv4_cidr_block_association.this"
          ]
        }
      ]
    },
    {
      "module": "module.vpc",
      "mode": "managed",
      "type": "aws_subnet",
      "name": "public",
      "provider": "provider[\"registry.terraform.io/hashicorp/aws\"]",
      "instances": [
        {
          "index_key": 0,
          "schema_version": 1,
          "attributes": {
            "arn": "arn:aws:ec2:us-west-2:539507529953:subnet/subnet-0aa2cebe28e5a414a",
            "assign_ipv6_address_on_creation": false,
            "availability_zone": "us-west-2a",
            "availability_zone_id": "usw2-az1",
            "cidr_block": "10.0.101.0/24",
            "customer_owned_ipv4_pool": "",
            "enable_dns64": false,
            "enable_resource_name_dns_a_record_on_launch": false,
            "enable_resource_name_dns_aaaa_record_on_launch": false,
            "id": "subnet-0aa2cebe28e5a414a",
            "ipv6_cidr_block": "",
            "ipv6_cidr_block_association_id": "",
            "ipv6_native": false,
            "map_customer_owned_ip_on_launch": false,
            "map_public_ip_on_launch": true,
            "outpost_arn": "",
            "owner_id": "539507529953",
            "private_dns_hostname_type_on_launch": "ip-name",
            "tags": {
              "Environment": "dev",
              "Name": "public-subnet",
              "Terraform": "true"
            },
            "tags_all": {
              "Environment": "dev",
              "Name": "public-subnet",
              "Terraform": "true"
            },
            "timeouts": null,
            "vpc_id": "vpc-0e9a491d8341ac5c2"
          },
          "sensitive_attributes": [],
          "private": "eyJlMmJmYjczMC1lY2FhLTExZTYtOGY4OC0zNDM2M2JjN2M0YzAiOnsiY3JlYXRlIjo2MDAwMDAwMDAwMDAsImRlbGV0ZSI6MTIwMDAwMDAwMDAwMH0sInNjaGVtYV92ZXJzaW9uIjoiMSJ9",
          "dependencies": [
            "module.vpc.aws_vpc.this",
            "module.vpc.aws_vpc_ipv4_cidr_block_association.this"
          ]
        },
        {
          "index_key": 1,
          "schema_version": 1,
          "attributes": {
            "arn": "arn:aws:ec2:us-west-2:539507529953:subnet/subnet-066554e7c307478d1",
            "assign_ipv6_address_on_creation": false,
            "availability_zone": "us-west-2b",
            "availability_zone_id": "usw2-az2",
            "cidr_block": "10.0.102.0/24",
            "customer_owned_ipv4_pool": "",
            "enable_dns64": false,
            "enable_resource_name_dns_a_record_on_launch": false,
            "enable_resource_name_dns_aaaa_record_on_launch": false,
            "id": "subnet-066554e7c307478d1",
            "ipv6_cidr_block": "",
            "ipv6_cidr_block_association_id": "",
            "ipv6_native": false,
            "map_customer_owned_ip_on_launch": false,
            "map_public_ip_on_launch": true,
            "outpost_arn": "",
            "owner_id": "539507529953",
            "private_dns_hostname_type_on_launch": "ip-name",
            "tags": {
              "Environment": "dev",
              "Name": "public-subnet",
              "Terraform": "true"
            },
            "tags_all": {
              "Environment": "dev",
              "Name": "public-subnet",
              "Terraform": "true"
            },
            "timeouts": null,
            "vpc_id": "vpc-0e9a491d8341ac5c2"
          },
          "sensitive_attributes": [],
          "private": "eyJlMmJmYjczMC1lY2FhLTExZTYtOGY4OC0zNDM2M2JjN2M0YzAiOnsiY3JlYXRlIjo2MDAwMDAwMDAwMDAsImRlbGV0ZSI6MTIwMDAwMDAwMDAwMH0sInNjaGVtYV92ZXJzaW9uIjoiMSJ9",
          "dependencies": [
            "module.vpc.aws_vpc.this",
            "module.vpc.aws_vpc_ipv4_cidr_block_association.this"
          ]
        },
        {
          "index_key": 2,
          "schema_version": 1,
          "attributes": {
            "arn": "arn:aws:ec2:us-west-2:539507529953:subnet/subnet-079a1ea4121c22eca",
            "assign_ipv6_address_on_creation": false,
            "availability_zone": "us-west-2c",
            "availability_zone_id": "usw2-az3",
            "cidr_block": "10.0.103.0/24",
            "customer_owned_ipv4_pool": "",
            "enable_dns64": false,
            "enable_resource_name_dns_a_record_on_launch": false,
            "enable_resource_name_dns_aaaa_record_on_launch": false,
            "id": "subnet-079a1ea4121c22eca",
            "ipv6_cidr_block": "",
            "ipv6_cidr_block_association_id": "",
            "ipv6_native": false,
            "map_customer_owned_ip_on_launch": false,
            "map_public_ip_on_launch": true,
            "outpost_arn": "",
            "owner_id": "539507529953",
            "private_dns_hostname_type_on_launch": "ip-name",
            "tags": {
              "Environment": "dev",
              "Name": "public-subnet",
              "Terraform": "true"
            },
            "tags_all": {
              "Environment": "dev",
              "Name": "public-subnet",
              "Terraform": "true"
            },
            "timeouts": null,
            "vpc_id": "vpc-0e9a491d8341ac5c2"
          },
          "sensitive_attributes": [],
          "private": "eyJlMmJmYjczMC1lY2FhLTExZTYtOGY4OC0zNDM2M2JjN2M0YzAiOnsiY3JlYXRlIjo2MDAwMDAwMDAwMDAsImRlbGV0ZSI6MTIwMDAwMDAwMDAwMH0sInNjaGVtYV92ZXJzaW9uIjoiMSJ9",
          "dependencies": [
            "module.vpc.aws_vpc.this",
            "module.vpc.aws_vpc_ipv4_cidr_block_association.this"
          ]
        }
      ]
    },
    {
      "module": "module.vpc",
      "mode": "managed",
      "type": "aws_vpc",
      "name": "this",
      "provider": "provider[\"registry.terraform.io/hashicorp/aws\"]",
      "instances": [
        {
          "index_key": 0,
          "schema_version": 1,
          "attributes": {
            "arn": "arn:aws:ec2:us-west-2:539507529953:vpc/vpc-0e9a491d8341ac5c2",
            "assign_generated_ipv6_cidr_block": false,
            "cidr_block": "10.0.0.0/16",
            "default_network_acl_id": "acl-06f8bcbf70229624b",
            "default_route_table_id": "rtb-0c1f79ae77de702d5",
            "default_security_group_id": "sg-0158b9cdf8b5d0d22",
            "dhcp_options_id": "dopt-03b6cf77b00850acc",
            "enable_classiclink": false,
            "enable_classiclink_dns_support": false,
            "enable_dns_hostnames": false,
            "enable_dns_support": true,
            "enable_network_address_usage_metrics": false,
            "id": "vpc-0e9a491d8341ac5c2",
            "instance_tenancy": "default",
            "ipv4_ipam_pool_id": null,
            "ipv4_netmask_length": null,
            "ipv6_association_id": "",
            "ipv6_cidr_block": "",
            "ipv6_cidr_block_network_border_group": "",
            "ipv6_ipam_pool_id": "",
            "ipv6_netmask_length": 0,
            "main_route_table_id": "rtb-0c1f79ae77de702d5",
            "owner_id": "539507529953",
            "tags": {
              "Environment": "dev",
              "Name": "my-vpc",
              "Terraform": "true"
            },
            "tags_all": {
              "Environment": "dev",
              "Name": "my-vpc",
              "Terraform": "true"
            }
          },
          "sensitive_attributes": [],
          "private": "eyJzY2hlbWFfdmVyc2lvbiI6IjEifQ=="
        }
      ]
    }
  ]
}
